
Microsoft Visual Studio Solution File, Format Version 12.00
# Visual Studio 14
VisualStudioVersion = 14.0.25420.1
MinimumVisualStudioVersion = 10.0.40219.1
Project("{FAE04EC0-301F-11D3-BF4B-00C04F79EFBC}") = "XFormsMemoryLeakTester.Droid", "XFormsMemoryLeakTester\XFormsMemoryLeakTester.Droid\XFormsMemoryLeakTester.Droid.csproj", "{B8460782-A3DD-4997-B4D0-06FFEF025B1E}"
EndProject
Project("{FAE04EC0-301F-11D3-BF4B-00C04F79EFBC}") = "XFormsMemoryLeakTester.iOS", "XFormsMemoryLeakTester\XFormsMemoryLeakTester.iOS\XFormsMemoryLeakTester.iOS.csproj", "{E26C837A-C918-417B-993A-E8D6CE0F4E9C}"
EndProject
Project("{FAE04EC0-301F-11D3-BF4B-00C04F79EFBC}") = "XFormsMemoryLeakTester.WinPhone", "XFormsMemoryLeakTester\XFormsMemoryLeakTester.WinPhone\XFormsMemoryLeakTester.WinPhone.csproj", "{72C51626-B9C9-4314-8981-1675A35E7667}"
EndProject
Project("{FAE04EC0-301F-11D3-BF4B-00C04F79EFBC}") = "XFormsMemoryLeakTester.UWP", "XFormsMemoryLeakTester\XFormsMemoryLeakTester.UWP\XFormsMemoryLeakTester.UWP.csproj", "{9530ED2A-B5B6-43B3-8280-A26B09C2A425}"
EndProject
Project("{FAE04EC0-301F-11D3-BF4B-00C04F79EFBC}") = "XFormsMemoryLeakTester.Windows", "XFormsMemoryLeakTester\XFormsMemoryLeakTester.Windows\XFormsMemoryLeakTester.Windows.csproj", "{0CF4EA34-1302-4314-BFDD-F1310567188B}"
EndProject
Project("{FAE04EC0-301F-11D3-BF4B-00C04F79EFBC}") = "XFormsMemoryLeakTester", "XFormsMemoryLeakTester\XFormsMemoryLeakTester\XFormsMemoryLeakTester.csproj", "{DD96CE2A-7681-41AD-82C9-187AF030357E}"
EndProject
Global
	GlobalSection(SolutionConfigurationPlatforms) = preSolution
		Ad-Hoc|Any CPU = Ad-Hoc|Any CPU
		Ad-Hoc|ARM = Ad-Hoc|ARM
		Ad-Hoc|iPhone = Ad-Hoc|iPhone
		Ad-Hoc|iPhoneSimulator = Ad-Hoc|iPhoneSimulator
		Ad-Hoc|x64 = Ad-Hoc|x64
		Ad-Hoc|x86 = Ad-Hoc|x86
		AppStore|Any CPU = AppStore|Any CPU
		AppStore|ARM = AppStore|ARM
		AppStore|iPhone = AppStore|iPhone
		AppStore|iPhoneSimulator = AppStore|iPhoneSimulator
		AppStore|x64 = AppStore|x64
		AppStore|x86 = AppStore|x86
		Debug|Any CPU = Debug|Any CPU
		Debug|ARM = Debug|ARM
		Debug|iPhone = Debug|iPhone
		Debug|iPhoneSimulator = Debug|iPhoneSimulator
		Debug|x64 = Debug|x64
		Debug|x86 = Debug|x86
		Release|Any CPU = Release|Any CPU
		Release|ARM = Release|ARM
		Release|iPhone = Release|iPhone
		Release|iPhoneSimulator = Release|iPhoneSimulator
		Release|x64 = Release|x64
		Release|x86 = Release|x86
	EndGlobalSection
	GlobalSection(ProjectConfigurationPlatforms) = postSolution
		{B8460782-A3DD-4997-B4D0-06FFEF025B1E}.Ad-Hoc|Any CPU.ActiveCfg = Release|Any CPU
		{B8460782-A3DD-4997-B4D0-06FFEF025B1E}.Ad-Hoc|Any CPU.Build.0 = Release|Any CPU
		{B8460782-A3DD-4997-B4D0-06FFEF025B1E}.Ad-Hoc|Any CPU.Deploy.0 = Release|Any CPU
		{B8460782-A3DD-4997-B4D0-06FFEF025B1E}.Ad-Hoc|ARM.ActiveCfg = Release|Any CPU
		{B8460782-A3DD-4997-B4D0-06FFEF025B1E}.Ad-Hoc|ARM.Build.0 = Release|Any CPU
		{B8460782-A3DD-4997-B4D0-06FFEF025B1E}.Ad-Hoc|ARM.Deploy.0 = Release|Any CPU
		{B8460782-A3DD-4997-B4D0-06FFEF025B1E}.Ad-Hoc|iPhone.ActiveCfg = Release|Any CPU
		{B8460782-A3DD-4997-B4D0-06FFEF025B1E}.Ad-Hoc|iPhone.Build.0 = Release|Any CPU
		{B8460782-A3DD-4997-B4D0-06FFEF025B1E}.Ad-Hoc|iPhone.Deploy.0 = Release|Any CPU
		{B8460782-A3DD-4997-B4D0-06FFEF025B1E}.Ad-Hoc|iPhoneSimulator.ActiveCfg = Release|Any CPU
		{B8460782-A3DD-4997-B4D0-06FFEF025B1E}.Ad-Hoc|iPhoneSimulator.Build.0 = Release|Any CPU
		{B8460782-A3DD-4997-B4D0-06FFEF025B1E}.Ad-Hoc|iPhoneSimulator.Deploy.0 = Release|Any CPU
		{B8460782-A3DD-4997-B4D0-06FFEF025B1E}.Ad-Hoc|x64.ActiveCfg = Release|Any CPU
		{B8460782-A3DD-4997-B4D0-06FFEF025B1E}.Ad-Hoc|x64.Build.0 = Release|Any CPU
		{B8460782-A3DD-4997-B4D0-06FFEF025B1E}.Ad-Hoc|x64.Deploy.0 = Release|Any CPU
		{B8460782-A3DD-4997-B4D0-06FFEF025B1E}.Ad-Hoc|x86.ActiveCfg = Release|Any CPU
		{B8460782-A3DD-4997-B4D0-06FFEF025B1E}.Ad-Hoc|x86.Build.0 = Release|Any CPU
		{B8460782-A3DD-4997-B4D0-06FFEF025B1E}.Ad-Hoc|x86.Deploy.0 = Release|Any CPU
		{B8460782-A3DD-4997-B4D0-06FFEF025B1E}.AppStore|Any CPU.ActiveCfg = Release|Any CPU
		{B8460782-A3DD-4997-B4D0-06FFEF025B1E}.AppStore|Any CPU.Build.0 = Release|Any CPU
		{B8460782-A3DD-4997-B4D0-06FFEF025B1E}.AppStore|Any CPU.Deploy.0 = Release|Any CPU
		{B8460782-A3DD-4997-B4D0-06FFEF025B1E}.AppStore|ARM.ActiveCfg = Release|Any CPU
		{B8460782-A3DD-4997-B4D0-06FFEF025B1E}.AppStore|ARM.Build.0 = Release|Any CPU
		{B8460782-A3DD-4997-B4D0-06FFEF025B1E}.AppStore|ARM.Deploy.0 = Release|Any CPU
		{B8460782-A3DD-4997-B4D0-06FFEF025B1E}.AppStore|iPhone.ActiveCfg = Release|Any CPU
		{B8460782-A3DD-4997-B4D0-06FFEF025B1E}.AppStore|iPhone.Build.0 = Release|Any CPU
		{B8460782-A3DD-4997-B4D0-06FFEF025B1E}.AppStore|iPhone.Deploy.0 = Release|Any CPU
		{B8460782-A3DD-4997-B4D0-06FFEF025B1E}.AppStore|iPhoneSimulator.ActiveCfg = Release|Any CPU
		{B8460782-A3DD-4997-B4D0-06FFEF025B1E}.AppStore|iPhoneSimulator.Build.0 = Release|Any CPU
		{B8460782-A3DD-4997-B4D0-06FFEF025B1E}.AppStore|iPhoneSimulator.Deploy.0 = Release|Any CPU
		{B8460782-A3DD-4997-B4D0-06FFEF025B1E}.AppStore|x64.ActiveCfg = Release|Any CPU
		{B8460782-A3DD-4997-B4D0-06FFEF025B1E}.AppStore|x64.Build.0 = Release|Any CPU
		{B8460782-A3DD-4997-B4D0-06FFEF025B1E}.AppStore|x64.Deploy.0 = Release|Any CPU
		{B8460782-A3DD-4997-B4D0-06FFEF025B1E}.AppStore|x86.ActiveCfg = Release|Any CPU
		{B8460782-A3DD-4997-B4D0-06FFEF025B1E}.AppStore|x86.Build.0 = Release|Any CPU
		{B8460782-A3DD-4997-B4D0-06FFEF025B1E}.AppStore|x86.Deploy.0 = Release|Any CPU
		{B8460782-A3DD-4997-B4D0-06FFEF025B1E}.Debug|Any CPU.ActiveCfg = Debug|Any CPU
		{B8460782-A3DD-4997-B4D0-06FFEF025B1E}.Debug|Any CPU.Build.0 = Debug|Any CPU
		{B8460782-A3DD-4997-B4D0-06FFEF025B1E}.Debug|Any CPU.Deploy.0 = Debug|Any CPU
		{B8460782-A3DD-4997-B4D0-06FFEF025B1E}.Debug|ARM.ActiveCfg = Debug|Any CPU
		{B8460782-A3DD-4997-B4D0-06FFEF025B1E}.Debug|ARM.Build.0 = Debug|Any CPU
		{B8460782-A3DD-4997-B4D0-06FFEF025B1E}.Debug|ARM.Deploy.0 = Debug|Any CPU
		{B8460782-A3DD-4997-B4D0-06FFEF025B1E}.Debug|iPhone.ActiveCfg = Debug|Any CPU
		{B8460782-A3DD-4997-B4D0-06FFEF025B1E}.Debug|iPhone.Build.0 = Debug|Any CPU
		{B8460782-A3DD-4997-B4D0-06FFEF025B1E}.Debug|iPhone.Deploy.0 = Debug|Any CPU
		{B8460782-A3DD-4997-B4D0-06FFEF025B1E}.Debug|iPhoneSimulator.ActiveCfg = Debug|Any CPU
		{B8460782-A3DD-4997-B4D0-06FFEF025B1E}.Debug|iPhoneSimulator.Build.0 = Debug|Any CPU
		{B8460782-A3DD-4997-B4D0-06FFEF025B1E}.Debug|iPhoneSimulator.Deploy.0 = Debug|Any CPU
		{B8460782-A3DD-4997-B4D0-06FFEF025B1E}.Debug|x64.ActiveCfg = Debug|Any CPU
		{B8460782-A3DD-4997-B4D0-06FFEF025B1E}.Debug|x64.Build.0 = Debug|Any CPU
		{B8460782-A3DD-4997-B4D0-06FFEF025B1E}.Debug|x64.Deploy.0 = Debug|Any CPU
		{B8460782-A3DD-4997-B4D0-06FFEF025B1E}.Debug|x86.ActiveCfg = Debug|Any CPU
		{B8460782-A3DD-4997-B4D0-06FFEF025B1E}.Debug|x86.Build.0 = Debug|Any CPU
		{B8460782-A3DD-4997-B4D0-06FFEF025B1E}.Debug|x86.Deploy.0 = Debug|Any CPU
		{B8460782-A3DD-4997-B4D0-06FFEF025B1E}.Release|Any CPU.ActiveCfg = Release|Any CPU
		{B8460782-A3DD-4997-B4D0-06FFEF025B1E}.Release|Any CPU.Build.0 = Release|Any CPU
		{B8460782-A3DD-4997-B4D0-06FFEF025B1E}.Release|Any CPU.Deploy.0 = Release|Any CPU
		{B8460782-A3DD-4997-B4D0-06FFEF025B1E}.Release|ARM.ActiveCfg = Release|Any CPU
		{B8460782-A3DD-4997-B4D0-06FFEF025B1E}.Release|ARM.Build.0 = Release|Any CPU
		{B8460782-A3DD-4997-B4D0-06FFEF025B1E}.Release|ARM.Deploy.0 = Release|Any CPU
		{B8460782-A3DD-4997-B4D0-06FFEF025B1E}.Release|iPhone.ActiveCfg = Release|Any CPU
		{B8460782-A3DD-4997-B4D0-06FFEF025B1E}.Release|iPhone.Build.0 = Release|Any CPU
		{B8460782-A3DD-4997-B4D0-06FFEF025B1E}.Release|iPhone.Deploy.0 = Release|Any CPU
		{B8460782-A3DD-4997-B4D0-06FFEF025B1E}.Release|iPhoneSimulator.ActiveCfg = Release|Any CPU
		{B8460782-A3DD-4997-B4D0-06FFEF025B1E}.Release|iPhoneSimulator.Build.0 = Release|Any CPU
		{B8460782-A3DD-4997-B4D0-06FFEF025B1E}.Release|iPhoneSimulator.Deploy.0 = Release|Any CPU
		{B8460782-A3DD-4997-B4D0-06FFEF025B1E}.Release|x64.ActiveCfg = Release|Any CPU
		{B8460782-A3DD-4997-B4D0-06FFEF025B1E}.Release|x64.Build.0 = Release|Any CPU
		{B8460782-A3DD-4997-B4D0-06FFEF025B1E}.Release|x64.Deploy.0 = Release|Any CPU
		{B8460782-A3DD-4997-B4D0-06FFEF025B1E}.Release|x86.ActiveCfg = Release|Any CPU
		{B8460782-A3DD-4997-B4D0-06FFEF025B1E}.Release|x86.Build.0 = Release|Any CPU
		{B8460782-A3DD-4997-B4D0-06FFEF025B1E}.Release|x86.Deploy.0 = Release|Any CPU
		{E26C837A-C918-417B-993A-E8D6CE0F4E9C}.Ad-Hoc|Any CPU.ActiveCfg = Ad-Hoc|iPhone
		{E26C837A-C918-417B-993A-E8D6CE0F4E9C}.Ad-Hoc|ARM.ActiveCfg = Ad-Hoc|iPhone
		{E26C837A-C918-417B-993A-E8D6CE0F4E9C}.Ad-Hoc|iPhone.ActiveCfg = Ad-Hoc|iPhone
		{E26C837A-C918-417B-993A-E8D6CE0F4E9C}.Ad-Hoc|iPhone.Build.0 = Ad-Hoc|iPhone
		{E26C837A-C918-417B-993A-E8D6CE0F4E9C}.Ad-Hoc|iPhoneSimulator.ActiveCfg = Ad-Hoc|iPhoneSimulator
		{E26C837A-C918-417B-993A-E8D6CE0F4E9C}.Ad-Hoc|iPhoneSimulator.Build.0 = Ad-Hoc|iPhoneSimulator
		{E26C837A-C918-417B-993A-E8D6CE0F4E9C}.Ad-Hoc|x64.ActiveCfg = Ad-Hoc|iPhone
		{E26C837A-C918-417B-993A-E8D6CE0F4E9C}.Ad-Hoc|x86.ActiveCfg = Ad-Hoc|iPhone
		{E26C837A-C918-417B-993A-E8D6CE0F4E9C}.AppStore|Any CPU.ActiveCfg = AppStore|iPhone
		{E26C837A-C918-417B-993A-E8D6CE0F4E9C}.AppStore|ARM.ActiveCfg = AppStore|iPhone
		{E26C837A-C918-417B-993A-E8D6CE0F4E9C}.AppStore|iPhone.ActiveCfg = AppStore|iPhone
		{E26C837A-C918-417B-993A-E8D6CE0F4E9C}.AppStore|iPhone.Build.0 = AppStore|iPhone
		{E26C837A-C918-417B-993A-E8D6CE0F4E9C}.AppStore|iPhoneSimulator.ActiveCfg = AppStore|iPhoneSimulator
		{E26C837A-C918-417B-993A-E8D6CE0F4E9C}.AppStore|iPhoneSimulator.Build.0 = AppStore|iPhoneSimulator
		{E26C837A-C918-417B-993A-E8D6CE0F4E9C}.AppStore|x64.ActiveCfg = AppStore|iPhone
		{E26C837A-C918-417B-993A-E8D6CE0F4E9C}.AppStore|x86.ActiveCfg = AppStore|iPhone
		{E26C837A-C918-417B-993A-E8D6CE0F4E9C}.Debug|Any CPU.ActiveCfg = Debug|iPhone
		{E26C837A-C918-417B-993A-E8D6CE0F4E9C}.Debug|ARM.ActiveCfg = Debug|iPhone
		{E26C837A-C918-417B-993A-E8D6CE0F4E9C}.Debug|iPhone.ActiveCfg = Debug|iPhone
		{E26C837A-C918-417B-993A-E8D6CE0F4E9C}.Debug|iPhone.Build.0 = Debug|iPhone
		{E26C837A-C918-417B-993A-E8D6CE0F4E9C}.Debug|iPhoneSimulator.ActiveCfg = Debug|iPhoneSimulator
		{E26C837A-C918-417B-993A-E8D6CE0F4E9C}.Debug|iPhoneSimulator.Build.0 = Debug|iPhoneSimulator
		{E26C837A-C918-417B-993A-E8D6CE0F4E9C}.Debug|x64.ActiveCfg = Debug|iPhone
		{E26C837A-C918-417B-993A-E8D6CE0F4E9C}.Debug|x86.ActiveCfg = Debug|iPhone
		{E26C837A-C918-417B-993A-E8D6CE0F4E9C}.Release|Any CPU.ActiveCfg = Release|iPhone
		{E26C837A-C918-417B-993A-E8D6CE0F4E9C}.Release|ARM.ActiveCfg = Release|iPhone
		{E26C837A-C918-417B-993A-E8D6CE0F4E9C}.Release|iPhone.ActiveCfg = Release|iPhone
		{E26C837A-C918-417B-993A-E8D6CE0F4E9C}.Release|iPhone.Build.0 = Release|iPhone
		{E26C837A-C918-417B-993A-E8D6CE0F4E9C}.Release|iPhoneSimulator.ActiveCfg = Release|iPhoneSimulator
		{E26C837A-C918-417B-993A-E8D6CE0F4E9C}.Release|iPhoneSimulator.Build.0 = Release|iPhoneSimulator
		{E26C837A-C918-417B-993A-E8D6CE0F4E9C}.Release|x64.ActiveCfg = Release|iPhone
		{E26C837A-C918-417B-993A-E8D6CE0F4E9C}.Release|x86.ActiveCfg = Release|iPhone
		{72C51626-B9C9-4314-8981-1675A35E7667}.Ad-Hoc|Any CPU.ActiveCfg = Release|Any CPU
		{72C51626-B9C9-4314-8981-1675A35E7667}.Ad-Hoc|Any CPU.Build.0 = Release|Any CPU
		{72C51626-B9C9-4314-8981-1675A35E7667}.Ad-Hoc|Any CPU.Deploy.0 = Release|Any CPU
		{72C51626-B9C9-4314-8981-1675A35E7667}.Ad-Hoc|ARM.ActiveCfg = Release|ARM
		{72C51626-B9C9-4314-8981-1675A35E7667}.Ad-Hoc|ARM.Build.0 = Release|ARM
		{72C51626-B9C9-4314-8981-1675A35E7667}.Ad-Hoc|ARM.Deploy.0 = Release|ARM
		{72C51626-B9C9-4314-8981-1675A35E7667}.Ad-Hoc|iPhone.ActiveCfg = Release|Any CPU
		{72C51626-B9C9-4314-8981-1675A35E7667}.Ad-Hoc|iPhone.Build.0 = Release|Any CPU
		{72C51626-B9C9-4314-8981-1675A35E7667}.Ad-Hoc|iPhone.Deploy.0 = Release|Any CPU
		{72C51626-B9C9-4314-8981-1675A35E7667}.Ad-Hoc|iPhoneSimulator.ActiveCfg = Release|Any CPU
		{72C51626-B9C9-4314-8981-1675A35E7667}.Ad-Hoc|iPhoneSimulator.Build.0 = Release|Any CPU
		{72C51626-B9C9-4314-8981-1675A35E7667}.Ad-Hoc|iPhoneSimulator.Deploy.0 = Release|Any CPU
		{72C51626-B9C9-4314-8981-1675A35E7667}.Ad-Hoc|x64.ActiveCfg = Release|Any CPU
		{72C51626-B9C9-4314-8981-1675A35E7667}.Ad-Hoc|x64.Build.0 = Release|Any CPU
		{72C51626-B9C9-4314-8981-1675A35E7667}.Ad-Hoc|x64.Deploy.0 = Release|Any CPU
		{72C51626-B9C9-4314-8981-1675A35E7667}.Ad-Hoc|x86.ActiveCfg = Release|x86
		{72C51626-B9C9-4314-8981-1675A35E7667}.Ad-Hoc|x86.Build.0 = Release|x86
		{72C51626-B9C9-4314-8981-1675A35E7667}.Ad-Hoc|x86.Deploy.0 = Release|x86
		{72C51626-B9C9-4314-8981-1675A35E7667}.AppStore|Any CPU.ActiveCfg = Release|Any CPU
		{72C51626-B9C9-4314-8981-1675A35E7667}.AppStore|Any CPU.Build.0 = Release|Any CPU
		{72C51626-B9C9-4314-8981-1675A35E7667}.AppStore|Any CPU.Deploy.0 = Release|Any CPU
		{72C51626-B9C9-4314-8981-1675A35E7667}.AppStore|ARM.ActiveCfg = Release|ARM
		{72C51626-B9C9-4314-8981-1675A35E7667}.AppStore|ARM.Build.0 = Release|ARM
		{72C51626-B9C9-4314-8981-1675A35E7667}.AppStore|ARM.Deploy.0 = Release|ARM
		{72C51626-B9C9-4314-8981-1675A35E7667}.AppStore|iPhone.ActiveCfg = Release|Any CPU
		{72C51626-B9C9-4314-8981-1675A35E7667}.AppStore|iPhone.Build.0 = Release|Any CPU
		{72C51626-B9C9-4314-8981-1675A35E7667}.AppStore|iPhone.Deploy.0 = Release|Any CPU
		{72C51626-B9C9-4314-8981-1675A35E7667}.AppStore|iPhoneSimulator.ActiveCfg = Release|Any CPU
		{72C51626-B9C9-4314-8981-1675A35E7667}.AppStore|iPhoneSimulator.Build.0 = Release|Any CPU
		{72C51626-B9C9-4314-8981-1675A35E7667}.AppStore|iPhoneSimulator.Deploy.0 = Release|Any CPU
		{72C51626-B9C9-4314-8981-1675A35E7667}.AppStore|x64.ActiveCfg = Release|Any CPU
		{72C51626-B9C9-4314-8981-1675A35E7667}.AppStore|x64.Build.0 = Release|Any CPU
		{72C51626-B9C9-4314-8981-1675A35E7667}.AppStore|x64.Deploy.0 = Release|Any CPU
		{72C51626-B9C9-4314-8981-1675A35E7667}.AppStore|x86.ActiveCfg = Release|x86
		{72C51626-B9C9-4314-8981-1675A35E7667}.AppStore|x86.Build.0 = Release|x86
		{72C51626-B9C9-4314-8981-1675A35E7667}.AppStore|x86.Deploy.0 = Release|x86
		{72C51626-B9C9-4314-8981-1675A35E7667}.Debug|Any CPU.ActiveCfg = Debug|Any CPU
		{72C51626-B9C9-4314-8981-1675A35E7667}.Debug|Any CPU.Build.0 = Debug|Any CPU
		{72C51626-B9C9-4314-8981-1675A35E7667}.Debug|Any CPU.Deploy.0 = Debug|Any CPU
		{72C51626-B9C9-4314-8981-1675A35E7667}.Debug|ARM.ActiveCfg = Debug|ARM
		{72C51626-B9C9-4314-8981-1675A35E7667}.Debug|ARM.Build.0 = Debug|ARM
		{72C51626-B9C9-4314-8981-1675A35E7667}.Debug|ARM.Deploy.0 = Debug|ARM
		{72C51626-B9C9-4314-8981-1675A35E7667}.Debug|iPhone.ActiveCfg = Debug|Any CPU
		{72C51626-B9C9-4314-8981-1675A35E7667}.Debug|iPhone.Build.0 = Debug|Any CPU
		{72C51626-B9C9-4314-8981-1675A35E7667}.Debug|iPhone.Deploy.0 = Debug|Any CPU
		{72C51626-B9C9-4314-8981-1675A35E7667}.Debug|iPhoneSimulator.ActiveCfg = Debug|Any CPU
		{72C51626-B9C9-4314-8981-1675A35E7667}.Debug|iPhoneSimulator.Build.0 = Debug|Any CPU
		{72C51626-B9C9-4314-8981-1675A35E7667}.Debug|iPhoneSimulator.Deploy.0 = Debug|Any CPU
		{72C51626-B9C9-4314-8981-1675A35E7667}.Debug|x64.ActiveCfg = Debug|Any CPU
		{72C51626-B9C9-4314-8981-1675A35E7667}.Debug|x64.Build.0 = Debug|Any CPU
		{72C51626-B9C9-4314-8981-1675A35E7667}.Debug|x64.Deploy.0 = Debug|Any CPU
		{72C51626-B9C9-4314-8981-1675A35E7667}.Debug|x86.ActiveCfg = Debug|x86
		{72C51626-B9C9-4314-8981-1675A35E7667}.Debug|x86.Build.0 = Debug|x86
		{72C51626-B9C9-4314-8981-1675A35E7667}.Debug|x86.Deploy.0 = Debug|x86
		{72C51626-B9C9-4314-8981-1675A35E7667}.Release|Any CPU.ActiveCfg = Release|Any CPU
		{72C51626-B9C9-4314-8981-1675A35E7667}.Release|Any CPU.Build.0 = Release|Any CPU
		{72C51626-B9C9-4314-8981-1675A35E7667}.Release|Any CPU.Deploy.0 = Release|Any CPU
		{72C51626-B9C9-4314-8981-1675A35E7667}.Release|ARM.ActiveCfg = Release|ARM
		{72C51626-B9C9-4314-8981-1675A35E7667}.Release|ARM.Build.0 = Release|ARM
		{72C51626-B9C9-4314-8981-1675A35E7667}.Release|ARM.Deploy.0 = Release|ARM
		{72C51626-B9C9-4314-8981-1675A35E7667}.Release|iPhone.ActiveCfg = Release|Any CPU
		{72C51626-B9C9-4314-8981-1675A35E7667}.Release|iPhone.Build.0 = Release|Any CPU
		{72C51626-B9C9-4314-8981-1675A35E7667}.Release|iPhone.Deploy.0 = Release|Any CPU
		{72C51626-B9C9-4314-8981-1675A35E7667}.Release|iPhoneSimulator.ActiveCfg = Release|Any CPU
		{72C51626-B9C9-4314-8981-1675A35E7667}.Release|iPhoneSimulator.Build.0 = Release|Any CPU
		{72C51626-B9C9-4314-8981-1675A35E7667}.Release|iPhoneSimulator.Deploy.0 = Release|Any CPU
		{72C51626-B9C9-4314-8981-1675A35E7667}.Release|x64.ActiveCfg = Release|Any CPU
		{72C51626-B9C9-4314-8981-1675A35E7667}.Release|x64.Build.0 = Release|Any CPU
		{72C51626-B9C9-4314-8981-1675A35E7667}.Release|x64.Deploy.0 = Release|Any CPU
		{72C51626-B9C9-4314-8981-1675A35E7667}.Release|x86.ActiveCfg = Release|x86
		{72C51626-B9C9-4314-8981-1675A35E7667}.Release|x86.Build.0 = Release|x86
		{72C51626-B9C9-4314-8981-1675A35E7667}.Release|x86.Deploy.0 = Release|x86
		{9530ED2A-B5B6-43B3-8280-A26B09C2A425}.Ad-Hoc|Any CPU.ActiveCfg = Release|x86
		{9530ED2A-B5B6-43B3-8280-A26B09C2A425}.Ad-Hoc|Any CPU.Build.0 = Release|x86
		{9530ED2A-B5B6-43B3-8280-A26B09C2A425}.Ad-Hoc|Any CPU.Deploy.0 = Release|x86
		{9530ED2A-B5B6-43B3-8280-A26B09C2A425}.Ad-Hoc|ARM.ActiveCfg = Release|ARM
		{9530ED2A-B5B6-43B3-8280-A26B09C2A425}.Ad-Hoc|ARM.Build.0 = Release|ARM
		{9530ED2A-B5B6-43B3-8280-A26B09C2A425}.Ad-Hoc|ARM.Deploy.0 = Release|ARM
		{9530ED2A-B5B6-43B3-8280-A26B09C2A425}.Ad-Hoc|iPhone.ActiveCfg = Release|x86
		{9530ED2A-B5B6-43B3-8280-A26B09C2A425}.Ad-Hoc|iPhone.Build.0 = Release|x86
		{9530ED2A-B5B6-43B3-8280-A26B09C2A425}.Ad-Hoc|iPhone.Deploy.0 = Release|x86
		{9530ED2A-B5B6-43B3-8280-A26B09C2A425}.Ad-Hoc|iPhoneSimulator.ActiveCfg = Release|x86
		{9530ED2A-B5B6-43B3-8280-A26B09C2A425}.Ad-Hoc|iPhoneSimulator.Build.0 = Release|x86
		{9530ED2A-B5B6-43B3-8280-A26B09C2A425}.Ad-Hoc|iPhoneSimulator.Deploy.0 = Release|x86
		{9530ED2A-B5B6-43B3-8280-A26B09C2A425}.Ad-Hoc|x64.ActiveCfg = Release|x64
		{9530ED2A-B5B6-43B3-8280-A26B09C2A425}.Ad-Hoc|x64.Build.0 = Release|x64
		{9530ED2A-B5B6-43B3-8280-A26B09C2A425}.Ad-Hoc|x64.Deploy.0 = Release|x64
		{9530ED2A-B5B6-43B3-8280-A26B09C2A425}.Ad-Hoc|x86.ActiveCfg = Release|x86
		{9530ED2A-B5B6-43B3-8280-A26B09C2A425}.Ad-Hoc|x86.Build.0 = Release|x86
		{9530ED2A-B5B6-43B3-8280-A26B09C2A425}.Ad-Hoc|x86.Deploy.0 = Release|x86
		{9530ED2A-B5B6-43B3-8280-A26B09C2A425}.AppStore|Any CPU.ActiveCfg = Release|x86
		{9530ED2A-B5B6-43B3-8280-A26B09C2A425}.AppStore|Any CPU.Build.0 = Release|x86
		{9530ED2A-B5B6-43B3-8280-A26B09C2A425}.AppStore|Any CPU.Deploy.0 = Release|x86
		{9530ED2A-B5B6-43B3-8280-A26B09C2A425}.AppStore|ARM.ActiveCfg = Release|ARM
		{9530ED2A-B5B6-43B3-8280-A26B09C2A425}.AppStore|ARM.Build.0 = Release|ARM
		{9530ED2A-B5B6-43B3-8280-A26B09C2A425}.AppStore|ARM.Deploy.0 = Release|ARM
		{9530ED2A-B5B6-43B3-8280-A26B09C2A425}.AppStore|iPhone.ActiveCfg = Release|x86
		{9530ED2A-B5B6-43B3-8280-A26B09C2A425}.AppStore|iPhone.Build.0 = Release|x86
		{9530ED2A-B5B6-43B3-8280-A26B09C2A425}.AppStore|iPhone.Deploy.0 = Release|x86
		{9530ED2A-B5B6-43B3-8280-A26B09C2A425}.AppStore|iPhoneSimulator.ActiveCfg = Release|x86
		{9530ED2A-B5B6-43B3-8280-A26B09C2A425}.AppStore|iPhoneSimulator.Build.0 = Release|x86
		{9530ED2A-B5B6-43B3-8280-A26B09C2A425}.AppStore|iPhoneSimulator.Deploy.0 = Release|x86
		{9530ED2A-B5B6-43B3-8280-A26B09C2A425}.AppStore|x64.ActiveCfg = Release|x64
		{9530ED2A-B5B6-43B3-8280-A26B09C2A425}.AppStore|x64.Build.0 = Release|x64
		{9530ED2A-B5B6-43B3-8280-A26B09C2A425}.AppStore|x64.Deploy.0 = Release|x64
		{9530ED2A-B5B6-43B3-8280-A26B09C2A425}.AppStore|x86.ActiveCfg = Release|x86
		{9530ED2A-B5B6-43B3-8280-A26B09C2A425}.AppStore|x86.Build.0 = Release|x86
		{9530ED2A-B5B6-43B3-8280-A26B09C2A425}.AppStore|x86.Deploy.0 = Release|x86
		{9530ED2A-B5B6-43B3-8280-A26B09C2A425}.Debug|Any CPU.ActiveCfg = Debug|x86
		{9530ED2A-B5B6-43B3-8280-A26B09C2A425}.Debug|ARM.ActiveCfg = Debug|ARM
		{9530ED2A-B5B6-43B3-8280-A26B09C2A425}.Debug|ARM.Build.0 = Debug|ARM
		{9530ED2A-B5B6-43B3-8280-A26B09C2A425}.Debug|ARM.Deploy.0 = Debug|ARM
		{9530ED2A-B5B6-43B3-8280-A26B09C2A425}.Debug|iPhone.ActiveCfg = Debug|x86
		{9530ED2A-B5B6-43B3-8280-A26B09C2A425}.Debug|iPhoneSimulator.ActiveCfg = Debug|x86
		{9530ED2A-B5B6-43B3-8280-A26B09C2A425}.Debug|x64.ActiveCfg = Debug|x64
		{9530ED2A-B5B6-43B3-8280-A26B09C2A425}.Debug|x64.Build.0 = Debug|x64
		{9530ED2A-B5B6-43B3-8280-A26B09C2A425}.Debug|x64.Deploy.0 = Debug|x64
		{9530ED2A-B5B6-43B3-8280-A26B09C2A425}.Debug|x86.ActiveCfg = Debug|x86
		{9530ED2A-B5B6-43B3-8280-A26B09C2A425}.Debug|x86.Build.0 = Debug|x86
		{9530ED2A-B5B6-43B3-8280-A26B09C2A425}.Debug|x86.Deploy.0 = Debug|x86
		{9530ED2A-B5B6-43B3-8280-A26B09C2A425}.Release|Any CPU.ActiveCfg = Release|x86
		{9530ED2A-B5B6-43B3-8280-A26B09C2A425}.Release|ARM.ActiveCfg = Release|ARM
		{9530ED2A-B5B6-43B3-8280-A26B09C2A425}.Release|ARM.Build.0 = Release|ARM
		{9530ED2A-B5B6-43B3-8280-A26B09C2A425}.Release|ARM.Deploy.0 = Release|ARM
		{9530ED2A-B5B6-43B3-8280-A26B09C2A425}.Release|iPhone.ActiveCfg = Release|x86
		{9530ED2A-B5B6-43B3-8280-A26B09C2A425}.Release|iPhoneSimulator.ActiveCfg = Release|x86
		{9530ED2A-B5B6-43B3-8280-A26B09C2A425}.Release|x64.ActiveCfg = Release|x64
		{9530ED2A-B5B6-43B3-8280-A26B09C2A425}.Release|x64.Build.0 = Release|x64
		{9530ED2A-B5B6-43B3-8280-A26B09C2A425}.Release|x64.Deploy.0 = Release|x64
		{9530ED2A-B5B6-43B3-8280-A26B09C2A425}.Release|x86.ActiveCfg = Release|x86
		{9530ED2A-B5B6-43B3-8280-A26B09C2A425}.Release|x86.Build.0 = Release|x86
		{9530ED2A-B5B6-43B3-8280-A26B09C2A425}.Release|x86.Deploy.0 = Release|x86
		{0CF4EA34-1302-4314-BFDD-F1310567188B}.Ad-Hoc|Any CPU.ActiveCfg = Release|Any CPU
		{0CF4EA34-1302-4314-BFDD-F1310567188B}.Ad-Hoc|Any CPU.Build.0 = Release|Any CPU
		{0CF4EA34-1302-4314-BFDD-F1310567188B}.Ad-Hoc|Any CPU.Deploy.0 = Release|Any CPU
		{0CF4EA34-1302-4314-BFDD-F1310567188B}.Ad-Hoc|ARM.ActiveCfg = Release|ARM
		{0CF4EA34-1302-4314-BFDD-F1310567188B}.Ad-Hoc|ARM.Build.0 = Release|ARM
		{0CF4EA34-1302-4314-BFDD-F1310567188B}.Ad-Hoc|ARM.Deploy.0 = Release|ARM
		{0CF4EA34-1302-4314-BFDD-F1310567188B}.Ad-Hoc|iPhone.ActiveCfg = Release|Any CPU
		{0CF4EA34-1302-4314-BFDD-F1310567188B}.Ad-Hoc|iPhone.Build.0 = Release|Any CPU
		{0CF4EA34-1302-4314-BFDD-F1310567188B}.Ad-Hoc|iPhone.Deploy.0 = Release|Any CPU
		{0CF4EA34-1302-4314-BFDD-F1310567188B}.Ad-Hoc|iPhoneSimulator.ActiveCfg = Release|Any CPU
		{0CF4EA34-1302-4314-BFDD-F1310567188B}.Ad-Hoc|iPhoneSimulator.Build.0 = Release|Any CPU
		{0CF4EA34-1302-4314-BFDD-F1310567188B}.Ad-Hoc|iPhoneSimulator.Deploy.0 = Release|Any CPU
		{0CF4EA34-1302-4314-BFDD-F1310567188B}.Ad-Hoc|x64.ActiveCfg = Release|x64
		{0CF4EA34-1302-4314-BFDD-F1310567188B}.Ad-Hoc|x64.Build.0 = Release|x64
		{0CF4EA34-1302-4314-BFDD-F1310567188B}.Ad-Hoc|x64.Deploy.0 = Release|x64
		{0CF4EA34-1302-4314-BFDD-F1310567188B}.Ad-Hoc|x86.ActiveCfg = Release|x86
		{0CF4EA34-1302-4314-BFDD-F1310567188B}.Ad-Hoc|x86.Build.0 = Release|x86
		{0CF4EA34-1302-4314-BFDD-F1310567188B}.Ad-Hoc|x86.Deploy.0 = Release|x86
		{0CF4EA34-1302-4314-BFDD-F1310567188B}.AppStore|Any CPU.ActiveCfg = Release|Any CPU
		{0CF4EA34-1302-4314-BFDD-F1310567188B}.AppStore|Any CPU.Build.0 = Release|Any CPU
		{0CF4EA34-1302-4314-BFDD-F1310567188B}.AppStore|Any CPU.Deploy.0 = Release|Any CPU
		{0CF4EA34-1302-4314-BFDD-F1310567188B}.AppStore|ARM.ActiveCfg = Release|ARM
		{0CF4EA34-1302-4314-BFDD-F1310567188B}.AppStore|ARM.Build.0 = Release|ARM
		{0CF4EA34-1302-4314-BFDD-F1310567188B}.AppStore|ARM.Deploy.0 = Release|ARM
		{0CF4EA34-1302-4314-BFDD-F1310567188B}.AppStore|iPhone.ActiveCfg = Release|Any CPU
		{0CF4EA34-1302-4314-BFDD-F1310567188B}.AppStore|iPhone.Build.0 = Release|Any CPU
		{0CF4EA34-1302-4314-BFDD-F1310567188B}.AppStore|iPhone.Deploy.0 = Release|Any CPU
		{0CF4EA34-1302-4314-BFDD-F1310567188B}.AppStore|iPhoneSimulator.ActiveCfg = Release|Any CPU
		{0CF4EA34-1302-4314-BFDD-F1310567188B}.AppStore|iPhoneSimulator.Build.0 = Release|Any CPU
		{0CF4EA34-1302-4314-BFDD-F1310567188B}.AppStore|iPhoneSimulator.Deploy.0 = Release|Any CPU
		{0CF4EA34-1302-4314-BFDD-F1310567188B}.AppStore|x64.ActiveCfg = Release|x64
		{0CF4EA34-1302-4314-BFDD-F1310567188B}.AppStore|x64.Build.0 = Release|x64
		{0CF4EA34-1302-4314-BFDD-F1310567188B}.AppStore|x64.Deploy.0 = Release|x64
		{0CF4EA34-1302-4314-BFDD-F1310567188B}.AppStore|x86.ActiveCfg = Release|x86
		{0CF4EA34-1302-4314-BFDD-F1310567188B}.AppStore|x86.Build.0 = Release|x86
		{0CF4EA34-1302-4314-BFDD-F1310567188B}.AppStore|x86.Deploy.0 = Release|x86
		{0CF4EA34-1302-4314-BFDD-F1310567188B}.Debug|Any CPU.ActiveCfg = Debug|Any CPU
		{0CF4EA34-1302-4314-BFDD-F1310567188B}.Debug|Any CPU.Build.0 = Debug|Any CPU
		{0CF4EA34-1302-4314-BFDD-F1310567188B}.Debug|Any CPU.Deploy.0 = Debug|Any CPU
		{0CF4EA34-1302-4314-BFDD-F1310567188B}.Debug|ARM.ActiveCfg = Debug|ARM
		{0CF4EA34-1302-4314-BFDD-F1310567188B}.Debug|ARM.Build.0 = Debug|ARM
		{0CF4EA34-1302-4314-BFDD-F1310567188B}.Debug|ARM.Deploy.0 = Debug|ARM
		{0CF4EA34-1302-4314-BFDD-F1310567188B}.Debug|iPhone.ActiveCfg = Debug|Any CPU
		{0CF4EA34-1302-4314-BFDD-F1310567188B}.Debug|iPhone.Build.0 = Debug|Any CPU
		{0CF4EA34-1302-4314-BFDD-F1310567188B}.Debug|iPhone.Deploy.0 = Debug|Any CPU
		{0CF4EA34-1302-4314-BFDD-F1310567188B}.Debug|iPhoneSimulator.ActiveCfg = Debug|Any CPU
		{0CF4EA34-1302-4314-BFDD-F1310567188B}.Debug|iPhoneSimulator.Build.0 = Debug|Any CPU
		{0CF4EA34-1302-4314-BFDD-F1310567188B}.Debug|iPhoneSimulator.Deploy.0 = Debug|Any CPU
		{0CF4EA34-1302-4314-BFDD-F1310567188B}.Debug|x64.ActiveCfg = Debug|x64
		{0CF4EA34-1302-4314-BFDD-F1310567188B}.Debug|x64.Build.0 = Debug|x64
		{0CF4EA34-1302-4314-BFDD-F1310567188B}.Debug|x64.Deploy.0 = Debug|x64
		{0CF4EA34-1302-4314-BFDD-F1310567188B}.Debug|x86.ActiveCfg = Debug|x86
		{0CF4EA34-1302-4314-BFDD-F1310567188B}.Debug|x86.Build.0 = Debug|x86
		{0CF4EA34-1302-4314-BFDD-F1310567188B}.Debug|x86.Deploy.0 = Debug|x86
		{0CF4EA34-1302-4314-BFDD-F1310567188B}.Release|Any CPU.ActiveCfg = Release|Any CPU
		{0CF4EA34-1302-4314-BFDD-F1310567188B}.Release|Any CPU.Build.0 = Release|Any CPU
		{0CF4EA34-1302-4314-BFDD-F1310567188B}.Release|Any CPU.Deploy.0 = Release|Any CPU
		{0CF4EA34-1302-4314-BFDD-F1310567188B}.Release|ARM.ActiveCfg = Release|ARM
		{0CF4EA34-1302-4314-BFDD-F1310567188B}.Release|ARM.Build.0 = Release|ARM
		{0CF4EA34-1302-4314-BFDD-F1310567188B}.Release|ARM.Deploy.0 = Release|ARM
		{0CF4EA34-1302-4314-BFDD-F1310567188B}.Release|iPhone.ActiveCfg = Release|Any CPU
		{0CF4EA34-1302-4314-BFDD-F1310567188B}.Release|iPhone.Build.0 = Release|Any CPU
		{0CF4EA34-1302-4314-BFDD-F1310567188B}.Release|iPhone.Deploy.0 = Release|Any CPU
		{0CF4EA34-1302-4314-BFDD-F1310567188B}.Release|iPhoneSimulator.ActiveCfg = Release|Any CPU
		{0CF4EA34-1302-4314-BFDD-F1310567188B}.Release|iPhoneSimulator.Build.0 = Release|Any CPU
		{0CF4EA34-1302-4314-BFDD-F1310567188B}.Release|iPhoneSimulator.Deploy.0 = Release|Any CPU
		{0CF4EA34-1302-4314-BFDD-F1310567188B}.Release|x64.ActiveCfg = Release|x64
		{0CF4EA34-1302-4314-BFDD-F1310567188B}.Release|x64.Build.0 = Release|x64
		{0CF4EA34-1302-4314-BFDD-F1310567188B}.Release|x64.Deploy.0 = Release|x64
		{0CF4EA34-1302-4314-BFDD-F1310567188B}.Release|x86.ActiveCfg = Release|x86
		{0CF4EA34-1302-4314-BFDD-F1310567188B}.Release|x86.Build.0 = Release|x86
		{0CF4EA34-1302-4314-BFDD-F1310567188B}.Release|x86.Deploy.0 = Release|x86
		{DD96CE2A-7681-41AD-82C9-187AF030357E}.Ad-Hoc|Any CPU.ActiveCfg = Release|Any CPU
		{DD96CE2A-7681-41AD-82C9-187AF030357E}.Ad-Hoc|Any CPU.Build.0 = Release|Any CPU
		{DD96CE2A-7681-41AD-82C9-187AF030357E}.Ad-Hoc|ARM.ActiveCfg = Release|Any CPU
		{DD96CE2A-7681-41AD-82C9-187AF030357E}.Ad-Hoc|ARM.Build.0 = Release|Any CPU
		{DD96CE2A-7681-41AD-82C9-187AF030357E}.Ad-Hoc|iPhone.ActiveCfg = Release|Any CPU
		{DD96CE2A-7681-41AD-82C9-187AF030357E}.Ad-Hoc|iPhone.Build.0 = Release|Any CPU
		{DD96CE2A-7681-41AD-82C9-187AF030357E}.Ad-Hoc|iPhoneSimulator.ActiveCfg = Release|Any CPU
		{DD96CE2A-7681-41AD-82C9-187AF030357E}.Ad-Hoc|iPhoneSimulator.Build.0 = Release|Any CPU
		{DD96CE2A-7681-41AD-82C9-187AF030357E}.Ad-Hoc|x64.ActiveCfg = Release|Any CPU
		{DD96CE2A-7681-41AD-82C9-187AF030357E}.Ad-Hoc|x64.Build.0 = Release|Any CPU
		{DD96CE2A-7681-41AD-82C9-187AF030357E}.Ad-Hoc|x86.ActiveCfg = Release|Any CPU
		{DD96CE2A-7681-41AD-82C9-187AF030357E}.Ad-Hoc|x86.Build.0 = Release|Any CPU
		{DD96CE2A-7681-41AD-82C9-187AF030357E}.AppStore|Any CPU.ActiveCfg = Release|Any CPU
		{DD96CE2A-7681-41AD-82C9-187AF030357E}.AppStore|Any CPU.Build.0 = Release|Any CPU
		{DD96CE2A-7681-41AD-82C9-187AF030357E}.AppStore|ARM.ActiveCfg = Release|Any CPU
		{DD96CE2A-7681-41AD-82C9-187AF030357E}.AppStore|ARM.Build.0 = Release|Any CPU
		{DD96CE2A-7681-41AD-82C9-187AF030357E}.AppStore|iPhone.ActiveCfg = Release|Any CPU
		{DD96CE2A-7681-41AD-82C9-187AF030357E}.AppStore|iPhone.Build.0 = Release|Any CPU
		{DD96CE2A-7681-41AD-82C9-187AF030357E}.AppStore|iPhoneSimulator.ActiveCfg = Release|Any CPU
		{DD96CE2A-7681-41AD-82C9-187AF030357E}.AppStore|iPhoneSimulator.Build.0 = Release|Any CPU
		{DD96CE2A-7681-41AD-82C9-187AF030357E}.AppStore|x64.ActiveCfg = Release|Any CPU
		{DD96CE2A-7681-41AD-82C9-187AF030357E}.AppStore|x64.Build.0 = Release|Any CPU
		{DD96CE2A-7681-41AD-82C9-187AF030357E}.AppStore|x86.ActiveCfg = Release|Any CPU
		{DD96CE2A-7681-41AD-82C9-187AF030357E}.AppStore|x86.Build.0 = Release|Any CPU
		{DD96CE2A-7681-41AD-82C9-187AF030357E}.Debug|Any CPU.ActiveCfg = Debug|Any CPU
		{DD96CE2A-7681-41AD-82C9-187AF030357E}.Debug|Any CPU.Build.0 = Debug|Any CPU
		{DD96CE2A-7681-41AD-82C9-187AF030357E}.Debug|ARM.ActiveCfg = Debug|Any CPU
		{DD96CE2A-7681-41AD-82C9-187AF030357E}.Debug|ARM.Build.0 = Debug|Any CPU
		{DD96CE2A-7681-41AD-82C9-187AF030357E}.Debug|iPhone.ActiveCfg = Debug|Any CPU
		{DD96CE2A-7681-41AD-82C9-187AF030357E}.Debug|iPhone.Build.0 = Debug|Any CPU
		{DD96CE2A-7681-41AD-82C9-187AF030357E}.Debug|iPhoneSimulator.ActiveCfg = Debug|Any CPU
		{DD96CE2A-7681-41AD-82C9-187AF030357E}.Debug|iPhoneSimulator.Build.0 = Debug|Any CPU
		{DD96CE2A-7681-41AD-82C9-187AF030357E}.Debug|x64.ActiveCfg = Debug|Any CPU
		{DD96CE2A-7681-41AD-82C9-187AF030357E}.Debug|x64.Build.0 = Debug|Any CPU
		{DD96CE2A-7681-41AD-82C9-187AF030357E}.Debug|x86.ActiveCfg = Debug|Any CPU
		{DD96CE2A-7681-41AD-82C9-187AF030357E}.Debug|x86.Build.0 = Debug|Any CPU
		{DD96CE2A-7681-41AD-82C9-187AF030357E}.Release|Any CPU.ActiveCfg = Release|Any CPU
		{DD96CE2A-7681-41AD-82C9-187AF030357E}.Release|Any CPU.Build.0 = Release|Any CPU
		{DD96CE2A-7681-41AD-82C9-187AF030357E}.Release|ARM.ActiveCfg = Release|Any CPU
		{DD96CE2A-7681-41AD-82C9-187AF030357E}.Release|ARM.Build.0 = Release|Any CPU
		{DD96CE2A-7681-41AD-82C9-187AF030357E}.Release|iPhone.ActiveCfg = Release|Any CPU
		{DD96CE2A-7681-41AD-82C9-187AF030357E}.Release|iPhone.Build.0 = Release|Any CPU
		{DD96CE2A-7681-41AD-82C9-187AF030357E}.Release|iPhoneSimulator.ActiveCfg = Release|Any CPU
		{DD96CE2A-7681-41AD-82C9-187AF030357E}.Release|iPhoneSimulator.Build.0 = Release|Any CPU
		{DD96CE2A-7681-41AD-82C9-187AF030357E}.Release|x64.ActiveCfg = Release|Any CPU
		{DD96CE2A-7681-41AD-82C9-187AF030357E}.Release|x64.Build.0 = Release|Any CPU
		{DD96CE2A-7681-41AD-82C9-187AF030357E}.Release|x86.ActiveCfg = Release|Any CPU
		{DD96CE2A-7681-41AD-82C9-187AF030357E}.Release|x86.Build.0 = Release|Any CPU
	EndGlobalSection
	GlobalSection(SolutionProperties) = preSolution
		HideSolutionNode = FALSE
	EndGlobalSection
EndGlobal
