
Microsoft Visual Studio Solution File, Format Version 12.00
# Visual Studio 14
VisualStudioVersion = 14.0.25420.1
MinimumVisualStudioVersion = 10.0.40219.1
Project("{FAE04EC0-301F-11D3-BF4B-00C04F79EFBC}") = "ReflectionSample.Droid", "ReflectionSample\ReflectionSample.Droid\ReflectionSample.Droid.csproj", "{A5E4C7E8-2925-4B75-B3CE-8A8AD596B22E}"
EndProject
Project("{FAE04EC0-301F-11D3-BF4B-00C04F79EFBC}") = "ReflectionSample.iOS", "ReflectionSample\ReflectionSample.iOS\ReflectionSample.iOS.csproj", "{B50EFEA8-68BA-42C7-B654-BF38BEB66ADA}"
EndProject
Project("{FAE04EC0-301F-11D3-BF4B-00C04F79EFBC}") = "ReflectionSample.UWP", "ReflectionSample\ReflectionSample.UWP\ReflectionSample.UWP.csproj", "{C9ED9E95-3261-40E1-B8CE-EFBB59914860}"
EndProject
Project("{FAE04EC0-301F-11D3-BF4B-00C04F79EFBC}") = "ReflectionSample", "ReflectionSample\ReflectionSample\ReflectionSample.csproj", "{21436E50-A37B-466A-A53B-1DBC3FAA74B1}"
EndProject
Global
	GlobalSection(SolutionConfigurationPlatforms) = preSolution
		Ad-Hoc|Any CPU = Ad-Hoc|Any CPU
		Ad-Hoc|ARM = Ad-Hoc|ARM
		Ad-Hoc|iPhone = Ad-Hoc|iPhone
		Ad-Hoc|iPhoneSimulator = Ad-Hoc|iPhoneSimulator
		Ad-Hoc|x64 = Ad-Hoc|x64
		Ad-Hoc|x86 = Ad-Hoc|x86
		AppStore|Any CPU = AppStore|Any CPU
		AppStore|ARM = AppStore|ARM
		AppStore|iPhone = AppStore|iPhone
		AppStore|iPhoneSimulator = AppStore|iPhoneSimulator
		AppStore|x64 = AppStore|x64
		AppStore|x86 = AppStore|x86
		Debug|Any CPU = Debug|Any CPU
		Debug|ARM = Debug|ARM
		Debug|iPhone = Debug|iPhone
		Debug|iPhoneSimulator = Debug|iPhoneSimulator
		Debug|x64 = Debug|x64
		Debug|x86 = Debug|x86
		Release|Any CPU = Release|Any CPU
		Release|ARM = Release|ARM
		Release|iPhone = Release|iPhone
		Release|iPhoneSimulator = Release|iPhoneSimulator
		Release|x64 = Release|x64
		Release|x86 = Release|x86
	EndGlobalSection
	GlobalSection(ProjectConfigurationPlatforms) = postSolution
		{A5E4C7E8-2925-4B75-B3CE-8A8AD596B22E}.Ad-Hoc|Any CPU.ActiveCfg = Release|Any CPU
		{A5E4C7E8-2925-4B75-B3CE-8A8AD596B22E}.Ad-Hoc|Any CPU.Build.0 = Release|Any CPU
		{A5E4C7E8-2925-4B75-B3CE-8A8AD596B22E}.Ad-Hoc|Any CPU.Deploy.0 = Release|Any CPU
		{A5E4C7E8-2925-4B75-B3CE-8A8AD596B22E}.Ad-Hoc|ARM.ActiveCfg = Release|Any CPU
		{A5E4C7E8-2925-4B75-B3CE-8A8AD596B22E}.Ad-Hoc|ARM.Build.0 = Release|Any CPU
		{A5E4C7E8-2925-4B75-B3CE-8A8AD596B22E}.Ad-Hoc|ARM.Deploy.0 = Release|Any CPU
		{A5E4C7E8-2925-4B75-B3CE-8A8AD596B22E}.Ad-Hoc|iPhone.ActiveCfg = Release|Any CPU
		{A5E4C7E8-2925-4B75-B3CE-8A8AD596B22E}.Ad-Hoc|iPhone.Build.0 = Release|Any CPU
		{A5E4C7E8-2925-4B75-B3CE-8A8AD596B22E}.Ad-Hoc|iPhone.Deploy.0 = Release|Any CPU
		{A5E4C7E8-2925-4B75-B3CE-8A8AD596B22E}.Ad-Hoc|iPhoneSimulator.ActiveCfg = Release|Any CPU
		{A5E4C7E8-2925-4B75-B3CE-8A8AD596B22E}.Ad-Hoc|iPhoneSimulator.Build.0 = Release|Any CPU
		{A5E4C7E8-2925-4B75-B3CE-8A8AD596B22E}.Ad-Hoc|iPhoneSimulator.Deploy.0 = Release|Any CPU
		{A5E4C7E8-2925-4B75-B3CE-8A8AD596B22E}.Ad-Hoc|x64.ActiveCfg = Release|Any CPU
		{A5E4C7E8-2925-4B75-B3CE-8A8AD596B22E}.Ad-Hoc|x64.Build.0 = Release|Any CPU
		{A5E4C7E8-2925-4B75-B3CE-8A8AD596B22E}.Ad-Hoc|x64.Deploy.0 = Release|Any CPU
		{A5E4C7E8-2925-4B75-B3CE-8A8AD596B22E}.Ad-Hoc|x86.ActiveCfg = Release|Any CPU
		{A5E4C7E8-2925-4B75-B3CE-8A8AD596B22E}.Ad-Hoc|x86.Build.0 = Release|Any CPU
		{A5E4C7E8-2925-4B75-B3CE-8A8AD596B22E}.Ad-Hoc|x86.Deploy.0 = Release|Any CPU
		{A5E4C7E8-2925-4B75-B3CE-8A8AD596B22E}.AppStore|Any CPU.ActiveCfg = Release|Any CPU
		{A5E4C7E8-2925-4B75-B3CE-8A8AD596B22E}.AppStore|Any CPU.Build.0 = Release|Any CPU
		{A5E4C7E8-2925-4B75-B3CE-8A8AD596B22E}.AppStore|Any CPU.Deploy.0 = Release|Any CPU
		{A5E4C7E8-2925-4B75-B3CE-8A8AD596B22E}.AppStore|ARM.ActiveCfg = Release|Any CPU
		{A5E4C7E8-2925-4B75-B3CE-8A8AD596B22E}.AppStore|ARM.Build.0 = Release|Any CPU
		{A5E4C7E8-2925-4B75-B3CE-8A8AD596B22E}.AppStore|ARM.Deploy.0 = Release|Any CPU
		{A5E4C7E8-2925-4B75-B3CE-8A8AD596B22E}.AppStore|iPhone.ActiveCfg = Release|Any CPU
		{A5E4C7E8-2925-4B75-B3CE-8A8AD596B22E}.AppStore|iPhone.Build.0 = Release|Any CPU
		{A5E4C7E8-2925-4B75-B3CE-8A8AD596B22E}.AppStore|iPhone.Deploy.0 = Release|Any CPU
		{A5E4C7E8-2925-4B75-B3CE-8A8AD596B22E}.AppStore|iPhoneSimulator.ActiveCfg = Release|Any CPU
		{A5E4C7E8-2925-4B75-B3CE-8A8AD596B22E}.AppStore|iPhoneSimulator.Build.0 = Release|Any CPU
		{A5E4C7E8-2925-4B75-B3CE-8A8AD596B22E}.AppStore|iPhoneSimulator.Deploy.0 = Release|Any CPU
		{A5E4C7E8-2925-4B75-B3CE-8A8AD596B22E}.AppStore|x64.ActiveCfg = Release|Any CPU
		{A5E4C7E8-2925-4B75-B3CE-8A8AD596B22E}.AppStore|x64.Build.0 = Release|Any CPU
		{A5E4C7E8-2925-4B75-B3CE-8A8AD596B22E}.AppStore|x64.Deploy.0 = Release|Any CPU
		{A5E4C7E8-2925-4B75-B3CE-8A8AD596B22E}.AppStore|x86.ActiveCfg = Release|Any CPU
		{A5E4C7E8-2925-4B75-B3CE-8A8AD596B22E}.AppStore|x86.Build.0 = Release|Any CPU
		{A5E4C7E8-2925-4B75-B3CE-8A8AD596B22E}.AppStore|x86.Deploy.0 = Release|Any CPU
		{A5E4C7E8-2925-4B75-B3CE-8A8AD596B22E}.Debug|Any CPU.ActiveCfg = Debug|Any CPU
		{A5E4C7E8-2925-4B75-B3CE-8A8AD596B22E}.Debug|Any CPU.Build.0 = Debug|Any CPU
		{A5E4C7E8-2925-4B75-B3CE-8A8AD596B22E}.Debug|Any CPU.Deploy.0 = Debug|Any CPU
		{A5E4C7E8-2925-4B75-B3CE-8A8AD596B22E}.Debug|ARM.ActiveCfg = Debug|Any CPU
		{A5E4C7E8-2925-4B75-B3CE-8A8AD596B22E}.Debug|ARM.Build.0 = Debug|Any CPU
		{A5E4C7E8-2925-4B75-B3CE-8A8AD596B22E}.Debug|ARM.Deploy.0 = Debug|Any CPU
		{A5E4C7E8-2925-4B75-B3CE-8A8AD596B22E}.Debug|iPhone.ActiveCfg = Debug|Any CPU
		{A5E4C7E8-2925-4B75-B3CE-8A8AD596B22E}.Debug|iPhone.Build.0 = Debug|Any CPU
		{A5E4C7E8-2925-4B75-B3CE-8A8AD596B22E}.Debug|iPhone.Deploy.0 = Debug|Any CPU
		{A5E4C7E8-2925-4B75-B3CE-8A8AD596B22E}.Debug|iPhoneSimulator.ActiveCfg = Debug|Any CPU
		{A5E4C7E8-2925-4B75-B3CE-8A8AD596B22E}.Debug|iPhoneSimulator.Build.0 = Debug|Any CPU
		{A5E4C7E8-2925-4B75-B3CE-8A8AD596B22E}.Debug|iPhoneSimulator.Deploy.0 = Debug|Any CPU
		{A5E4C7E8-2925-4B75-B3CE-8A8AD596B22E}.Debug|x64.ActiveCfg = Debug|Any CPU
		{A5E4C7E8-2925-4B75-B3CE-8A8AD596B22E}.Debug|x64.Build.0 = Debug|Any CPU
		{A5E4C7E8-2925-4B75-B3CE-8A8AD596B22E}.Debug|x64.Deploy.0 = Debug|Any CPU
		{A5E4C7E8-2925-4B75-B3CE-8A8AD596B22E}.Debug|x86.ActiveCfg = Debug|Any CPU
		{A5E4C7E8-2925-4B75-B3CE-8A8AD596B22E}.Debug|x86.Build.0 = Debug|Any CPU
		{A5E4C7E8-2925-4B75-B3CE-8A8AD596B22E}.Debug|x86.Deploy.0 = Debug|Any CPU
		{A5E4C7E8-2925-4B75-B3CE-8A8AD596B22E}.Release|Any CPU.ActiveCfg = Release|Any CPU
		{A5E4C7E8-2925-4B75-B3CE-8A8AD596B22E}.Release|Any CPU.Build.0 = Release|Any CPU
		{A5E4C7E8-2925-4B75-B3CE-8A8AD596B22E}.Release|Any CPU.Deploy.0 = Release|Any CPU
		{A5E4C7E8-2925-4B75-B3CE-8A8AD596B22E}.Release|ARM.ActiveCfg = Release|Any CPU
		{A5E4C7E8-2925-4B75-B3CE-8A8AD596B22E}.Release|ARM.Build.0 = Release|Any CPU
		{A5E4C7E8-2925-4B75-B3CE-8A8AD596B22E}.Release|ARM.Deploy.0 = Release|Any CPU
		{A5E4C7E8-2925-4B75-B3CE-8A8AD596B22E}.Release|iPhone.ActiveCfg = Release|Any CPU
		{A5E4C7E8-2925-4B75-B3CE-8A8AD596B22E}.Release|iPhone.Build.0 = Release|Any CPU
		{A5E4C7E8-2925-4B75-B3CE-8A8AD596B22E}.Release|iPhone.Deploy.0 = Release|Any CPU
		{A5E4C7E8-2925-4B75-B3CE-8A8AD596B22E}.Release|iPhoneSimulator.ActiveCfg = Release|Any CPU
		{A5E4C7E8-2925-4B75-B3CE-8A8AD596B22E}.Release|iPhoneSimulator.Build.0 = Release|Any CPU
		{A5E4C7E8-2925-4B75-B3CE-8A8AD596B22E}.Release|iPhoneSimulator.Deploy.0 = Release|Any CPU
		{A5E4C7E8-2925-4B75-B3CE-8A8AD596B22E}.Release|x64.ActiveCfg = Release|Any CPU
		{A5E4C7E8-2925-4B75-B3CE-8A8AD596B22E}.Release|x64.Build.0 = Release|Any CPU
		{A5E4C7E8-2925-4B75-B3CE-8A8AD596B22E}.Release|x64.Deploy.0 = Release|Any CPU
		{A5E4C7E8-2925-4B75-B3CE-8A8AD596B22E}.Release|x86.ActiveCfg = Release|Any CPU
		{A5E4C7E8-2925-4B75-B3CE-8A8AD596B22E}.Release|x86.Build.0 = Release|Any CPU
		{A5E4C7E8-2925-4B75-B3CE-8A8AD596B22E}.Release|x86.Deploy.0 = Release|Any CPU
		{B50EFEA8-68BA-42C7-B654-BF38BEB66ADA}.Ad-Hoc|Any CPU.ActiveCfg = Ad-Hoc|iPhone
		{B50EFEA8-68BA-42C7-B654-BF38BEB66ADA}.Ad-Hoc|ARM.ActiveCfg = Ad-Hoc|iPhone
		{B50EFEA8-68BA-42C7-B654-BF38BEB66ADA}.Ad-Hoc|iPhone.ActiveCfg = Ad-Hoc|iPhone
		{B50EFEA8-68BA-42C7-B654-BF38BEB66ADA}.Ad-Hoc|iPhone.Build.0 = Ad-Hoc|iPhone
		{B50EFEA8-68BA-42C7-B654-BF38BEB66ADA}.Ad-Hoc|iPhoneSimulator.ActiveCfg = Ad-Hoc|iPhoneSimulator
		{B50EFEA8-68BA-42C7-B654-BF38BEB66ADA}.Ad-Hoc|iPhoneSimulator.Build.0 = Ad-Hoc|iPhoneSimulator
		{B50EFEA8-68BA-42C7-B654-BF38BEB66ADA}.Ad-Hoc|x64.ActiveCfg = Ad-Hoc|iPhone
		{B50EFEA8-68BA-42C7-B654-BF38BEB66ADA}.Ad-Hoc|x86.ActiveCfg = Ad-Hoc|iPhone
		{B50EFEA8-68BA-42C7-B654-BF38BEB66ADA}.AppStore|Any CPU.ActiveCfg = AppStore|iPhone
		{B50EFEA8-68BA-42C7-B654-BF38BEB66ADA}.AppStore|ARM.ActiveCfg = AppStore|iPhone
		{B50EFEA8-68BA-42C7-B654-BF38BEB66ADA}.AppStore|iPhone.ActiveCfg = AppStore|iPhone
		{B50EFEA8-68BA-42C7-B654-BF38BEB66ADA}.AppStore|iPhone.Build.0 = AppStore|iPhone
		{B50EFEA8-68BA-42C7-B654-BF38BEB66ADA}.AppStore|iPhoneSimulator.ActiveCfg = AppStore|iPhoneSimulator
		{B50EFEA8-68BA-42C7-B654-BF38BEB66ADA}.AppStore|iPhoneSimulator.Build.0 = AppStore|iPhoneSimulator
		{B50EFEA8-68BA-42C7-B654-BF38BEB66ADA}.AppStore|x64.ActiveCfg = AppStore|iPhone
		{B50EFEA8-68BA-42C7-B654-BF38BEB66ADA}.AppStore|x86.ActiveCfg = AppStore|iPhone
		{B50EFEA8-68BA-42C7-B654-BF38BEB66ADA}.Debug|Any CPU.ActiveCfg = Debug|iPhone
		{B50EFEA8-68BA-42C7-B654-BF38BEB66ADA}.Debug|ARM.ActiveCfg = Debug|iPhone
		{B50EFEA8-68BA-42C7-B654-BF38BEB66ADA}.Debug|iPhone.ActiveCfg = Debug|iPhone
		{B50EFEA8-68BA-42C7-B654-BF38BEB66ADA}.Debug|iPhone.Build.0 = Debug|iPhone
		{B50EFEA8-68BA-42C7-B654-BF38BEB66ADA}.Debug|iPhoneSimulator.ActiveCfg = Debug|iPhoneSimulator
		{B50EFEA8-68BA-42C7-B654-BF38BEB66ADA}.Debug|iPhoneSimulator.Build.0 = Debug|iPhoneSimulator
		{B50EFEA8-68BA-42C7-B654-BF38BEB66ADA}.Debug|x64.ActiveCfg = Debug|iPhone
		{B50EFEA8-68BA-42C7-B654-BF38BEB66ADA}.Debug|x86.ActiveCfg = Debug|iPhone
		{B50EFEA8-68BA-42C7-B654-BF38BEB66ADA}.Release|Any CPU.ActiveCfg = Release|iPhone
		{B50EFEA8-68BA-42C7-B654-BF38BEB66ADA}.Release|ARM.ActiveCfg = Release|iPhone
		{B50EFEA8-68BA-42C7-B654-BF38BEB66ADA}.Release|iPhone.ActiveCfg = Release|iPhone
		{B50EFEA8-68BA-42C7-B654-BF38BEB66ADA}.Release|iPhone.Build.0 = Release|iPhone
		{B50EFEA8-68BA-42C7-B654-BF38BEB66ADA}.Release|iPhoneSimulator.ActiveCfg = Release|iPhoneSimulator
		{B50EFEA8-68BA-42C7-B654-BF38BEB66ADA}.Release|iPhoneSimulator.Build.0 = Release|iPhoneSimulator
		{B50EFEA8-68BA-42C7-B654-BF38BEB66ADA}.Release|x64.ActiveCfg = Release|iPhone
		{B50EFEA8-68BA-42C7-B654-BF38BEB66ADA}.Release|x86.ActiveCfg = Release|iPhone
		{C9ED9E95-3261-40E1-B8CE-EFBB59914860}.Ad-Hoc|Any CPU.ActiveCfg = Release|x86
		{C9ED9E95-3261-40E1-B8CE-EFBB59914860}.Ad-Hoc|Any CPU.Build.0 = Release|x86
		{C9ED9E95-3261-40E1-B8CE-EFBB59914860}.Ad-Hoc|Any CPU.Deploy.0 = Release|x86
		{C9ED9E95-3261-40E1-B8CE-EFBB59914860}.Ad-Hoc|ARM.ActiveCfg = Release|ARM
		{C9ED9E95-3261-40E1-B8CE-EFBB59914860}.Ad-Hoc|ARM.Build.0 = Release|ARM
		{C9ED9E95-3261-40E1-B8CE-EFBB59914860}.Ad-Hoc|ARM.Deploy.0 = Release|ARM
		{C9ED9E95-3261-40E1-B8CE-EFBB59914860}.Ad-Hoc|iPhone.ActiveCfg = Release|x86
		{C9ED9E95-3261-40E1-B8CE-EFBB59914860}.Ad-Hoc|iPhone.Build.0 = Release|x86
		{C9ED9E95-3261-40E1-B8CE-EFBB59914860}.Ad-Hoc|iPhone.Deploy.0 = Release|x86
		{C9ED9E95-3261-40E1-B8CE-EFBB59914860}.Ad-Hoc|iPhoneSimulator.ActiveCfg = Release|x86
		{C9ED9E95-3261-40E1-B8CE-EFBB59914860}.Ad-Hoc|iPhoneSimulator.Build.0 = Release|x86
		{C9ED9E95-3261-40E1-B8CE-EFBB59914860}.Ad-Hoc|iPhoneSimulator.Deploy.0 = Release|x86
		{C9ED9E95-3261-40E1-B8CE-EFBB59914860}.Ad-Hoc|x64.ActiveCfg = Release|x64
		{C9ED9E95-3261-40E1-B8CE-EFBB59914860}.Ad-Hoc|x64.Build.0 = Release|x64
		{C9ED9E95-3261-40E1-B8CE-EFBB59914860}.Ad-Hoc|x64.Deploy.0 = Release|x64
		{C9ED9E95-3261-40E1-B8CE-EFBB59914860}.Ad-Hoc|x86.ActiveCfg = Release|x86
		{C9ED9E95-3261-40E1-B8CE-EFBB59914860}.Ad-Hoc|x86.Build.0 = Release|x86
		{C9ED9E95-3261-40E1-B8CE-EFBB59914860}.Ad-Hoc|x86.Deploy.0 = Release|x86
		{C9ED9E95-3261-40E1-B8CE-EFBB59914860}.AppStore|Any CPU.ActiveCfg = Release|x86
		{C9ED9E95-3261-40E1-B8CE-EFBB59914860}.AppStore|Any CPU.Build.0 = Release|x86
		{C9ED9E95-3261-40E1-B8CE-EFBB59914860}.AppStore|Any CPU.Deploy.0 = Release|x86
		{C9ED9E95-3261-40E1-B8CE-EFBB59914860}.AppStore|ARM.ActiveCfg = Release|ARM
		{C9ED9E95-3261-40E1-B8CE-EFBB59914860}.AppStore|ARM.Build.0 = Release|ARM
		{C9ED9E95-3261-40E1-B8CE-EFBB59914860}.AppStore|ARM.Deploy.0 = Release|ARM
		{C9ED9E95-3261-40E1-B8CE-EFBB59914860}.AppStore|iPhone.ActiveCfg = Release|x86
		{C9ED9E95-3261-40E1-B8CE-EFBB59914860}.AppStore|iPhone.Build.0 = Release|x86
		{C9ED9E95-3261-40E1-B8CE-EFBB59914860}.AppStore|iPhone.Deploy.0 = Release|x86
		{C9ED9E95-3261-40E1-B8CE-EFBB59914860}.AppStore|iPhoneSimulator.ActiveCfg = Release|x86
		{C9ED9E95-3261-40E1-B8CE-EFBB59914860}.AppStore|iPhoneSimulator.Build.0 = Release|x86
		{C9ED9E95-3261-40E1-B8CE-EFBB59914860}.AppStore|iPhoneSimulator.Deploy.0 = Release|x86
		{C9ED9E95-3261-40E1-B8CE-EFBB59914860}.AppStore|x64.ActiveCfg = Release|x64
		{C9ED9E95-3261-40E1-B8CE-EFBB59914860}.AppStore|x64.Build.0 = Release|x64
		{C9ED9E95-3261-40E1-B8CE-EFBB59914860}.AppStore|x64.Deploy.0 = Release|x64
		{C9ED9E95-3261-40E1-B8CE-EFBB59914860}.AppStore|x86.ActiveCfg = Release|x86
		{C9ED9E95-3261-40E1-B8CE-EFBB59914860}.AppStore|x86.Build.0 = Release|x86
		{C9ED9E95-3261-40E1-B8CE-EFBB59914860}.AppStore|x86.Deploy.0 = Release|x86
		{C9ED9E95-3261-40E1-B8CE-EFBB59914860}.Debug|Any CPU.ActiveCfg = Debug|x86
		{C9ED9E95-3261-40E1-B8CE-EFBB59914860}.Debug|ARM.ActiveCfg = Debug|ARM
		{C9ED9E95-3261-40E1-B8CE-EFBB59914860}.Debug|ARM.Build.0 = Debug|ARM
		{C9ED9E95-3261-40E1-B8CE-EFBB59914860}.Debug|ARM.Deploy.0 = Debug|ARM
		{C9ED9E95-3261-40E1-B8CE-EFBB59914860}.Debug|iPhone.ActiveCfg = Debug|x86
		{C9ED9E95-3261-40E1-B8CE-EFBB59914860}.Debug|iPhoneSimulator.ActiveCfg = Debug|x86
		{C9ED9E95-3261-40E1-B8CE-EFBB59914860}.Debug|x64.ActiveCfg = Debug|x64
		{C9ED9E95-3261-40E1-B8CE-EFBB59914860}.Debug|x64.Build.0 = Debug|x64
		{C9ED9E95-3261-40E1-B8CE-EFBB59914860}.Debug|x64.Deploy.0 = Debug|x64
		{C9ED9E95-3261-40E1-B8CE-EFBB59914860}.Debug|x86.ActiveCfg = Debug|x86
		{C9ED9E95-3261-40E1-B8CE-EFBB59914860}.Debug|x86.Build.0 = Debug|x86
		{C9ED9E95-3261-40E1-B8CE-EFBB59914860}.Debug|x86.Deploy.0 = Debug|x86
		{C9ED9E95-3261-40E1-B8CE-EFBB59914860}.Release|Any CPU.ActiveCfg = Release|x86
		{C9ED9E95-3261-40E1-B8CE-EFBB59914860}.Release|ARM.ActiveCfg = Release|ARM
		{C9ED9E95-3261-40E1-B8CE-EFBB59914860}.Release|ARM.Build.0 = Release|ARM
		{C9ED9E95-3261-40E1-B8CE-EFBB59914860}.Release|ARM.Deploy.0 = Release|ARM
		{C9ED9E95-3261-40E1-B8CE-EFBB59914860}.Release|iPhone.ActiveCfg = Release|x86
		{C9ED9E95-3261-40E1-B8CE-EFBB59914860}.Release|iPhoneSimulator.ActiveCfg = Release|x86
		{C9ED9E95-3261-40E1-B8CE-EFBB59914860}.Release|x64.ActiveCfg = Release|x64
		{C9ED9E95-3261-40E1-B8CE-EFBB59914860}.Release|x64.Build.0 = Release|x64
		{C9ED9E95-3261-40E1-B8CE-EFBB59914860}.Release|x64.Deploy.0 = Release|x64
		{C9ED9E95-3261-40E1-B8CE-EFBB59914860}.Release|x86.ActiveCfg = Release|x86
		{C9ED9E95-3261-40E1-B8CE-EFBB59914860}.Release|x86.Build.0 = Release|x86
		{C9ED9E95-3261-40E1-B8CE-EFBB59914860}.Release|x86.Deploy.0 = Release|x86
		{21436E50-A37B-466A-A53B-1DBC3FAA74B1}.Ad-Hoc|Any CPU.ActiveCfg = Release|Any CPU
		{21436E50-A37B-466A-A53B-1DBC3FAA74B1}.Ad-Hoc|Any CPU.Build.0 = Release|Any CPU
		{21436E50-A37B-466A-A53B-1DBC3FAA74B1}.Ad-Hoc|ARM.ActiveCfg = Release|Any CPU
		{21436E50-A37B-466A-A53B-1DBC3FAA74B1}.Ad-Hoc|ARM.Build.0 = Release|Any CPU
		{21436E50-A37B-466A-A53B-1DBC3FAA74B1}.Ad-Hoc|iPhone.ActiveCfg = Release|Any CPU
		{21436E50-A37B-466A-A53B-1DBC3FAA74B1}.Ad-Hoc|iPhone.Build.0 = Release|Any CPU
		{21436E50-A37B-466A-A53B-1DBC3FAA74B1}.Ad-Hoc|iPhoneSimulator.ActiveCfg = Release|Any CPU
		{21436E50-A37B-466A-A53B-1DBC3FAA74B1}.Ad-Hoc|iPhoneSimulator.Build.0 = Release|Any CPU
		{21436E50-A37B-466A-A53B-1DBC3FAA74B1}.Ad-Hoc|x64.ActiveCfg = Release|Any CPU
		{21436E50-A37B-466A-A53B-1DBC3FAA74B1}.Ad-Hoc|x64.Build.0 = Release|Any CPU
		{21436E50-A37B-466A-A53B-1DBC3FAA74B1}.Ad-Hoc|x86.ActiveCfg = Release|Any CPU
		{21436E50-A37B-466A-A53B-1DBC3FAA74B1}.Ad-Hoc|x86.Build.0 = Release|Any CPU
		{21436E50-A37B-466A-A53B-1DBC3FAA74B1}.AppStore|Any CPU.ActiveCfg = Release|Any CPU
		{21436E50-A37B-466A-A53B-1DBC3FAA74B1}.AppStore|Any CPU.Build.0 = Release|Any CPU
		{21436E50-A37B-466A-A53B-1DBC3FAA74B1}.AppStore|ARM.ActiveCfg = Release|Any CPU
		{21436E50-A37B-466A-A53B-1DBC3FAA74B1}.AppStore|ARM.Build.0 = Release|Any CPU
		{21436E50-A37B-466A-A53B-1DBC3FAA74B1}.AppStore|iPhone.ActiveCfg = Release|Any CPU
		{21436E50-A37B-466A-A53B-1DBC3FAA74B1}.AppStore|iPhone.Build.0 = Release|Any CPU
		{21436E50-A37B-466A-A53B-1DBC3FAA74B1}.AppStore|iPhoneSimulator.ActiveCfg = Release|Any CPU
		{21436E50-A37B-466A-A53B-1DBC3FAA74B1}.AppStore|iPhoneSimulator.Build.0 = Release|Any CPU
		{21436E50-A37B-466A-A53B-1DBC3FAA74B1}.AppStore|x64.ActiveCfg = Release|Any CPU
		{21436E50-A37B-466A-A53B-1DBC3FAA74B1}.AppStore|x64.Build.0 = Release|Any CPU
		{21436E50-A37B-466A-A53B-1DBC3FAA74B1}.AppStore|x86.ActiveCfg = Release|Any CPU
		{21436E50-A37B-466A-A53B-1DBC3FAA74B1}.AppStore|x86.Build.0 = Release|Any CPU
		{21436E50-A37B-466A-A53B-1DBC3FAA74B1}.Debug|Any CPU.ActiveCfg = Debug|Any CPU
		{21436E50-A37B-466A-A53B-1DBC3FAA74B1}.Debug|Any CPU.Build.0 = Debug|Any CPU
		{21436E50-A37B-466A-A53B-1DBC3FAA74B1}.Debug|ARM.ActiveCfg = Debug|Any CPU
		{21436E50-A37B-466A-A53B-1DBC3FAA74B1}.Debug|ARM.Build.0 = Debug|Any CPU
		{21436E50-A37B-466A-A53B-1DBC3FAA74B1}.Debug|iPhone.ActiveCfg = Debug|Any CPU
		{21436E50-A37B-466A-A53B-1DBC3FAA74B1}.Debug|iPhone.Build.0 = Debug|Any CPU
		{21436E50-A37B-466A-A53B-1DBC3FAA74B1}.Debug|iPhoneSimulator.ActiveCfg = Debug|Any CPU
		{21436E50-A37B-466A-A53B-1DBC3FAA74B1}.Debug|iPhoneSimulator.Build.0 = Debug|Any CPU
		{21436E50-A37B-466A-A53B-1DBC3FAA74B1}.Debug|x64.ActiveCfg = Debug|Any CPU
		{21436E50-A37B-466A-A53B-1DBC3FAA74B1}.Debug|x64.Build.0 = Debug|Any CPU
		{21436E50-A37B-466A-A53B-1DBC3FAA74B1}.Debug|x86.ActiveCfg = Debug|Any CPU
		{21436E50-A37B-466A-A53B-1DBC3FAA74B1}.Debug|x86.Build.0 = Debug|Any CPU
		{21436E50-A37B-466A-A53B-1DBC3FAA74B1}.Release|Any CPU.ActiveCfg = Release|Any CPU
		{21436E50-A37B-466A-A53B-1DBC3FAA74B1}.Release|Any CPU.Build.0 = Release|Any CPU
		{21436E50-A37B-466A-A53B-1DBC3FAA74B1}.Release|ARM.ActiveCfg = Release|Any CPU
		{21436E50-A37B-466A-A53B-1DBC3FAA74B1}.Release|ARM.Build.0 = Release|Any CPU
		{21436E50-A37B-466A-A53B-1DBC3FAA74B1}.Release|iPhone.ActiveCfg = Release|Any CPU
		{21436E50-A37B-466A-A53B-1DBC3FAA74B1}.Release|iPhone.Build.0 = Release|Any CPU
		{21436E50-A37B-466A-A53B-1DBC3FAA74B1}.Release|iPhoneSimulator.ActiveCfg = Release|Any CPU
		{21436E50-A37B-466A-A53B-1DBC3FAA74B1}.Release|iPhoneSimulator.Build.0 = Release|Any CPU
		{21436E50-A37B-466A-A53B-1DBC3FAA74B1}.Release|x64.ActiveCfg = Release|Any CPU
		{21436E50-A37B-466A-A53B-1DBC3FAA74B1}.Release|x64.Build.0 = Release|Any CPU
		{21436E50-A37B-466A-A53B-1DBC3FAA74B1}.Release|x86.ActiveCfg = Release|Any CPU
		{21436E50-A37B-466A-A53B-1DBC3FAA74B1}.Release|x86.Build.0 = Release|Any CPU
	EndGlobalSection
	GlobalSection(SolutionProperties) = preSolution
		HideSolutionNode = FALSE
	EndGlobalSection
EndGlobal
