
Microsoft Visual Studio Solution File, Format Version 12.00
# Visual Studio 14
VisualStudioVersion = 14.0.25123.0
MinimumVisualStudioVersion = 10.0.40219.1
Project("{FAE04EC0-301F-11D3-BF4B-00C04F79EFBC}") = "XFormsBindingSample", "XFormsBindingSample\XFormsBindingSample\XFormsBindingSample.csproj", "{84B5F7B2-4086-4E10-B7A0-B10B94D1E823}"
EndProject
Project("{FAE04EC0-301F-11D3-BF4B-00C04F79EFBC}") = "XFormsBindingSample.Droid", "XFormsBindingSample\XFormsBindingSample.Droid\XFormsBindingSample.Droid.csproj", "{1A620890-A516-4002-B1E5-2794BE9CE336}"
EndProject
Project("{FAE04EC0-301F-11D3-BF4B-00C04F79EFBC}") = "XFormsBindingSample.iOS", "XFormsBindingSample\XFormsBindingSample.iOS\XFormsBindingSample.iOS.csproj", "{D83F8431-B441-4895-B620-B07CD63B28E0}"
EndProject
Project("{FAE04EC0-301F-11D3-BF4B-00C04F79EFBC}") = "XFormsBindingSample.UWP", "XFormsBindingSample\XFormsBindingSample.UWP\XFormsBindingSample.UWP.csproj", "{A13EACC7-3070-459F-B615-715F232BB648}"
EndProject
Global
	GlobalSection(SolutionConfigurationPlatforms) = preSolution
		Ad-Hoc|Any CPU = Ad-Hoc|Any CPU
		Ad-Hoc|ARM = Ad-Hoc|ARM
		Ad-Hoc|iPhone = Ad-Hoc|iPhone
		Ad-Hoc|iPhoneSimulator = Ad-Hoc|iPhoneSimulator
		Ad-Hoc|x64 = Ad-Hoc|x64
		Ad-Hoc|x86 = Ad-Hoc|x86
		AppStore|Any CPU = AppStore|Any CPU
		AppStore|ARM = AppStore|ARM
		AppStore|iPhone = AppStore|iPhone
		AppStore|iPhoneSimulator = AppStore|iPhoneSimulator
		AppStore|x64 = AppStore|x64
		AppStore|x86 = AppStore|x86
		Debug|Any CPU = Debug|Any CPU
		Debug|ARM = Debug|ARM
		Debug|iPhone = Debug|iPhone
		Debug|iPhoneSimulator = Debug|iPhoneSimulator
		Debug|x64 = Debug|x64
		Debug|x86 = Debug|x86
		Release|Any CPU = Release|Any CPU
		Release|ARM = Release|ARM
		Release|iPhone = Release|iPhone
		Release|iPhoneSimulator = Release|iPhoneSimulator
		Release|x64 = Release|x64
		Release|x86 = Release|x86
	EndGlobalSection
	GlobalSection(ProjectConfigurationPlatforms) = postSolution
		{84B5F7B2-4086-4E10-B7A0-B10B94D1E823}.Ad-Hoc|Any CPU.ActiveCfg = Release|Any CPU
		{84B5F7B2-4086-4E10-B7A0-B10B94D1E823}.Ad-Hoc|Any CPU.Build.0 = Release|Any CPU
		{84B5F7B2-4086-4E10-B7A0-B10B94D1E823}.Ad-Hoc|ARM.ActiveCfg = Release|Any CPU
		{84B5F7B2-4086-4E10-B7A0-B10B94D1E823}.Ad-Hoc|ARM.Build.0 = Release|Any CPU
		{84B5F7B2-4086-4E10-B7A0-B10B94D1E823}.Ad-Hoc|iPhone.ActiveCfg = Release|Any CPU
		{84B5F7B2-4086-4E10-B7A0-B10B94D1E823}.Ad-Hoc|iPhone.Build.0 = Release|Any CPU
		{84B5F7B2-4086-4E10-B7A0-B10B94D1E823}.Ad-Hoc|iPhoneSimulator.ActiveCfg = Release|Any CPU
		{84B5F7B2-4086-4E10-B7A0-B10B94D1E823}.Ad-Hoc|iPhoneSimulator.Build.0 = Release|Any CPU
		{84B5F7B2-4086-4E10-B7A0-B10B94D1E823}.Ad-Hoc|x64.ActiveCfg = Release|Any CPU
		{84B5F7B2-4086-4E10-B7A0-B10B94D1E823}.Ad-Hoc|x64.Build.0 = Release|Any CPU
		{84B5F7B2-4086-4E10-B7A0-B10B94D1E823}.Ad-Hoc|x86.ActiveCfg = Release|Any CPU
		{84B5F7B2-4086-4E10-B7A0-B10B94D1E823}.Ad-Hoc|x86.Build.0 = Release|Any CPU
		{84B5F7B2-4086-4E10-B7A0-B10B94D1E823}.AppStore|Any CPU.ActiveCfg = Release|Any CPU
		{84B5F7B2-4086-4E10-B7A0-B10B94D1E823}.AppStore|Any CPU.Build.0 = Release|Any CPU
		{84B5F7B2-4086-4E10-B7A0-B10B94D1E823}.AppStore|ARM.ActiveCfg = Release|Any CPU
		{84B5F7B2-4086-4E10-B7A0-B10B94D1E823}.AppStore|ARM.Build.0 = Release|Any CPU
		{84B5F7B2-4086-4E10-B7A0-B10B94D1E823}.AppStore|iPhone.ActiveCfg = Release|Any CPU
		{84B5F7B2-4086-4E10-B7A0-B10B94D1E823}.AppStore|iPhone.Build.0 = Release|Any CPU
		{84B5F7B2-4086-4E10-B7A0-B10B94D1E823}.AppStore|iPhoneSimulator.ActiveCfg = Release|Any CPU
		{84B5F7B2-4086-4E10-B7A0-B10B94D1E823}.AppStore|iPhoneSimulator.Build.0 = Release|Any CPU
		{84B5F7B2-4086-4E10-B7A0-B10B94D1E823}.AppStore|x64.ActiveCfg = Release|Any CPU
		{84B5F7B2-4086-4E10-B7A0-B10B94D1E823}.AppStore|x64.Build.0 = Release|Any CPU
		{84B5F7B2-4086-4E10-B7A0-B10B94D1E823}.AppStore|x86.ActiveCfg = Release|Any CPU
		{84B5F7B2-4086-4E10-B7A0-B10B94D1E823}.AppStore|x86.Build.0 = Release|Any CPU
		{84B5F7B2-4086-4E10-B7A0-B10B94D1E823}.Debug|Any CPU.ActiveCfg = Debug|Any CPU
		{84B5F7B2-4086-4E10-B7A0-B10B94D1E823}.Debug|Any CPU.Build.0 = Debug|Any CPU
		{84B5F7B2-4086-4E10-B7A0-B10B94D1E823}.Debug|ARM.ActiveCfg = Debug|Any CPU
		{84B5F7B2-4086-4E10-B7A0-B10B94D1E823}.Debug|ARM.Build.0 = Debug|Any CPU
		{84B5F7B2-4086-4E10-B7A0-B10B94D1E823}.Debug|iPhone.ActiveCfg = Debug|Any CPU
		{84B5F7B2-4086-4E10-B7A0-B10B94D1E823}.Debug|iPhone.Build.0 = Debug|Any CPU
		{84B5F7B2-4086-4E10-B7A0-B10B94D1E823}.Debug|iPhoneSimulator.ActiveCfg = Debug|Any CPU
		{84B5F7B2-4086-4E10-B7A0-B10B94D1E823}.Debug|iPhoneSimulator.Build.0 = Debug|Any CPU
		{84B5F7B2-4086-4E10-B7A0-B10B94D1E823}.Debug|x64.ActiveCfg = Debug|Any CPU
		{84B5F7B2-4086-4E10-B7A0-B10B94D1E823}.Debug|x64.Build.0 = Debug|Any CPU
		{84B5F7B2-4086-4E10-B7A0-B10B94D1E823}.Debug|x86.ActiveCfg = Debug|Any CPU
		{84B5F7B2-4086-4E10-B7A0-B10B94D1E823}.Debug|x86.Build.0 = Debug|Any CPU
		{84B5F7B2-4086-4E10-B7A0-B10B94D1E823}.Release|Any CPU.ActiveCfg = Release|Any CPU
		{84B5F7B2-4086-4E10-B7A0-B10B94D1E823}.Release|Any CPU.Build.0 = Release|Any CPU
		{84B5F7B2-4086-4E10-B7A0-B10B94D1E823}.Release|ARM.ActiveCfg = Release|Any CPU
		{84B5F7B2-4086-4E10-B7A0-B10B94D1E823}.Release|ARM.Build.0 = Release|Any CPU
		{84B5F7B2-4086-4E10-B7A0-B10B94D1E823}.Release|iPhone.ActiveCfg = Release|Any CPU
		{84B5F7B2-4086-4E10-B7A0-B10B94D1E823}.Release|iPhone.Build.0 = Release|Any CPU
		{84B5F7B2-4086-4E10-B7A0-B10B94D1E823}.Release|iPhoneSimulator.ActiveCfg = Release|Any CPU
		{84B5F7B2-4086-4E10-B7A0-B10B94D1E823}.Release|iPhoneSimulator.Build.0 = Release|Any CPU
		{84B5F7B2-4086-4E10-B7A0-B10B94D1E823}.Release|x64.ActiveCfg = Release|Any CPU
		{84B5F7B2-4086-4E10-B7A0-B10B94D1E823}.Release|x64.Build.0 = Release|Any CPU
		{84B5F7B2-4086-4E10-B7A0-B10B94D1E823}.Release|x86.ActiveCfg = Release|Any CPU
		{84B5F7B2-4086-4E10-B7A0-B10B94D1E823}.Release|x86.Build.0 = Release|Any CPU
		{1A620890-A516-4002-B1E5-2794BE9CE336}.Ad-Hoc|Any CPU.ActiveCfg = Release|Any CPU
		{1A620890-A516-4002-B1E5-2794BE9CE336}.Ad-Hoc|Any CPU.Build.0 = Release|Any CPU
		{1A620890-A516-4002-B1E5-2794BE9CE336}.Ad-Hoc|Any CPU.Deploy.0 = Release|Any CPU
		{1A620890-A516-4002-B1E5-2794BE9CE336}.Ad-Hoc|ARM.ActiveCfg = Release|Any CPU
		{1A620890-A516-4002-B1E5-2794BE9CE336}.Ad-Hoc|ARM.Build.0 = Release|Any CPU
		{1A620890-A516-4002-B1E5-2794BE9CE336}.Ad-Hoc|ARM.Deploy.0 = Release|Any CPU
		{1A620890-A516-4002-B1E5-2794BE9CE336}.Ad-Hoc|iPhone.ActiveCfg = Release|Any CPU
		{1A620890-A516-4002-B1E5-2794BE9CE336}.Ad-Hoc|iPhone.Build.0 = Release|Any CPU
		{1A620890-A516-4002-B1E5-2794BE9CE336}.Ad-Hoc|iPhone.Deploy.0 = Release|Any CPU
		{1A620890-A516-4002-B1E5-2794BE9CE336}.Ad-Hoc|iPhoneSimulator.ActiveCfg = Release|Any CPU
		{1A620890-A516-4002-B1E5-2794BE9CE336}.Ad-Hoc|iPhoneSimulator.Build.0 = Release|Any CPU
		{1A620890-A516-4002-B1E5-2794BE9CE336}.Ad-Hoc|iPhoneSimulator.Deploy.0 = Release|Any CPU
		{1A620890-A516-4002-B1E5-2794BE9CE336}.Ad-Hoc|x64.ActiveCfg = Release|Any CPU
		{1A620890-A516-4002-B1E5-2794BE9CE336}.Ad-Hoc|x64.Build.0 = Release|Any CPU
		{1A620890-A516-4002-B1E5-2794BE9CE336}.Ad-Hoc|x64.Deploy.0 = Release|Any CPU
		{1A620890-A516-4002-B1E5-2794BE9CE336}.Ad-Hoc|x86.ActiveCfg = Release|Any CPU
		{1A620890-A516-4002-B1E5-2794BE9CE336}.Ad-Hoc|x86.Build.0 = Release|Any CPU
		{1A620890-A516-4002-B1E5-2794BE9CE336}.Ad-Hoc|x86.Deploy.0 = Release|Any CPU
		{1A620890-A516-4002-B1E5-2794BE9CE336}.AppStore|Any CPU.ActiveCfg = Release|Any CPU
		{1A620890-A516-4002-B1E5-2794BE9CE336}.AppStore|Any CPU.Build.0 = Release|Any CPU
		{1A620890-A516-4002-B1E5-2794BE9CE336}.AppStore|Any CPU.Deploy.0 = Release|Any CPU
		{1A620890-A516-4002-B1E5-2794BE9CE336}.AppStore|ARM.ActiveCfg = Release|Any CPU
		{1A620890-A516-4002-B1E5-2794BE9CE336}.AppStore|ARM.Build.0 = Release|Any CPU
		{1A620890-A516-4002-B1E5-2794BE9CE336}.AppStore|ARM.Deploy.0 = Release|Any CPU
		{1A620890-A516-4002-B1E5-2794BE9CE336}.AppStore|iPhone.ActiveCfg = Release|Any CPU
		{1A620890-A516-4002-B1E5-2794BE9CE336}.AppStore|iPhone.Build.0 = Release|Any CPU
		{1A620890-A516-4002-B1E5-2794BE9CE336}.AppStore|iPhone.Deploy.0 = Release|Any CPU
		{1A620890-A516-4002-B1E5-2794BE9CE336}.AppStore|iPhoneSimulator.ActiveCfg = Release|Any CPU
		{1A620890-A516-4002-B1E5-2794BE9CE336}.AppStore|iPhoneSimulator.Build.0 = Release|Any CPU
		{1A620890-A516-4002-B1E5-2794BE9CE336}.AppStore|iPhoneSimulator.Deploy.0 = Release|Any CPU
		{1A620890-A516-4002-B1E5-2794BE9CE336}.AppStore|x64.ActiveCfg = Release|Any CPU
		{1A620890-A516-4002-B1E5-2794BE9CE336}.AppStore|x64.Build.0 = Release|Any CPU
		{1A620890-A516-4002-B1E5-2794BE9CE336}.AppStore|x64.Deploy.0 = Release|Any CPU
		{1A620890-A516-4002-B1E5-2794BE9CE336}.AppStore|x86.ActiveCfg = Release|Any CPU
		{1A620890-A516-4002-B1E5-2794BE9CE336}.AppStore|x86.Build.0 = Release|Any CPU
		{1A620890-A516-4002-B1E5-2794BE9CE336}.AppStore|x86.Deploy.0 = Release|Any CPU
		{1A620890-A516-4002-B1E5-2794BE9CE336}.Debug|Any CPU.ActiveCfg = Debug|Any CPU
		{1A620890-A516-4002-B1E5-2794BE9CE336}.Debug|Any CPU.Build.0 = Debug|Any CPU
		{1A620890-A516-4002-B1E5-2794BE9CE336}.Debug|Any CPU.Deploy.0 = Debug|Any CPU
		{1A620890-A516-4002-B1E5-2794BE9CE336}.Debug|ARM.ActiveCfg = Debug|Any CPU
		{1A620890-A516-4002-B1E5-2794BE9CE336}.Debug|ARM.Build.0 = Debug|Any CPU
		{1A620890-A516-4002-B1E5-2794BE9CE336}.Debug|ARM.Deploy.0 = Debug|Any CPU
		{1A620890-A516-4002-B1E5-2794BE9CE336}.Debug|iPhone.ActiveCfg = Debug|Any CPU
		{1A620890-A516-4002-B1E5-2794BE9CE336}.Debug|iPhone.Build.0 = Debug|Any CPU
		{1A620890-A516-4002-B1E5-2794BE9CE336}.Debug|iPhone.Deploy.0 = Debug|Any CPU
		{1A620890-A516-4002-B1E5-2794BE9CE336}.Debug|iPhoneSimulator.ActiveCfg = Debug|Any CPU
		{1A620890-A516-4002-B1E5-2794BE9CE336}.Debug|iPhoneSimulator.Build.0 = Debug|Any CPU
		{1A620890-A516-4002-B1E5-2794BE9CE336}.Debug|iPhoneSimulator.Deploy.0 = Debug|Any CPU
		{1A620890-A516-4002-B1E5-2794BE9CE336}.Debug|x64.ActiveCfg = Debug|Any CPU
		{1A620890-A516-4002-B1E5-2794BE9CE336}.Debug|x64.Build.0 = Debug|Any CPU
		{1A620890-A516-4002-B1E5-2794BE9CE336}.Debug|x64.Deploy.0 = Debug|Any CPU
		{1A620890-A516-4002-B1E5-2794BE9CE336}.Debug|x86.ActiveCfg = Debug|Any CPU
		{1A620890-A516-4002-B1E5-2794BE9CE336}.Debug|x86.Build.0 = Debug|Any CPU
		{1A620890-A516-4002-B1E5-2794BE9CE336}.Debug|x86.Deploy.0 = Debug|Any CPU
		{1A620890-A516-4002-B1E5-2794BE9CE336}.Release|Any CPU.ActiveCfg = Release|Any CPU
		{1A620890-A516-4002-B1E5-2794BE9CE336}.Release|Any CPU.Build.0 = Release|Any CPU
		{1A620890-A516-4002-B1E5-2794BE9CE336}.Release|Any CPU.Deploy.0 = Release|Any CPU
		{1A620890-A516-4002-B1E5-2794BE9CE336}.Release|ARM.ActiveCfg = Release|Any CPU
		{1A620890-A516-4002-B1E5-2794BE9CE336}.Release|ARM.Build.0 = Release|Any CPU
		{1A620890-A516-4002-B1E5-2794BE9CE336}.Release|ARM.Deploy.0 = Release|Any CPU
		{1A620890-A516-4002-B1E5-2794BE9CE336}.Release|iPhone.ActiveCfg = Release|Any CPU
		{1A620890-A516-4002-B1E5-2794BE9CE336}.Release|iPhone.Build.0 = Release|Any CPU
		{1A620890-A516-4002-B1E5-2794BE9CE336}.Release|iPhone.Deploy.0 = Release|Any CPU
		{1A620890-A516-4002-B1E5-2794BE9CE336}.Release|iPhoneSimulator.ActiveCfg = Release|Any CPU
		{1A620890-A516-4002-B1E5-2794BE9CE336}.Release|iPhoneSimulator.Build.0 = Release|Any CPU
		{1A620890-A516-4002-B1E5-2794BE9CE336}.Release|iPhoneSimulator.Deploy.0 = Release|Any CPU
		{1A620890-A516-4002-B1E5-2794BE9CE336}.Release|x64.ActiveCfg = Release|Any CPU
		{1A620890-A516-4002-B1E5-2794BE9CE336}.Release|x64.Build.0 = Release|Any CPU
		{1A620890-A516-4002-B1E5-2794BE9CE336}.Release|x64.Deploy.0 = Release|Any CPU
		{1A620890-A516-4002-B1E5-2794BE9CE336}.Release|x86.ActiveCfg = Release|Any CPU
		{1A620890-A516-4002-B1E5-2794BE9CE336}.Release|x86.Build.0 = Release|Any CPU
		{1A620890-A516-4002-B1E5-2794BE9CE336}.Release|x86.Deploy.0 = Release|Any CPU
		{D83F8431-B441-4895-B620-B07CD63B28E0}.Ad-Hoc|Any CPU.ActiveCfg = Ad-Hoc|iPhone
		{D83F8431-B441-4895-B620-B07CD63B28E0}.Ad-Hoc|ARM.ActiveCfg = Ad-Hoc|iPhone
		{D83F8431-B441-4895-B620-B07CD63B28E0}.Ad-Hoc|iPhone.ActiveCfg = Ad-Hoc|iPhone
		{D83F8431-B441-4895-B620-B07CD63B28E0}.Ad-Hoc|iPhone.Build.0 = Ad-Hoc|iPhone
		{D83F8431-B441-4895-B620-B07CD63B28E0}.Ad-Hoc|iPhoneSimulator.ActiveCfg = Ad-Hoc|iPhoneSimulator
		{D83F8431-B441-4895-B620-B07CD63B28E0}.Ad-Hoc|iPhoneSimulator.Build.0 = Ad-Hoc|iPhoneSimulator
		{D83F8431-B441-4895-B620-B07CD63B28E0}.Ad-Hoc|x64.ActiveCfg = Ad-Hoc|iPhone
		{D83F8431-B441-4895-B620-B07CD63B28E0}.Ad-Hoc|x86.ActiveCfg = Ad-Hoc|iPhone
		{D83F8431-B441-4895-B620-B07CD63B28E0}.AppStore|Any CPU.ActiveCfg = AppStore|iPhone
		{D83F8431-B441-4895-B620-B07CD63B28E0}.AppStore|ARM.ActiveCfg = AppStore|iPhone
		{D83F8431-B441-4895-B620-B07CD63B28E0}.AppStore|iPhone.ActiveCfg = AppStore|iPhone
		{D83F8431-B441-4895-B620-B07CD63B28E0}.AppStore|iPhone.Build.0 = AppStore|iPhone
		{D83F8431-B441-4895-B620-B07CD63B28E0}.AppStore|iPhoneSimulator.ActiveCfg = AppStore|iPhoneSimulator
		{D83F8431-B441-4895-B620-B07CD63B28E0}.AppStore|iPhoneSimulator.Build.0 = AppStore|iPhoneSimulator
		{D83F8431-B441-4895-B620-B07CD63B28E0}.AppStore|x64.ActiveCfg = AppStore|iPhone
		{D83F8431-B441-4895-B620-B07CD63B28E0}.AppStore|x86.ActiveCfg = AppStore|iPhone
		{D83F8431-B441-4895-B620-B07CD63B28E0}.Debug|Any CPU.ActiveCfg = Debug|iPhone
		{D83F8431-B441-4895-B620-B07CD63B28E0}.Debug|ARM.ActiveCfg = Debug|iPhone
		{D83F8431-B441-4895-B620-B07CD63B28E0}.Debug|iPhone.ActiveCfg = Debug|iPhone
		{D83F8431-B441-4895-B620-B07CD63B28E0}.Debug|iPhone.Build.0 = Debug|iPhone
		{D83F8431-B441-4895-B620-B07CD63B28E0}.Debug|iPhoneSimulator.ActiveCfg = Debug|iPhoneSimulator
		{D83F8431-B441-4895-B620-B07CD63B28E0}.Debug|iPhoneSimulator.Build.0 = Debug|iPhoneSimulator
		{D83F8431-B441-4895-B620-B07CD63B28E0}.Debug|x64.ActiveCfg = Debug|iPhone
		{D83F8431-B441-4895-B620-B07CD63B28E0}.Debug|x86.ActiveCfg = Debug|iPhone
		{D83F8431-B441-4895-B620-B07CD63B28E0}.Release|Any CPU.ActiveCfg = Release|iPhone
		{D83F8431-B441-4895-B620-B07CD63B28E0}.Release|ARM.ActiveCfg = Release|iPhone
		{D83F8431-B441-4895-B620-B07CD63B28E0}.Release|iPhone.ActiveCfg = Release|iPhone
		{D83F8431-B441-4895-B620-B07CD63B28E0}.Release|iPhone.Build.0 = Release|iPhone
		{D83F8431-B441-4895-B620-B07CD63B28E0}.Release|iPhoneSimulator.ActiveCfg = Release|iPhoneSimulator
		{D83F8431-B441-4895-B620-B07CD63B28E0}.Release|iPhoneSimulator.Build.0 = Release|iPhoneSimulator
		{D83F8431-B441-4895-B620-B07CD63B28E0}.Release|x64.ActiveCfg = Release|iPhone
		{D83F8431-B441-4895-B620-B07CD63B28E0}.Release|x86.ActiveCfg = Release|iPhone
		{A13EACC7-3070-459F-B615-715F232BB648}.Ad-Hoc|Any CPU.ActiveCfg = Release|x86
		{A13EACC7-3070-459F-B615-715F232BB648}.Ad-Hoc|Any CPU.Build.0 = Release|x86
		{A13EACC7-3070-459F-B615-715F232BB648}.Ad-Hoc|Any CPU.Deploy.0 = Release|x86
		{A13EACC7-3070-459F-B615-715F232BB648}.Ad-Hoc|ARM.ActiveCfg = Release|ARM
		{A13EACC7-3070-459F-B615-715F232BB648}.Ad-Hoc|ARM.Build.0 = Release|ARM
		{A13EACC7-3070-459F-B615-715F232BB648}.Ad-Hoc|ARM.Deploy.0 = Release|ARM
		{A13EACC7-3070-459F-B615-715F232BB648}.Ad-Hoc|iPhone.ActiveCfg = Release|x86
		{A13EACC7-3070-459F-B615-715F232BB648}.Ad-Hoc|iPhone.Build.0 = Release|x86
		{A13EACC7-3070-459F-B615-715F232BB648}.Ad-Hoc|iPhone.Deploy.0 = Release|x86
		{A13EACC7-3070-459F-B615-715F232BB648}.Ad-Hoc|iPhoneSimulator.ActiveCfg = Release|x86
		{A13EACC7-3070-459F-B615-715F232BB648}.Ad-Hoc|iPhoneSimulator.Build.0 = Release|x86
		{A13EACC7-3070-459F-B615-715F232BB648}.Ad-Hoc|iPhoneSimulator.Deploy.0 = Release|x86
		{A13EACC7-3070-459F-B615-715F232BB648}.Ad-Hoc|x64.ActiveCfg = Release|x64
		{A13EACC7-3070-459F-B615-715F232BB648}.Ad-Hoc|x64.Build.0 = Release|x64
		{A13EACC7-3070-459F-B615-715F232BB648}.Ad-Hoc|x64.Deploy.0 = Release|x64
		{A13EACC7-3070-459F-B615-715F232BB648}.Ad-Hoc|x86.ActiveCfg = Release|x86
		{A13EACC7-3070-459F-B615-715F232BB648}.Ad-Hoc|x86.Build.0 = Release|x86
		{A13EACC7-3070-459F-B615-715F232BB648}.Ad-Hoc|x86.Deploy.0 = Release|x86
		{A13EACC7-3070-459F-B615-715F232BB648}.AppStore|Any CPU.ActiveCfg = Release|x86
		{A13EACC7-3070-459F-B615-715F232BB648}.AppStore|Any CPU.Build.0 = Release|x86
		{A13EACC7-3070-459F-B615-715F232BB648}.AppStore|Any CPU.Deploy.0 = Release|x86
		{A13EACC7-3070-459F-B615-715F232BB648}.AppStore|ARM.ActiveCfg = Release|ARM
		{A13EACC7-3070-459F-B615-715F232BB648}.AppStore|ARM.Build.0 = Release|ARM
		{A13EACC7-3070-459F-B615-715F232BB648}.AppStore|ARM.Deploy.0 = Release|ARM
		{A13EACC7-3070-459F-B615-715F232BB648}.AppStore|iPhone.ActiveCfg = Release|x86
		{A13EACC7-3070-459F-B615-715F232BB648}.AppStore|iPhone.Build.0 = Release|x86
		{A13EACC7-3070-459F-B615-715F232BB648}.AppStore|iPhone.Deploy.0 = Release|x86
		{A13EACC7-3070-459F-B615-715F232BB648}.AppStore|iPhoneSimulator.ActiveCfg = Release|x86
		{A13EACC7-3070-459F-B615-715F232BB648}.AppStore|iPhoneSimulator.Build.0 = Release|x86
		{A13EACC7-3070-459F-B615-715F232BB648}.AppStore|iPhoneSimulator.Deploy.0 = Release|x86
		{A13EACC7-3070-459F-B615-715F232BB648}.AppStore|x64.ActiveCfg = Release|x64
		{A13EACC7-3070-459F-B615-715F232BB648}.AppStore|x64.Build.0 = Release|x64
		{A13EACC7-3070-459F-B615-715F232BB648}.AppStore|x64.Deploy.0 = Release|x64
		{A13EACC7-3070-459F-B615-715F232BB648}.AppStore|x86.ActiveCfg = Release|x86
		{A13EACC7-3070-459F-B615-715F232BB648}.AppStore|x86.Build.0 = Release|x86
		{A13EACC7-3070-459F-B615-715F232BB648}.AppStore|x86.Deploy.0 = Release|x86
		{A13EACC7-3070-459F-B615-715F232BB648}.Debug|Any CPU.ActiveCfg = Debug|x86
		{A13EACC7-3070-459F-B615-715F232BB648}.Debug|Any CPU.Build.0 = Debug|x86
		{A13EACC7-3070-459F-B615-715F232BB648}.Debug|Any CPU.Deploy.0 = Debug|x86
		{A13EACC7-3070-459F-B615-715F232BB648}.Debug|ARM.ActiveCfg = Debug|ARM
		{A13EACC7-3070-459F-B615-715F232BB648}.Debug|ARM.Build.0 = Debug|ARM
		{A13EACC7-3070-459F-B615-715F232BB648}.Debug|ARM.Deploy.0 = Debug|ARM
		{A13EACC7-3070-459F-B615-715F232BB648}.Debug|iPhone.ActiveCfg = Debug|x86
		{A13EACC7-3070-459F-B615-715F232BB648}.Debug|iPhoneSimulator.ActiveCfg = Debug|x86
		{A13EACC7-3070-459F-B615-715F232BB648}.Debug|x64.ActiveCfg = Debug|x64
		{A13EACC7-3070-459F-B615-715F232BB648}.Debug|x64.Build.0 = Debug|x64
		{A13EACC7-3070-459F-B615-715F232BB648}.Debug|x64.Deploy.0 = Debug|x64
		{A13EACC7-3070-459F-B615-715F232BB648}.Debug|x86.ActiveCfg = Debug|x86
		{A13EACC7-3070-459F-B615-715F232BB648}.Debug|x86.Build.0 = Debug|x86
		{A13EACC7-3070-459F-B615-715F232BB648}.Debug|x86.Deploy.0 = Debug|x86
		{A13EACC7-3070-459F-B615-715F232BB648}.Release|Any CPU.ActiveCfg = Release|x86
		{A13EACC7-3070-459F-B615-715F232BB648}.Release|ARM.ActiveCfg = Release|ARM
		{A13EACC7-3070-459F-B615-715F232BB648}.Release|ARM.Build.0 = Release|ARM
		{A13EACC7-3070-459F-B615-715F232BB648}.Release|ARM.Deploy.0 = Release|ARM
		{A13EACC7-3070-459F-B615-715F232BB648}.Release|iPhone.ActiveCfg = Release|x86
		{A13EACC7-3070-459F-B615-715F232BB648}.Release|iPhoneSimulator.ActiveCfg = Release|x86
		{A13EACC7-3070-459F-B615-715F232BB648}.Release|x64.ActiveCfg = Release|x64
		{A13EACC7-3070-459F-B615-715F232BB648}.Release|x64.Build.0 = Release|x64
		{A13EACC7-3070-459F-B615-715F232BB648}.Release|x64.Deploy.0 = Release|x64
		{A13EACC7-3070-459F-B615-715F232BB648}.Release|x86.ActiveCfg = Release|x86
		{A13EACC7-3070-459F-B615-715F232BB648}.Release|x86.Build.0 = Release|x86
		{A13EACC7-3070-459F-B615-715F232BB648}.Release|x86.Deploy.0 = Release|x86
	EndGlobalSection
	GlobalSection(SolutionProperties) = preSolution
		HideSolutionNode = FALSE
	EndGlobalSection
EndGlobal
