
Microsoft Visual Studio Solution File, Format Version 12.00
# Visual Studio 14
VisualStudioVersion = 14.0.25420.1
MinimumVisualStudioVersion = 10.0.40219.1
Project("{FAE04EC0-301F-11D3-BF4B-00C04F79EFBC}") = "XFCustomRenderer", "XFCustomRenderer\XFCustomRenderer\XFCustomRenderer.csproj", "{C26682D4-1634-4493-ACDF-C04927461C03}"
EndProject
Project("{FAE04EC0-301F-11D3-BF4B-00C04F79EFBC}") = "XFCustomRenderer.Droid", "XFCustomRenderer\XFCustomRenderer.Droid\XFCustomRenderer.Droid.csproj", "{DC1FCE22-0DAA-4E4B-89D2-A508C48AC725}"
EndProject
Project("{FAE04EC0-301F-11D3-BF4B-00C04F79EFBC}") = "XFCustomRenderer.iOS", "XFCustomRenderer\XFCustomRenderer.iOS\XFCustomRenderer.iOS.csproj", "{0BCBA3B9-D162-4333-8422-56F6D6C1EA6E}"
EndProject
Project("{FAE04EC0-301F-11D3-BF4B-00C04F79EFBC}") = "XFCustomRenderer.UWP", "XFCustomRenderer\XFCustomRenderer.UWP\XFCustomRenderer.UWP.csproj", "{85ECA61B-C16C-4AA1-A5FB-CAF12BD68594}"
EndProject
Global
	GlobalSection(SolutionConfigurationPlatforms) = preSolution
		Ad-Hoc|Any CPU = Ad-Hoc|Any CPU
		Ad-Hoc|ARM = Ad-Hoc|ARM
		Ad-Hoc|iPhone = Ad-Hoc|iPhone
		Ad-Hoc|iPhoneSimulator = Ad-Hoc|iPhoneSimulator
		Ad-Hoc|x64 = Ad-Hoc|x64
		Ad-Hoc|x86 = Ad-Hoc|x86
		AppStore|Any CPU = AppStore|Any CPU
		AppStore|ARM = AppStore|ARM
		AppStore|iPhone = AppStore|iPhone
		AppStore|iPhoneSimulator = AppStore|iPhoneSimulator
		AppStore|x64 = AppStore|x64
		AppStore|x86 = AppStore|x86
		Debug|Any CPU = Debug|Any CPU
		Debug|ARM = Debug|ARM
		Debug|iPhone = Debug|iPhone
		Debug|iPhoneSimulator = Debug|iPhoneSimulator
		Debug|x64 = Debug|x64
		Debug|x86 = Debug|x86
		Release|Any CPU = Release|Any CPU
		Release|ARM = Release|ARM
		Release|iPhone = Release|iPhone
		Release|iPhoneSimulator = Release|iPhoneSimulator
		Release|x64 = Release|x64
		Release|x86 = Release|x86
	EndGlobalSection
	GlobalSection(ProjectConfigurationPlatforms) = postSolution
		{C26682D4-1634-4493-ACDF-C04927461C03}.Ad-Hoc|Any CPU.ActiveCfg = Release|Any CPU
		{C26682D4-1634-4493-ACDF-C04927461C03}.Ad-Hoc|Any CPU.Build.0 = Release|Any CPU
		{C26682D4-1634-4493-ACDF-C04927461C03}.Ad-Hoc|ARM.ActiveCfg = Release|Any CPU
		{C26682D4-1634-4493-ACDF-C04927461C03}.Ad-Hoc|ARM.Build.0 = Release|Any CPU
		{C26682D4-1634-4493-ACDF-C04927461C03}.Ad-Hoc|iPhone.ActiveCfg = Release|Any CPU
		{C26682D4-1634-4493-ACDF-C04927461C03}.Ad-Hoc|iPhone.Build.0 = Release|Any CPU
		{C26682D4-1634-4493-ACDF-C04927461C03}.Ad-Hoc|iPhoneSimulator.ActiveCfg = Release|Any CPU
		{C26682D4-1634-4493-ACDF-C04927461C03}.Ad-Hoc|iPhoneSimulator.Build.0 = Release|Any CPU
		{C26682D4-1634-4493-ACDF-C04927461C03}.Ad-Hoc|x64.ActiveCfg = Release|Any CPU
		{C26682D4-1634-4493-ACDF-C04927461C03}.Ad-Hoc|x64.Build.0 = Release|Any CPU
		{C26682D4-1634-4493-ACDF-C04927461C03}.Ad-Hoc|x86.ActiveCfg = Release|Any CPU
		{C26682D4-1634-4493-ACDF-C04927461C03}.Ad-Hoc|x86.Build.0 = Release|Any CPU
		{C26682D4-1634-4493-ACDF-C04927461C03}.AppStore|Any CPU.ActiveCfg = Release|Any CPU
		{C26682D4-1634-4493-ACDF-C04927461C03}.AppStore|Any CPU.Build.0 = Release|Any CPU
		{C26682D4-1634-4493-ACDF-C04927461C03}.AppStore|ARM.ActiveCfg = Release|Any CPU
		{C26682D4-1634-4493-ACDF-C04927461C03}.AppStore|ARM.Build.0 = Release|Any CPU
		{C26682D4-1634-4493-ACDF-C04927461C03}.AppStore|iPhone.ActiveCfg = Release|Any CPU
		{C26682D4-1634-4493-ACDF-C04927461C03}.AppStore|iPhone.Build.0 = Release|Any CPU
		{C26682D4-1634-4493-ACDF-C04927461C03}.AppStore|iPhoneSimulator.ActiveCfg = Release|Any CPU
		{C26682D4-1634-4493-ACDF-C04927461C03}.AppStore|iPhoneSimulator.Build.0 = Release|Any CPU
		{C26682D4-1634-4493-ACDF-C04927461C03}.AppStore|x64.ActiveCfg = Release|Any CPU
		{C26682D4-1634-4493-ACDF-C04927461C03}.AppStore|x64.Build.0 = Release|Any CPU
		{C26682D4-1634-4493-ACDF-C04927461C03}.AppStore|x86.ActiveCfg = Release|Any CPU
		{C26682D4-1634-4493-ACDF-C04927461C03}.AppStore|x86.Build.0 = Release|Any CPU
		{C26682D4-1634-4493-ACDF-C04927461C03}.Debug|Any CPU.ActiveCfg = Debug|Any CPU
		{C26682D4-1634-4493-ACDF-C04927461C03}.Debug|Any CPU.Build.0 = Debug|Any CPU
		{C26682D4-1634-4493-ACDF-C04927461C03}.Debug|ARM.ActiveCfg = Debug|Any CPU
		{C26682D4-1634-4493-ACDF-C04927461C03}.Debug|ARM.Build.0 = Debug|Any CPU
		{C26682D4-1634-4493-ACDF-C04927461C03}.Debug|iPhone.ActiveCfg = Debug|Any CPU
		{C26682D4-1634-4493-ACDF-C04927461C03}.Debug|iPhone.Build.0 = Debug|Any CPU
		{C26682D4-1634-4493-ACDF-C04927461C03}.Debug|iPhoneSimulator.ActiveCfg = Debug|Any CPU
		{C26682D4-1634-4493-ACDF-C04927461C03}.Debug|iPhoneSimulator.Build.0 = Debug|Any CPU
		{C26682D4-1634-4493-ACDF-C04927461C03}.Debug|x64.ActiveCfg = Debug|Any CPU
		{C26682D4-1634-4493-ACDF-C04927461C03}.Debug|x64.Build.0 = Debug|Any CPU
		{C26682D4-1634-4493-ACDF-C04927461C03}.Debug|x86.ActiveCfg = Debug|Any CPU
		{C26682D4-1634-4493-ACDF-C04927461C03}.Debug|x86.Build.0 = Debug|Any CPU
		{C26682D4-1634-4493-ACDF-C04927461C03}.Release|Any CPU.ActiveCfg = Release|Any CPU
		{C26682D4-1634-4493-ACDF-C04927461C03}.Release|Any CPU.Build.0 = Release|Any CPU
		{C26682D4-1634-4493-ACDF-C04927461C03}.Release|ARM.ActiveCfg = Release|Any CPU
		{C26682D4-1634-4493-ACDF-C04927461C03}.Release|ARM.Build.0 = Release|Any CPU
		{C26682D4-1634-4493-ACDF-C04927461C03}.Release|iPhone.ActiveCfg = Release|Any CPU
		{C26682D4-1634-4493-ACDF-C04927461C03}.Release|iPhone.Build.0 = Release|Any CPU
		{C26682D4-1634-4493-ACDF-C04927461C03}.Release|iPhoneSimulator.ActiveCfg = Release|Any CPU
		{C26682D4-1634-4493-ACDF-C04927461C03}.Release|iPhoneSimulator.Build.0 = Release|Any CPU
		{C26682D4-1634-4493-ACDF-C04927461C03}.Release|x64.ActiveCfg = Release|Any CPU
		{C26682D4-1634-4493-ACDF-C04927461C03}.Release|x64.Build.0 = Release|Any CPU
		{C26682D4-1634-4493-ACDF-C04927461C03}.Release|x86.ActiveCfg = Release|Any CPU
		{C26682D4-1634-4493-ACDF-C04927461C03}.Release|x86.Build.0 = Release|Any CPU
		{DC1FCE22-0DAA-4E4B-89D2-A508C48AC725}.Ad-Hoc|Any CPU.ActiveCfg = Release|Any CPU
		{DC1FCE22-0DAA-4E4B-89D2-A508C48AC725}.Ad-Hoc|Any CPU.Build.0 = Release|Any CPU
		{DC1FCE22-0DAA-4E4B-89D2-A508C48AC725}.Ad-Hoc|Any CPU.Deploy.0 = Release|Any CPU
		{DC1FCE22-0DAA-4E4B-89D2-A508C48AC725}.Ad-Hoc|ARM.ActiveCfg = Release|Any CPU
		{DC1FCE22-0DAA-4E4B-89D2-A508C48AC725}.Ad-Hoc|ARM.Build.0 = Release|Any CPU
		{DC1FCE22-0DAA-4E4B-89D2-A508C48AC725}.Ad-Hoc|ARM.Deploy.0 = Release|Any CPU
		{DC1FCE22-0DAA-4E4B-89D2-A508C48AC725}.Ad-Hoc|iPhone.ActiveCfg = Release|Any CPU
		{DC1FCE22-0DAA-4E4B-89D2-A508C48AC725}.Ad-Hoc|iPhone.Build.0 = Release|Any CPU
		{DC1FCE22-0DAA-4E4B-89D2-A508C48AC725}.Ad-Hoc|iPhone.Deploy.0 = Release|Any CPU
		{DC1FCE22-0DAA-4E4B-89D2-A508C48AC725}.Ad-Hoc|iPhoneSimulator.ActiveCfg = Release|Any CPU
		{DC1FCE22-0DAA-4E4B-89D2-A508C48AC725}.Ad-Hoc|iPhoneSimulator.Build.0 = Release|Any CPU
		{DC1FCE22-0DAA-4E4B-89D2-A508C48AC725}.Ad-Hoc|iPhoneSimulator.Deploy.0 = Release|Any CPU
		{DC1FCE22-0DAA-4E4B-89D2-A508C48AC725}.Ad-Hoc|x64.ActiveCfg = Release|Any CPU
		{DC1FCE22-0DAA-4E4B-89D2-A508C48AC725}.Ad-Hoc|x64.Build.0 = Release|Any CPU
		{DC1FCE22-0DAA-4E4B-89D2-A508C48AC725}.Ad-Hoc|x64.Deploy.0 = Release|Any CPU
		{DC1FCE22-0DAA-4E4B-89D2-A508C48AC725}.Ad-Hoc|x86.ActiveCfg = Release|Any CPU
		{DC1FCE22-0DAA-4E4B-89D2-A508C48AC725}.Ad-Hoc|x86.Build.0 = Release|Any CPU
		{DC1FCE22-0DAA-4E4B-89D2-A508C48AC725}.Ad-Hoc|x86.Deploy.0 = Release|Any CPU
		{DC1FCE22-0DAA-4E4B-89D2-A508C48AC725}.AppStore|Any CPU.ActiveCfg = Release|Any CPU
		{DC1FCE22-0DAA-4E4B-89D2-A508C48AC725}.AppStore|Any CPU.Build.0 = Release|Any CPU
		{DC1FCE22-0DAA-4E4B-89D2-A508C48AC725}.AppStore|Any CPU.Deploy.0 = Release|Any CPU
		{DC1FCE22-0DAA-4E4B-89D2-A508C48AC725}.AppStore|ARM.ActiveCfg = Release|Any CPU
		{DC1FCE22-0DAA-4E4B-89D2-A508C48AC725}.AppStore|ARM.Build.0 = Release|Any CPU
		{DC1FCE22-0DAA-4E4B-89D2-A508C48AC725}.AppStore|ARM.Deploy.0 = Release|Any CPU
		{DC1FCE22-0DAA-4E4B-89D2-A508C48AC725}.AppStore|iPhone.ActiveCfg = Release|Any CPU
		{DC1FCE22-0DAA-4E4B-89D2-A508C48AC725}.AppStore|iPhone.Build.0 = Release|Any CPU
		{DC1FCE22-0DAA-4E4B-89D2-A508C48AC725}.AppStore|iPhone.Deploy.0 = Release|Any CPU
		{DC1FCE22-0DAA-4E4B-89D2-A508C48AC725}.AppStore|iPhoneSimulator.ActiveCfg = Release|Any CPU
		{DC1FCE22-0DAA-4E4B-89D2-A508C48AC725}.AppStore|iPhoneSimulator.Build.0 = Release|Any CPU
		{DC1FCE22-0DAA-4E4B-89D2-A508C48AC725}.AppStore|iPhoneSimulator.Deploy.0 = Release|Any CPU
		{DC1FCE22-0DAA-4E4B-89D2-A508C48AC725}.AppStore|x64.ActiveCfg = Release|Any CPU
		{DC1FCE22-0DAA-4E4B-89D2-A508C48AC725}.AppStore|x64.Build.0 = Release|Any CPU
		{DC1FCE22-0DAA-4E4B-89D2-A508C48AC725}.AppStore|x64.Deploy.0 = Release|Any CPU
		{DC1FCE22-0DAA-4E4B-89D2-A508C48AC725}.AppStore|x86.ActiveCfg = Release|Any CPU
		{DC1FCE22-0DAA-4E4B-89D2-A508C48AC725}.AppStore|x86.Build.0 = Release|Any CPU
		{DC1FCE22-0DAA-4E4B-89D2-A508C48AC725}.AppStore|x86.Deploy.0 = Release|Any CPU
		{DC1FCE22-0DAA-4E4B-89D2-A508C48AC725}.Debug|Any CPU.ActiveCfg = Debug|Any CPU
		{DC1FCE22-0DAA-4E4B-89D2-A508C48AC725}.Debug|Any CPU.Build.0 = Debug|Any CPU
		{DC1FCE22-0DAA-4E4B-89D2-A508C48AC725}.Debug|Any CPU.Deploy.0 = Debug|Any CPU
		{DC1FCE22-0DAA-4E4B-89D2-A508C48AC725}.Debug|ARM.ActiveCfg = Debug|Any CPU
		{DC1FCE22-0DAA-4E4B-89D2-A508C48AC725}.Debug|ARM.Build.0 = Debug|Any CPU
		{DC1FCE22-0DAA-4E4B-89D2-A508C48AC725}.Debug|ARM.Deploy.0 = Debug|Any CPU
		{DC1FCE22-0DAA-4E4B-89D2-A508C48AC725}.Debug|iPhone.ActiveCfg = Debug|Any CPU
		{DC1FCE22-0DAA-4E4B-89D2-A508C48AC725}.Debug|iPhone.Build.0 = Debug|Any CPU
		{DC1FCE22-0DAA-4E4B-89D2-A508C48AC725}.Debug|iPhone.Deploy.0 = Debug|Any CPU
		{DC1FCE22-0DAA-4E4B-89D2-A508C48AC725}.Debug|iPhoneSimulator.ActiveCfg = Debug|Any CPU
		{DC1FCE22-0DAA-4E4B-89D2-A508C48AC725}.Debug|iPhoneSimulator.Build.0 = Debug|Any CPU
		{DC1FCE22-0DAA-4E4B-89D2-A508C48AC725}.Debug|iPhoneSimulator.Deploy.0 = Debug|Any CPU
		{DC1FCE22-0DAA-4E4B-89D2-A508C48AC725}.Debug|x64.ActiveCfg = Debug|Any CPU
		{DC1FCE22-0DAA-4E4B-89D2-A508C48AC725}.Debug|x64.Build.0 = Debug|Any CPU
		{DC1FCE22-0DAA-4E4B-89D2-A508C48AC725}.Debug|x64.Deploy.0 = Debug|Any CPU
		{DC1FCE22-0DAA-4E4B-89D2-A508C48AC725}.Debug|x86.ActiveCfg = Debug|Any CPU
		{DC1FCE22-0DAA-4E4B-89D2-A508C48AC725}.Debug|x86.Build.0 = Debug|Any CPU
		{DC1FCE22-0DAA-4E4B-89D2-A508C48AC725}.Debug|x86.Deploy.0 = Debug|Any CPU
		{DC1FCE22-0DAA-4E4B-89D2-A508C48AC725}.Release|Any CPU.ActiveCfg = Release|Any CPU
		{DC1FCE22-0DAA-4E4B-89D2-A508C48AC725}.Release|Any CPU.Build.0 = Release|Any CPU
		{DC1FCE22-0DAA-4E4B-89D2-A508C48AC725}.Release|Any CPU.Deploy.0 = Release|Any CPU
		{DC1FCE22-0DAA-4E4B-89D2-A508C48AC725}.Release|ARM.ActiveCfg = Release|Any CPU
		{DC1FCE22-0DAA-4E4B-89D2-A508C48AC725}.Release|ARM.Build.0 = Release|Any CPU
		{DC1FCE22-0DAA-4E4B-89D2-A508C48AC725}.Release|ARM.Deploy.0 = Release|Any CPU
		{DC1FCE22-0DAA-4E4B-89D2-A508C48AC725}.Release|iPhone.ActiveCfg = Release|Any CPU
		{DC1FCE22-0DAA-4E4B-89D2-A508C48AC725}.Release|iPhone.Build.0 = Release|Any CPU
		{DC1FCE22-0DAA-4E4B-89D2-A508C48AC725}.Release|iPhone.Deploy.0 = Release|Any CPU
		{DC1FCE22-0DAA-4E4B-89D2-A508C48AC725}.Release|iPhoneSimulator.ActiveCfg = Release|Any CPU
		{DC1FCE22-0DAA-4E4B-89D2-A508C48AC725}.Release|iPhoneSimulator.Build.0 = Release|Any CPU
		{DC1FCE22-0DAA-4E4B-89D2-A508C48AC725}.Release|iPhoneSimulator.Deploy.0 = Release|Any CPU
		{DC1FCE22-0DAA-4E4B-89D2-A508C48AC725}.Release|x64.ActiveCfg = Release|Any CPU
		{DC1FCE22-0DAA-4E4B-89D2-A508C48AC725}.Release|x64.Build.0 = Release|Any CPU
		{DC1FCE22-0DAA-4E4B-89D2-A508C48AC725}.Release|x64.Deploy.0 = Release|Any CPU
		{DC1FCE22-0DAA-4E4B-89D2-A508C48AC725}.Release|x86.ActiveCfg = Release|Any CPU
		{DC1FCE22-0DAA-4E4B-89D2-A508C48AC725}.Release|x86.Build.0 = Release|Any CPU
		{DC1FCE22-0DAA-4E4B-89D2-A508C48AC725}.Release|x86.Deploy.0 = Release|Any CPU
		{0BCBA3B9-D162-4333-8422-56F6D6C1EA6E}.Ad-Hoc|Any CPU.ActiveCfg = Ad-Hoc|iPhone
		{0BCBA3B9-D162-4333-8422-56F6D6C1EA6E}.Ad-Hoc|ARM.ActiveCfg = Ad-Hoc|iPhone
		{0BCBA3B9-D162-4333-8422-56F6D6C1EA6E}.Ad-Hoc|iPhone.ActiveCfg = Ad-Hoc|iPhone
		{0BCBA3B9-D162-4333-8422-56F6D6C1EA6E}.Ad-Hoc|iPhone.Build.0 = Ad-Hoc|iPhone
		{0BCBA3B9-D162-4333-8422-56F6D6C1EA6E}.Ad-Hoc|iPhoneSimulator.ActiveCfg = Ad-Hoc|iPhoneSimulator
		{0BCBA3B9-D162-4333-8422-56F6D6C1EA6E}.Ad-Hoc|iPhoneSimulator.Build.0 = Ad-Hoc|iPhoneSimulator
		{0BCBA3B9-D162-4333-8422-56F6D6C1EA6E}.Ad-Hoc|x64.ActiveCfg = Ad-Hoc|iPhone
		{0BCBA3B9-D162-4333-8422-56F6D6C1EA6E}.Ad-Hoc|x86.ActiveCfg = Ad-Hoc|iPhone
		{0BCBA3B9-D162-4333-8422-56F6D6C1EA6E}.AppStore|Any CPU.ActiveCfg = AppStore|iPhone
		{0BCBA3B9-D162-4333-8422-56F6D6C1EA6E}.AppStore|ARM.ActiveCfg = AppStore|iPhone
		{0BCBA3B9-D162-4333-8422-56F6D6C1EA6E}.AppStore|iPhone.ActiveCfg = AppStore|iPhone
		{0BCBA3B9-D162-4333-8422-56F6D6C1EA6E}.AppStore|iPhone.Build.0 = AppStore|iPhone
		{0BCBA3B9-D162-4333-8422-56F6D6C1EA6E}.AppStore|iPhoneSimulator.ActiveCfg = AppStore|iPhoneSimulator
		{0BCBA3B9-D162-4333-8422-56F6D6C1EA6E}.AppStore|iPhoneSimulator.Build.0 = AppStore|iPhoneSimulator
		{0BCBA3B9-D162-4333-8422-56F6D6C1EA6E}.AppStore|x64.ActiveCfg = AppStore|iPhone
		{0BCBA3B9-D162-4333-8422-56F6D6C1EA6E}.AppStore|x86.ActiveCfg = AppStore|iPhone
		{0BCBA3B9-D162-4333-8422-56F6D6C1EA6E}.Debug|Any CPU.ActiveCfg = Debug|iPhone
		{0BCBA3B9-D162-4333-8422-56F6D6C1EA6E}.Debug|ARM.ActiveCfg = Debug|iPhone
		{0BCBA3B9-D162-4333-8422-56F6D6C1EA6E}.Debug|iPhone.ActiveCfg = Debug|iPhone
		{0BCBA3B9-D162-4333-8422-56F6D6C1EA6E}.Debug|iPhone.Build.0 = Debug|iPhone
		{0BCBA3B9-D162-4333-8422-56F6D6C1EA6E}.Debug|iPhoneSimulator.ActiveCfg = Debug|iPhoneSimulator
		{0BCBA3B9-D162-4333-8422-56F6D6C1EA6E}.Debug|iPhoneSimulator.Build.0 = Debug|iPhoneSimulator
		{0BCBA3B9-D162-4333-8422-56F6D6C1EA6E}.Debug|x64.ActiveCfg = Debug|iPhone
		{0BCBA3B9-D162-4333-8422-56F6D6C1EA6E}.Debug|x86.ActiveCfg = Debug|iPhone
		{0BCBA3B9-D162-4333-8422-56F6D6C1EA6E}.Debug|x86.Build.0 = Debug|iPhone
		{0BCBA3B9-D162-4333-8422-56F6D6C1EA6E}.Release|Any CPU.ActiveCfg = Release|iPhone
		{0BCBA3B9-D162-4333-8422-56F6D6C1EA6E}.Release|ARM.ActiveCfg = Release|iPhone
		{0BCBA3B9-D162-4333-8422-56F6D6C1EA6E}.Release|iPhone.ActiveCfg = Release|iPhone
		{0BCBA3B9-D162-4333-8422-56F6D6C1EA6E}.Release|iPhone.Build.0 = Release|iPhone
		{0BCBA3B9-D162-4333-8422-56F6D6C1EA6E}.Release|iPhoneSimulator.ActiveCfg = Release|iPhoneSimulator
		{0BCBA3B9-D162-4333-8422-56F6D6C1EA6E}.Release|iPhoneSimulator.Build.0 = Release|iPhoneSimulator
		{0BCBA3B9-D162-4333-8422-56F6D6C1EA6E}.Release|x64.ActiveCfg = Release|iPhone
		{0BCBA3B9-D162-4333-8422-56F6D6C1EA6E}.Release|x86.ActiveCfg = Release|iPhone
		{85ECA61B-C16C-4AA1-A5FB-CAF12BD68594}.Ad-Hoc|Any CPU.ActiveCfg = Release|x86
		{85ECA61B-C16C-4AA1-A5FB-CAF12BD68594}.Ad-Hoc|Any CPU.Build.0 = Release|x86
		{85ECA61B-C16C-4AA1-A5FB-CAF12BD68594}.Ad-Hoc|Any CPU.Deploy.0 = Release|x86
		{85ECA61B-C16C-4AA1-A5FB-CAF12BD68594}.Ad-Hoc|ARM.ActiveCfg = Release|ARM
		{85ECA61B-C16C-4AA1-A5FB-CAF12BD68594}.Ad-Hoc|ARM.Build.0 = Release|ARM
		{85ECA61B-C16C-4AA1-A5FB-CAF12BD68594}.Ad-Hoc|ARM.Deploy.0 = Release|ARM
		{85ECA61B-C16C-4AA1-A5FB-CAF12BD68594}.Ad-Hoc|iPhone.ActiveCfg = Release|x86
		{85ECA61B-C16C-4AA1-A5FB-CAF12BD68594}.Ad-Hoc|iPhone.Build.0 = Release|x86
		{85ECA61B-C16C-4AA1-A5FB-CAF12BD68594}.Ad-Hoc|iPhone.Deploy.0 = Release|x86
		{85ECA61B-C16C-4AA1-A5FB-CAF12BD68594}.Ad-Hoc|iPhoneSimulator.ActiveCfg = Release|x86
		{85ECA61B-C16C-4AA1-A5FB-CAF12BD68594}.Ad-Hoc|iPhoneSimulator.Build.0 = Release|x86
		{85ECA61B-C16C-4AA1-A5FB-CAF12BD68594}.Ad-Hoc|iPhoneSimulator.Deploy.0 = Release|x86
		{85ECA61B-C16C-4AA1-A5FB-CAF12BD68594}.Ad-Hoc|x64.ActiveCfg = Release|x64
		{85ECA61B-C16C-4AA1-A5FB-CAF12BD68594}.Ad-Hoc|x64.Build.0 = Release|x64
		{85ECA61B-C16C-4AA1-A5FB-CAF12BD68594}.Ad-Hoc|x64.Deploy.0 = Release|x64
		{85ECA61B-C16C-4AA1-A5FB-CAF12BD68594}.Ad-Hoc|x86.ActiveCfg = Release|x86
		{85ECA61B-C16C-4AA1-A5FB-CAF12BD68594}.Ad-Hoc|x86.Build.0 = Release|x86
		{85ECA61B-C16C-4AA1-A5FB-CAF12BD68594}.Ad-Hoc|x86.Deploy.0 = Release|x86
		{85ECA61B-C16C-4AA1-A5FB-CAF12BD68594}.AppStore|Any CPU.ActiveCfg = Release|x86
		{85ECA61B-C16C-4AA1-A5FB-CAF12BD68594}.AppStore|Any CPU.Build.0 = Release|x86
		{85ECA61B-C16C-4AA1-A5FB-CAF12BD68594}.AppStore|Any CPU.Deploy.0 = Release|x86
		{85ECA61B-C16C-4AA1-A5FB-CAF12BD68594}.AppStore|ARM.ActiveCfg = Release|ARM
		{85ECA61B-C16C-4AA1-A5FB-CAF12BD68594}.AppStore|ARM.Build.0 = Release|ARM
		{85ECA61B-C16C-4AA1-A5FB-CAF12BD68594}.AppStore|ARM.Deploy.0 = Release|ARM
		{85ECA61B-C16C-4AA1-A5FB-CAF12BD68594}.AppStore|iPhone.ActiveCfg = Release|x86
		{85ECA61B-C16C-4AA1-A5FB-CAF12BD68594}.AppStore|iPhone.Build.0 = Release|x86
		{85ECA61B-C16C-4AA1-A5FB-CAF12BD68594}.AppStore|iPhone.Deploy.0 = Release|x86
		{85ECA61B-C16C-4AA1-A5FB-CAF12BD68594}.AppStore|iPhoneSimulator.ActiveCfg = Release|x86
		{85ECA61B-C16C-4AA1-A5FB-CAF12BD68594}.AppStore|iPhoneSimulator.Build.0 = Release|x86
		{85ECA61B-C16C-4AA1-A5FB-CAF12BD68594}.AppStore|iPhoneSimulator.Deploy.0 = Release|x86
		{85ECA61B-C16C-4AA1-A5FB-CAF12BD68594}.AppStore|x64.ActiveCfg = Release|x64
		{85ECA61B-C16C-4AA1-A5FB-CAF12BD68594}.AppStore|x64.Build.0 = Release|x64
		{85ECA61B-C16C-4AA1-A5FB-CAF12BD68594}.AppStore|x64.Deploy.0 = Release|x64
		{85ECA61B-C16C-4AA1-A5FB-CAF12BD68594}.AppStore|x86.ActiveCfg = Release|x86
		{85ECA61B-C16C-4AA1-A5FB-CAF12BD68594}.AppStore|x86.Build.0 = Release|x86
		{85ECA61B-C16C-4AA1-A5FB-CAF12BD68594}.AppStore|x86.Deploy.0 = Release|x86
		{85ECA61B-C16C-4AA1-A5FB-CAF12BD68594}.Debug|Any CPU.ActiveCfg = Debug|x86
		{85ECA61B-C16C-4AA1-A5FB-CAF12BD68594}.Debug|ARM.ActiveCfg = Debug|ARM
		{85ECA61B-C16C-4AA1-A5FB-CAF12BD68594}.Debug|ARM.Build.0 = Debug|ARM
		{85ECA61B-C16C-4AA1-A5FB-CAF12BD68594}.Debug|ARM.Deploy.0 = Debug|ARM
		{85ECA61B-C16C-4AA1-A5FB-CAF12BD68594}.Debug|iPhone.ActiveCfg = Debug|x86
		{85ECA61B-C16C-4AA1-A5FB-CAF12BD68594}.Debug|iPhoneSimulator.ActiveCfg = Debug|x86
		{85ECA61B-C16C-4AA1-A5FB-CAF12BD68594}.Debug|iPhoneSimulator.Build.0 = Debug|x86
		{85ECA61B-C16C-4AA1-A5FB-CAF12BD68594}.Debug|iPhoneSimulator.Deploy.0 = Debug|x86
		{85ECA61B-C16C-4AA1-A5FB-CAF12BD68594}.Debug|x64.ActiveCfg = Debug|x64
		{85ECA61B-C16C-4AA1-A5FB-CAF12BD68594}.Debug|x64.Build.0 = Debug|x64
		{85ECA61B-C16C-4AA1-A5FB-CAF12BD68594}.Debug|x64.Deploy.0 = Debug|x64
		{85ECA61B-C16C-4AA1-A5FB-CAF12BD68594}.Debug|x86.ActiveCfg = Debug|x86
		{85ECA61B-C16C-4AA1-A5FB-CAF12BD68594}.Debug|x86.Build.0 = Debug|x86
		{85ECA61B-C16C-4AA1-A5FB-CAF12BD68594}.Debug|x86.Deploy.0 = Debug|x86
		{85ECA61B-C16C-4AA1-A5FB-CAF12BD68594}.Release|Any CPU.ActiveCfg = Release|x86
		{85ECA61B-C16C-4AA1-A5FB-CAF12BD68594}.Release|ARM.ActiveCfg = Release|ARM
		{85ECA61B-C16C-4AA1-A5FB-CAF12BD68594}.Release|ARM.Build.0 = Release|ARM
		{85ECA61B-C16C-4AA1-A5FB-CAF12BD68594}.Release|ARM.Deploy.0 = Release|ARM
		{85ECA61B-C16C-4AA1-A5FB-CAF12BD68594}.Release|iPhone.ActiveCfg = Release|x86
		{85ECA61B-C16C-4AA1-A5FB-CAF12BD68594}.Release|iPhoneSimulator.ActiveCfg = Release|x86
		{85ECA61B-C16C-4AA1-A5FB-CAF12BD68594}.Release|x64.ActiveCfg = Release|x64
		{85ECA61B-C16C-4AA1-A5FB-CAF12BD68594}.Release|x64.Build.0 = Release|x64
		{85ECA61B-C16C-4AA1-A5FB-CAF12BD68594}.Release|x64.Deploy.0 = Release|x64
		{85ECA61B-C16C-4AA1-A5FB-CAF12BD68594}.Release|x86.ActiveCfg = Release|x86
		{85ECA61B-C16C-4AA1-A5FB-CAF12BD68594}.Release|x86.Build.0 = Release|x86
		{85ECA61B-C16C-4AA1-A5FB-CAF12BD68594}.Release|x86.Deploy.0 = Release|x86
	EndGlobalSection
	GlobalSection(SolutionProperties) = preSolution
		HideSolutionNode = FALSE
	EndGlobalSection
EndGlobal
