
Microsoft Visual Studio Solution File, Format Version 12.00
# Visual Studio 14
VisualStudioVersion = 14.0.25420.1
MinimumVisualStudioVersion = 10.0.40219.1
Project("{FAE04EC0-301F-11D3-BF4B-00C04F79EFBC}") = "MVVMLightToolkitSample", "MVVMLightToolkitSample\MVVMLightToolkitSample\MVVMLightToolkitSample.csproj", "{CA8A5520-2B05-40A6-AB21-E89C999C8E88}"
EndProject
Project("{FAE04EC0-301F-11D3-BF4B-00C04F79EFBC}") = "MVVMLightToolkitSample.Droid", "MVVMLightToolkitSample\MVVMLightToolkitSample.Droid\MVVMLightToolkitSample.Droid.csproj", "{31521202-583B-43E4-88B1-F1EF7F52F696}"
EndProject
Project("{FAE04EC0-301F-11D3-BF4B-00C04F79EFBC}") = "MVVMLightToolkitSample.iOS", "MVVMLightToolkitSample\MVVMLightToolkitSample.iOS\MVVMLightToolkitSample.iOS.csproj", "{67ADEFD7-ABA2-4500-82DB-B00CCC07D264}"
EndProject
Project("{FAE04EC0-301F-11D3-BF4B-00C04F79EFBC}") = "MVVMLightToolkitSample.UWP", "MVVMLightToolkitSample\MVVMLightToolkitSample.UWP\MVVMLightToolkitSample.UWP.csproj", "{3DEAB081-C82A-4889-804A-FE6A867BC1FE}"
EndProject
Global
	GlobalSection(SolutionConfigurationPlatforms) = preSolution
		Ad-Hoc|Any CPU = Ad-Hoc|Any CPU
		Ad-Hoc|ARM = Ad-Hoc|ARM
		Ad-Hoc|iPhone = Ad-Hoc|iPhone
		Ad-Hoc|iPhoneSimulator = Ad-Hoc|iPhoneSimulator
		Ad-Hoc|x64 = Ad-Hoc|x64
		Ad-Hoc|x86 = Ad-Hoc|x86
		AppStore|Any CPU = AppStore|Any CPU
		AppStore|ARM = AppStore|ARM
		AppStore|iPhone = AppStore|iPhone
		AppStore|iPhoneSimulator = AppStore|iPhoneSimulator
		AppStore|x64 = AppStore|x64
		AppStore|x86 = AppStore|x86
		Debug|Any CPU = Debug|Any CPU
		Debug|ARM = Debug|ARM
		Debug|iPhone = Debug|iPhone
		Debug|iPhoneSimulator = Debug|iPhoneSimulator
		Debug|x64 = Debug|x64
		Debug|x86 = Debug|x86
		Release|Any CPU = Release|Any CPU
		Release|ARM = Release|ARM
		Release|iPhone = Release|iPhone
		Release|iPhoneSimulator = Release|iPhoneSimulator
		Release|x64 = Release|x64
		Release|x86 = Release|x86
	EndGlobalSection
	GlobalSection(ProjectConfigurationPlatforms) = postSolution
		{CA8A5520-2B05-40A6-AB21-E89C999C8E88}.Ad-Hoc|Any CPU.ActiveCfg = Release|Any CPU
		{CA8A5520-2B05-40A6-AB21-E89C999C8E88}.Ad-Hoc|Any CPU.Build.0 = Release|Any CPU
		{CA8A5520-2B05-40A6-AB21-E89C999C8E88}.Ad-Hoc|ARM.ActiveCfg = Release|Any CPU
		{CA8A5520-2B05-40A6-AB21-E89C999C8E88}.Ad-Hoc|ARM.Build.0 = Release|Any CPU
		{CA8A5520-2B05-40A6-AB21-E89C999C8E88}.Ad-Hoc|iPhone.ActiveCfg = Release|Any CPU
		{CA8A5520-2B05-40A6-AB21-E89C999C8E88}.Ad-Hoc|iPhone.Build.0 = Release|Any CPU
		{CA8A5520-2B05-40A6-AB21-E89C999C8E88}.Ad-Hoc|iPhoneSimulator.ActiveCfg = Release|Any CPU
		{CA8A5520-2B05-40A6-AB21-E89C999C8E88}.Ad-Hoc|iPhoneSimulator.Build.0 = Release|Any CPU
		{CA8A5520-2B05-40A6-AB21-E89C999C8E88}.Ad-Hoc|x64.ActiveCfg = Release|Any CPU
		{CA8A5520-2B05-40A6-AB21-E89C999C8E88}.Ad-Hoc|x64.Build.0 = Release|Any CPU
		{CA8A5520-2B05-40A6-AB21-E89C999C8E88}.Ad-Hoc|x86.ActiveCfg = Release|Any CPU
		{CA8A5520-2B05-40A6-AB21-E89C999C8E88}.Ad-Hoc|x86.Build.0 = Release|Any CPU
		{CA8A5520-2B05-40A6-AB21-E89C999C8E88}.AppStore|Any CPU.ActiveCfg = Release|Any CPU
		{CA8A5520-2B05-40A6-AB21-E89C999C8E88}.AppStore|Any CPU.Build.0 = Release|Any CPU
		{CA8A5520-2B05-40A6-AB21-E89C999C8E88}.AppStore|ARM.ActiveCfg = Release|Any CPU
		{CA8A5520-2B05-40A6-AB21-E89C999C8E88}.AppStore|ARM.Build.0 = Release|Any CPU
		{CA8A5520-2B05-40A6-AB21-E89C999C8E88}.AppStore|iPhone.ActiveCfg = Release|Any CPU
		{CA8A5520-2B05-40A6-AB21-E89C999C8E88}.AppStore|iPhone.Build.0 = Release|Any CPU
		{CA8A5520-2B05-40A6-AB21-E89C999C8E88}.AppStore|iPhoneSimulator.ActiveCfg = Release|Any CPU
		{CA8A5520-2B05-40A6-AB21-E89C999C8E88}.AppStore|iPhoneSimulator.Build.0 = Release|Any CPU
		{CA8A5520-2B05-40A6-AB21-E89C999C8E88}.AppStore|x64.ActiveCfg = Release|Any CPU
		{CA8A5520-2B05-40A6-AB21-E89C999C8E88}.AppStore|x64.Build.0 = Release|Any CPU
		{CA8A5520-2B05-40A6-AB21-E89C999C8E88}.AppStore|x86.ActiveCfg = Release|Any CPU
		{CA8A5520-2B05-40A6-AB21-E89C999C8E88}.AppStore|x86.Build.0 = Release|Any CPU
		{CA8A5520-2B05-40A6-AB21-E89C999C8E88}.Debug|Any CPU.ActiveCfg = Debug|Any CPU
		{CA8A5520-2B05-40A6-AB21-E89C999C8E88}.Debug|Any CPU.Build.0 = Debug|Any CPU
		{CA8A5520-2B05-40A6-AB21-E89C999C8E88}.Debug|ARM.ActiveCfg = Debug|Any CPU
		{CA8A5520-2B05-40A6-AB21-E89C999C8E88}.Debug|ARM.Build.0 = Debug|Any CPU
		{CA8A5520-2B05-40A6-AB21-E89C999C8E88}.Debug|iPhone.ActiveCfg = Debug|Any CPU
		{CA8A5520-2B05-40A6-AB21-E89C999C8E88}.Debug|iPhone.Build.0 = Debug|Any CPU
		{CA8A5520-2B05-40A6-AB21-E89C999C8E88}.Debug|iPhoneSimulator.ActiveCfg = Debug|Any CPU
		{CA8A5520-2B05-40A6-AB21-E89C999C8E88}.Debug|iPhoneSimulator.Build.0 = Debug|Any CPU
		{CA8A5520-2B05-40A6-AB21-E89C999C8E88}.Debug|x64.ActiveCfg = Debug|Any CPU
		{CA8A5520-2B05-40A6-AB21-E89C999C8E88}.Debug|x64.Build.0 = Debug|Any CPU
		{CA8A5520-2B05-40A6-AB21-E89C999C8E88}.Debug|x86.ActiveCfg = Debug|Any CPU
		{CA8A5520-2B05-40A6-AB21-E89C999C8E88}.Debug|x86.Build.0 = Debug|Any CPU
		{CA8A5520-2B05-40A6-AB21-E89C999C8E88}.Release|Any CPU.ActiveCfg = Release|Any CPU
		{CA8A5520-2B05-40A6-AB21-E89C999C8E88}.Release|Any CPU.Build.0 = Release|Any CPU
		{CA8A5520-2B05-40A6-AB21-E89C999C8E88}.Release|ARM.ActiveCfg = Release|Any CPU
		{CA8A5520-2B05-40A6-AB21-E89C999C8E88}.Release|ARM.Build.0 = Release|Any CPU
		{CA8A5520-2B05-40A6-AB21-E89C999C8E88}.Release|iPhone.ActiveCfg = Release|Any CPU
		{CA8A5520-2B05-40A6-AB21-E89C999C8E88}.Release|iPhone.Build.0 = Release|Any CPU
		{CA8A5520-2B05-40A6-AB21-E89C999C8E88}.Release|iPhoneSimulator.ActiveCfg = Release|Any CPU
		{CA8A5520-2B05-40A6-AB21-E89C999C8E88}.Release|iPhoneSimulator.Build.0 = Release|Any CPU
		{CA8A5520-2B05-40A6-AB21-E89C999C8E88}.Release|x64.ActiveCfg = Release|Any CPU
		{CA8A5520-2B05-40A6-AB21-E89C999C8E88}.Release|x64.Build.0 = Release|Any CPU
		{CA8A5520-2B05-40A6-AB21-E89C999C8E88}.Release|x86.ActiveCfg = Release|Any CPU
		{CA8A5520-2B05-40A6-AB21-E89C999C8E88}.Release|x86.Build.0 = Release|Any CPU
		{31521202-583B-43E4-88B1-F1EF7F52F696}.Ad-Hoc|Any CPU.ActiveCfg = Release|Any CPU
		{31521202-583B-43E4-88B1-F1EF7F52F696}.Ad-Hoc|Any CPU.Build.0 = Release|Any CPU
		{31521202-583B-43E4-88B1-F1EF7F52F696}.Ad-Hoc|Any CPU.Deploy.0 = Release|Any CPU
		{31521202-583B-43E4-88B1-F1EF7F52F696}.Ad-Hoc|ARM.ActiveCfg = Release|Any CPU
		{31521202-583B-43E4-88B1-F1EF7F52F696}.Ad-Hoc|ARM.Build.0 = Release|Any CPU
		{31521202-583B-43E4-88B1-F1EF7F52F696}.Ad-Hoc|ARM.Deploy.0 = Release|Any CPU
		{31521202-583B-43E4-88B1-F1EF7F52F696}.Ad-Hoc|iPhone.ActiveCfg = Release|Any CPU
		{31521202-583B-43E4-88B1-F1EF7F52F696}.Ad-Hoc|iPhone.Build.0 = Release|Any CPU
		{31521202-583B-43E4-88B1-F1EF7F52F696}.Ad-Hoc|iPhone.Deploy.0 = Release|Any CPU
		{31521202-583B-43E4-88B1-F1EF7F52F696}.Ad-Hoc|iPhoneSimulator.ActiveCfg = Release|Any CPU
		{31521202-583B-43E4-88B1-F1EF7F52F696}.Ad-Hoc|iPhoneSimulator.Build.0 = Release|Any CPU
		{31521202-583B-43E4-88B1-F1EF7F52F696}.Ad-Hoc|iPhoneSimulator.Deploy.0 = Release|Any CPU
		{31521202-583B-43E4-88B1-F1EF7F52F696}.Ad-Hoc|x64.ActiveCfg = Release|Any CPU
		{31521202-583B-43E4-88B1-F1EF7F52F696}.Ad-Hoc|x64.Build.0 = Release|Any CPU
		{31521202-583B-43E4-88B1-F1EF7F52F696}.Ad-Hoc|x64.Deploy.0 = Release|Any CPU
		{31521202-583B-43E4-88B1-F1EF7F52F696}.Ad-Hoc|x86.ActiveCfg = Release|Any CPU
		{31521202-583B-43E4-88B1-F1EF7F52F696}.Ad-Hoc|x86.Build.0 = Release|Any CPU
		{31521202-583B-43E4-88B1-F1EF7F52F696}.Ad-Hoc|x86.Deploy.0 = Release|Any CPU
		{31521202-583B-43E4-88B1-F1EF7F52F696}.AppStore|Any CPU.ActiveCfg = Release|Any CPU
		{31521202-583B-43E4-88B1-F1EF7F52F696}.AppStore|Any CPU.Build.0 = Release|Any CPU
		{31521202-583B-43E4-88B1-F1EF7F52F696}.AppStore|Any CPU.Deploy.0 = Release|Any CPU
		{31521202-583B-43E4-88B1-F1EF7F52F696}.AppStore|ARM.ActiveCfg = Release|Any CPU
		{31521202-583B-43E4-88B1-F1EF7F52F696}.AppStore|ARM.Build.0 = Release|Any CPU
		{31521202-583B-43E4-88B1-F1EF7F52F696}.AppStore|ARM.Deploy.0 = Release|Any CPU
		{31521202-583B-43E4-88B1-F1EF7F52F696}.AppStore|iPhone.ActiveCfg = Release|Any CPU
		{31521202-583B-43E4-88B1-F1EF7F52F696}.AppStore|iPhone.Build.0 = Release|Any CPU
		{31521202-583B-43E4-88B1-F1EF7F52F696}.AppStore|iPhone.Deploy.0 = Release|Any CPU
		{31521202-583B-43E4-88B1-F1EF7F52F696}.AppStore|iPhoneSimulator.ActiveCfg = Release|Any CPU
		{31521202-583B-43E4-88B1-F1EF7F52F696}.AppStore|iPhoneSimulator.Build.0 = Release|Any CPU
		{31521202-583B-43E4-88B1-F1EF7F52F696}.AppStore|iPhoneSimulator.Deploy.0 = Release|Any CPU
		{31521202-583B-43E4-88B1-F1EF7F52F696}.AppStore|x64.ActiveCfg = Release|Any CPU
		{31521202-583B-43E4-88B1-F1EF7F52F696}.AppStore|x64.Build.0 = Release|Any CPU
		{31521202-583B-43E4-88B1-F1EF7F52F696}.AppStore|x64.Deploy.0 = Release|Any CPU
		{31521202-583B-43E4-88B1-F1EF7F52F696}.AppStore|x86.ActiveCfg = Release|Any CPU
		{31521202-583B-43E4-88B1-F1EF7F52F696}.AppStore|x86.Build.0 = Release|Any CPU
		{31521202-583B-43E4-88B1-F1EF7F52F696}.AppStore|x86.Deploy.0 = Release|Any CPU
		{31521202-583B-43E4-88B1-F1EF7F52F696}.Debug|Any CPU.ActiveCfg = Debug|Any CPU
		{31521202-583B-43E4-88B1-F1EF7F52F696}.Debug|Any CPU.Build.0 = Debug|Any CPU
		{31521202-583B-43E4-88B1-F1EF7F52F696}.Debug|Any CPU.Deploy.0 = Debug|Any CPU
		{31521202-583B-43E4-88B1-F1EF7F52F696}.Debug|ARM.ActiveCfg = Debug|Any CPU
		{31521202-583B-43E4-88B1-F1EF7F52F696}.Debug|ARM.Build.0 = Debug|Any CPU
		{31521202-583B-43E4-88B1-F1EF7F52F696}.Debug|ARM.Deploy.0 = Debug|Any CPU
		{31521202-583B-43E4-88B1-F1EF7F52F696}.Debug|iPhone.ActiveCfg = Debug|Any CPU
		{31521202-583B-43E4-88B1-F1EF7F52F696}.Debug|iPhone.Build.0 = Debug|Any CPU
		{31521202-583B-43E4-88B1-F1EF7F52F696}.Debug|iPhone.Deploy.0 = Debug|Any CPU
		{31521202-583B-43E4-88B1-F1EF7F52F696}.Debug|iPhoneSimulator.ActiveCfg = Debug|Any CPU
		{31521202-583B-43E4-88B1-F1EF7F52F696}.Debug|iPhoneSimulator.Build.0 = Debug|Any CPU
		{31521202-583B-43E4-88B1-F1EF7F52F696}.Debug|iPhoneSimulator.Deploy.0 = Debug|Any CPU
		{31521202-583B-43E4-88B1-F1EF7F52F696}.Debug|x64.ActiveCfg = Debug|Any CPU
		{31521202-583B-43E4-88B1-F1EF7F52F696}.Debug|x64.Build.0 = Debug|Any CPU
		{31521202-583B-43E4-88B1-F1EF7F52F696}.Debug|x64.Deploy.0 = Debug|Any CPU
		{31521202-583B-43E4-88B1-F1EF7F52F696}.Debug|x86.ActiveCfg = Debug|Any CPU
		{31521202-583B-43E4-88B1-F1EF7F52F696}.Debug|x86.Build.0 = Debug|Any CPU
		{31521202-583B-43E4-88B1-F1EF7F52F696}.Debug|x86.Deploy.0 = Debug|Any CPU
		{31521202-583B-43E4-88B1-F1EF7F52F696}.Release|Any CPU.ActiveCfg = Release|Any CPU
		{31521202-583B-43E4-88B1-F1EF7F52F696}.Release|Any CPU.Build.0 = Release|Any CPU
		{31521202-583B-43E4-88B1-F1EF7F52F696}.Release|Any CPU.Deploy.0 = Release|Any CPU
		{31521202-583B-43E4-88B1-F1EF7F52F696}.Release|ARM.ActiveCfg = Release|Any CPU
		{31521202-583B-43E4-88B1-F1EF7F52F696}.Release|ARM.Build.0 = Release|Any CPU
		{31521202-583B-43E4-88B1-F1EF7F52F696}.Release|ARM.Deploy.0 = Release|Any CPU
		{31521202-583B-43E4-88B1-F1EF7F52F696}.Release|iPhone.ActiveCfg = Release|Any CPU
		{31521202-583B-43E4-88B1-F1EF7F52F696}.Release|iPhone.Build.0 = Release|Any CPU
		{31521202-583B-43E4-88B1-F1EF7F52F696}.Release|iPhone.Deploy.0 = Release|Any CPU
		{31521202-583B-43E4-88B1-F1EF7F52F696}.Release|iPhoneSimulator.ActiveCfg = Release|Any CPU
		{31521202-583B-43E4-88B1-F1EF7F52F696}.Release|iPhoneSimulator.Build.0 = Release|Any CPU
		{31521202-583B-43E4-88B1-F1EF7F52F696}.Release|iPhoneSimulator.Deploy.0 = Release|Any CPU
		{31521202-583B-43E4-88B1-F1EF7F52F696}.Release|x64.ActiveCfg = Release|Any CPU
		{31521202-583B-43E4-88B1-F1EF7F52F696}.Release|x64.Build.0 = Release|Any CPU
		{31521202-583B-43E4-88B1-F1EF7F52F696}.Release|x64.Deploy.0 = Release|Any CPU
		{31521202-583B-43E4-88B1-F1EF7F52F696}.Release|x86.ActiveCfg = Release|Any CPU
		{31521202-583B-43E4-88B1-F1EF7F52F696}.Release|x86.Build.0 = Release|Any CPU
		{31521202-583B-43E4-88B1-F1EF7F52F696}.Release|x86.Deploy.0 = Release|Any CPU
		{67ADEFD7-ABA2-4500-82DB-B00CCC07D264}.Ad-Hoc|Any CPU.ActiveCfg = Ad-Hoc|iPhone
		{67ADEFD7-ABA2-4500-82DB-B00CCC07D264}.Ad-Hoc|ARM.ActiveCfg = Ad-Hoc|iPhone
		{67ADEFD7-ABA2-4500-82DB-B00CCC07D264}.Ad-Hoc|iPhone.ActiveCfg = Ad-Hoc|iPhone
		{67ADEFD7-ABA2-4500-82DB-B00CCC07D264}.Ad-Hoc|iPhone.Build.0 = Ad-Hoc|iPhone
		{67ADEFD7-ABA2-4500-82DB-B00CCC07D264}.Ad-Hoc|iPhoneSimulator.ActiveCfg = Ad-Hoc|iPhoneSimulator
		{67ADEFD7-ABA2-4500-82DB-B00CCC07D264}.Ad-Hoc|iPhoneSimulator.Build.0 = Ad-Hoc|iPhoneSimulator
		{67ADEFD7-ABA2-4500-82DB-B00CCC07D264}.Ad-Hoc|x64.ActiveCfg = Ad-Hoc|iPhone
		{67ADEFD7-ABA2-4500-82DB-B00CCC07D264}.Ad-Hoc|x86.ActiveCfg = Ad-Hoc|iPhone
		{67ADEFD7-ABA2-4500-82DB-B00CCC07D264}.AppStore|Any CPU.ActiveCfg = AppStore|iPhone
		{67ADEFD7-ABA2-4500-82DB-B00CCC07D264}.AppStore|ARM.ActiveCfg = AppStore|iPhone
		{67ADEFD7-ABA2-4500-82DB-B00CCC07D264}.AppStore|iPhone.ActiveCfg = AppStore|iPhone
		{67ADEFD7-ABA2-4500-82DB-B00CCC07D264}.AppStore|iPhone.Build.0 = AppStore|iPhone
		{67ADEFD7-ABA2-4500-82DB-B00CCC07D264}.AppStore|iPhoneSimulator.ActiveCfg = AppStore|iPhoneSimulator
		{67ADEFD7-ABA2-4500-82DB-B00CCC07D264}.AppStore|iPhoneSimulator.Build.0 = AppStore|iPhoneSimulator
		{67ADEFD7-ABA2-4500-82DB-B00CCC07D264}.AppStore|x64.ActiveCfg = AppStore|iPhone
		{67ADEFD7-ABA2-4500-82DB-B00CCC07D264}.AppStore|x86.ActiveCfg = AppStore|iPhone
		{67ADEFD7-ABA2-4500-82DB-B00CCC07D264}.Debug|Any CPU.ActiveCfg = Debug|iPhone
		{67ADEFD7-ABA2-4500-82DB-B00CCC07D264}.Debug|ARM.ActiveCfg = Debug|iPhone
		{67ADEFD7-ABA2-4500-82DB-B00CCC07D264}.Debug|iPhone.ActiveCfg = Debug|iPhone
		{67ADEFD7-ABA2-4500-82DB-B00CCC07D264}.Debug|iPhone.Build.0 = Debug|iPhone
		{67ADEFD7-ABA2-4500-82DB-B00CCC07D264}.Debug|iPhoneSimulator.ActiveCfg = Debug|iPhoneSimulator
		{67ADEFD7-ABA2-4500-82DB-B00CCC07D264}.Debug|iPhoneSimulator.Build.0 = Debug|iPhoneSimulator
		{67ADEFD7-ABA2-4500-82DB-B00CCC07D264}.Debug|x64.ActiveCfg = Debug|iPhone
		{67ADEFD7-ABA2-4500-82DB-B00CCC07D264}.Debug|x86.ActiveCfg = Debug|iPhone
		{67ADEFD7-ABA2-4500-82DB-B00CCC07D264}.Release|Any CPU.ActiveCfg = Release|iPhone
		{67ADEFD7-ABA2-4500-82DB-B00CCC07D264}.Release|ARM.ActiveCfg = Release|iPhone
		{67ADEFD7-ABA2-4500-82DB-B00CCC07D264}.Release|iPhone.ActiveCfg = Release|iPhone
		{67ADEFD7-ABA2-4500-82DB-B00CCC07D264}.Release|iPhone.Build.0 = Release|iPhone
		{67ADEFD7-ABA2-4500-82DB-B00CCC07D264}.Release|iPhoneSimulator.ActiveCfg = Release|iPhoneSimulator
		{67ADEFD7-ABA2-4500-82DB-B00CCC07D264}.Release|iPhoneSimulator.Build.0 = Release|iPhoneSimulator
		{67ADEFD7-ABA2-4500-82DB-B00CCC07D264}.Release|x64.ActiveCfg = Release|iPhone
		{67ADEFD7-ABA2-4500-82DB-B00CCC07D264}.Release|x86.ActiveCfg = Release|iPhone
		{3DEAB081-C82A-4889-804A-FE6A867BC1FE}.Ad-Hoc|Any CPU.ActiveCfg = Release|x86
		{3DEAB081-C82A-4889-804A-FE6A867BC1FE}.Ad-Hoc|Any CPU.Build.0 = Release|x86
		{3DEAB081-C82A-4889-804A-FE6A867BC1FE}.Ad-Hoc|Any CPU.Deploy.0 = Release|x86
		{3DEAB081-C82A-4889-804A-FE6A867BC1FE}.Ad-Hoc|ARM.ActiveCfg = Release|ARM
		{3DEAB081-C82A-4889-804A-FE6A867BC1FE}.Ad-Hoc|ARM.Build.0 = Release|ARM
		{3DEAB081-C82A-4889-804A-FE6A867BC1FE}.Ad-Hoc|ARM.Deploy.0 = Release|ARM
		{3DEAB081-C82A-4889-804A-FE6A867BC1FE}.Ad-Hoc|iPhone.ActiveCfg = Release|x86
		{3DEAB081-C82A-4889-804A-FE6A867BC1FE}.Ad-Hoc|iPhone.Build.0 = Release|x86
		{3DEAB081-C82A-4889-804A-FE6A867BC1FE}.Ad-Hoc|iPhone.Deploy.0 = Release|x86
		{3DEAB081-C82A-4889-804A-FE6A867BC1FE}.Ad-Hoc|iPhoneSimulator.ActiveCfg = Release|x86
		{3DEAB081-C82A-4889-804A-FE6A867BC1FE}.Ad-Hoc|iPhoneSimulator.Build.0 = Release|x86
		{3DEAB081-C82A-4889-804A-FE6A867BC1FE}.Ad-Hoc|iPhoneSimulator.Deploy.0 = Release|x86
		{3DEAB081-C82A-4889-804A-FE6A867BC1FE}.Ad-Hoc|x64.ActiveCfg = Release|x64
		{3DEAB081-C82A-4889-804A-FE6A867BC1FE}.Ad-Hoc|x64.Build.0 = Release|x64
		{3DEAB081-C82A-4889-804A-FE6A867BC1FE}.Ad-Hoc|x64.Deploy.0 = Release|x64
		{3DEAB081-C82A-4889-804A-FE6A867BC1FE}.Ad-Hoc|x86.ActiveCfg = Release|x86
		{3DEAB081-C82A-4889-804A-FE6A867BC1FE}.Ad-Hoc|x86.Build.0 = Release|x86
		{3DEAB081-C82A-4889-804A-FE6A867BC1FE}.Ad-Hoc|x86.Deploy.0 = Release|x86
		{3DEAB081-C82A-4889-804A-FE6A867BC1FE}.AppStore|Any CPU.ActiveCfg = Release|x86
		{3DEAB081-C82A-4889-804A-FE6A867BC1FE}.AppStore|Any CPU.Build.0 = Release|x86
		{3DEAB081-C82A-4889-804A-FE6A867BC1FE}.AppStore|Any CPU.Deploy.0 = Release|x86
		{3DEAB081-C82A-4889-804A-FE6A867BC1FE}.AppStore|ARM.ActiveCfg = Release|ARM
		{3DEAB081-C82A-4889-804A-FE6A867BC1FE}.AppStore|ARM.Build.0 = Release|ARM
		{3DEAB081-C82A-4889-804A-FE6A867BC1FE}.AppStore|ARM.Deploy.0 = Release|ARM
		{3DEAB081-C82A-4889-804A-FE6A867BC1FE}.AppStore|iPhone.ActiveCfg = Release|x86
		{3DEAB081-C82A-4889-804A-FE6A867BC1FE}.AppStore|iPhone.Build.0 = Release|x86
		{3DEAB081-C82A-4889-804A-FE6A867BC1FE}.AppStore|iPhone.Deploy.0 = Release|x86
		{3DEAB081-C82A-4889-804A-FE6A867BC1FE}.AppStore|iPhoneSimulator.ActiveCfg = Release|x86
		{3DEAB081-C82A-4889-804A-FE6A867BC1FE}.AppStore|iPhoneSimulator.Build.0 = Release|x86
		{3DEAB081-C82A-4889-804A-FE6A867BC1FE}.AppStore|iPhoneSimulator.Deploy.0 = Release|x86
		{3DEAB081-C82A-4889-804A-FE6A867BC1FE}.AppStore|x64.ActiveCfg = Release|x64
		{3DEAB081-C82A-4889-804A-FE6A867BC1FE}.AppStore|x64.Build.0 = Release|x64
		{3DEAB081-C82A-4889-804A-FE6A867BC1FE}.AppStore|x64.Deploy.0 = Release|x64
		{3DEAB081-C82A-4889-804A-FE6A867BC1FE}.AppStore|x86.ActiveCfg = Release|x86
		{3DEAB081-C82A-4889-804A-FE6A867BC1FE}.AppStore|x86.Build.0 = Release|x86
		{3DEAB081-C82A-4889-804A-FE6A867BC1FE}.AppStore|x86.Deploy.0 = Release|x86
		{3DEAB081-C82A-4889-804A-FE6A867BC1FE}.Debug|Any CPU.ActiveCfg = Debug|x86
		{3DEAB081-C82A-4889-804A-FE6A867BC1FE}.Debug|ARM.ActiveCfg = Debug|ARM
		{3DEAB081-C82A-4889-804A-FE6A867BC1FE}.Debug|ARM.Build.0 = Debug|ARM
		{3DEAB081-C82A-4889-804A-FE6A867BC1FE}.Debug|ARM.Deploy.0 = Debug|ARM
		{3DEAB081-C82A-4889-804A-FE6A867BC1FE}.Debug|iPhone.ActiveCfg = Debug|x86
		{3DEAB081-C82A-4889-804A-FE6A867BC1FE}.Debug|iPhoneSimulator.ActiveCfg = Debug|x86
		{3DEAB081-C82A-4889-804A-FE6A867BC1FE}.Debug|x64.ActiveCfg = Debug|x64
		{3DEAB081-C82A-4889-804A-FE6A867BC1FE}.Debug|x64.Build.0 = Debug|x64
		{3DEAB081-C82A-4889-804A-FE6A867BC1FE}.Debug|x64.Deploy.0 = Debug|x64
		{3DEAB081-C82A-4889-804A-FE6A867BC1FE}.Debug|x86.ActiveCfg = Debug|x86
		{3DEAB081-C82A-4889-804A-FE6A867BC1FE}.Debug|x86.Build.0 = Debug|x86
		{3DEAB081-C82A-4889-804A-FE6A867BC1FE}.Debug|x86.Deploy.0 = Debug|x86
		{3DEAB081-C82A-4889-804A-FE6A867BC1FE}.Release|Any CPU.ActiveCfg = Release|x86
		{3DEAB081-C82A-4889-804A-FE6A867BC1FE}.Release|ARM.ActiveCfg = Release|ARM
		{3DEAB081-C82A-4889-804A-FE6A867BC1FE}.Release|ARM.Build.0 = Release|ARM
		{3DEAB081-C82A-4889-804A-FE6A867BC1FE}.Release|ARM.Deploy.0 = Release|ARM
		{3DEAB081-C82A-4889-804A-FE6A867BC1FE}.Release|iPhone.ActiveCfg = Release|x86
		{3DEAB081-C82A-4889-804A-FE6A867BC1FE}.Release|iPhoneSimulator.ActiveCfg = Release|x86
		{3DEAB081-C82A-4889-804A-FE6A867BC1FE}.Release|x64.ActiveCfg = Release|x64
		{3DEAB081-C82A-4889-804A-FE6A867BC1FE}.Release|x64.Build.0 = Release|x64
		{3DEAB081-C82A-4889-804A-FE6A867BC1FE}.Release|x64.Deploy.0 = Release|x64
		{3DEAB081-C82A-4889-804A-FE6A867BC1FE}.Release|x86.ActiveCfg = Release|x86
		{3DEAB081-C82A-4889-804A-FE6A867BC1FE}.Release|x86.Build.0 = Release|x86
		{3DEAB081-C82A-4889-804A-FE6A867BC1FE}.Release|x86.Deploy.0 = Release|x86
	EndGlobalSection
	GlobalSection(SolutionProperties) = preSolution
		HideSolutionNode = FALSE
	EndGlobalSection
EndGlobal
