
Microsoft Visual Studio Solution File, Format Version 12.00
# Visual Studio 14
VisualStudioVersion = 14.0.25420.1
MinimumVisualStudioVersion = 10.0.40219.1
Project("{FAE04EC0-301F-11D3-BF4B-00C04F79EFBC}") = "PCLStorageSample", "PCLStorageSample\PCLStorageSample\PCLStorageSample.csproj", "{2C9FE086-21DD-433E-86A3-BC564273AE6A}"
EndProject
Project("{FAE04EC0-301F-11D3-BF4B-00C04F79EFBC}") = "PCLStorageSample.Droid", "PCLStorageSample\PCLStorageSample.Droid\PCLStorageSample.Droid.csproj", "{7C690244-4849-48AB-B277-3FF72C3480D1}"
EndProject
Project("{FAE04EC0-301F-11D3-BF4B-00C04F79EFBC}") = "PCLStorageSample.iOS", "PCLStorageSample\PCLStorageSample.iOS\PCLStorageSample.iOS.csproj", "{7F0DAA6E-E0E7-46D8-8046-0E2EE4B73E6D}"
EndProject
Project("{FAE04EC0-301F-11D3-BF4B-00C04F79EFBC}") = "PCLStorageSample.UWP", "PCLStorageSample\PCLStorageSample.UWP\PCLStorageSample.UWP.csproj", "{31B90506-B097-466A-B78C-99F02C665964}"
EndProject
Global
	GlobalSection(SolutionConfigurationPlatforms) = preSolution
		Ad-Hoc|Any CPU = Ad-Hoc|Any CPU
		Ad-Hoc|ARM = Ad-Hoc|ARM
		Ad-Hoc|iPhone = Ad-Hoc|iPhone
		Ad-Hoc|iPhoneSimulator = Ad-Hoc|iPhoneSimulator
		Ad-Hoc|x64 = Ad-Hoc|x64
		Ad-Hoc|x86 = Ad-Hoc|x86
		AppStore|Any CPU = AppStore|Any CPU
		AppStore|ARM = AppStore|ARM
		AppStore|iPhone = AppStore|iPhone
		AppStore|iPhoneSimulator = AppStore|iPhoneSimulator
		AppStore|x64 = AppStore|x64
		AppStore|x86 = AppStore|x86
		Debug|Any CPU = Debug|Any CPU
		Debug|ARM = Debug|ARM
		Debug|iPhone = Debug|iPhone
		Debug|iPhoneSimulator = Debug|iPhoneSimulator
		Debug|x64 = Debug|x64
		Debug|x86 = Debug|x86
		Release|Any CPU = Release|Any CPU
		Release|ARM = Release|ARM
		Release|iPhone = Release|iPhone
		Release|iPhoneSimulator = Release|iPhoneSimulator
		Release|x64 = Release|x64
		Release|x86 = Release|x86
	EndGlobalSection
	GlobalSection(ProjectConfigurationPlatforms) = postSolution
		{2C9FE086-21DD-433E-86A3-BC564273AE6A}.Ad-Hoc|Any CPU.ActiveCfg = Release|Any CPU
		{2C9FE086-21DD-433E-86A3-BC564273AE6A}.Ad-Hoc|Any CPU.Build.0 = Release|Any CPU
		{2C9FE086-21DD-433E-86A3-BC564273AE6A}.Ad-Hoc|ARM.ActiveCfg = Release|Any CPU
		{2C9FE086-21DD-433E-86A3-BC564273AE6A}.Ad-Hoc|ARM.Build.0 = Release|Any CPU
		{2C9FE086-21DD-433E-86A3-BC564273AE6A}.Ad-Hoc|iPhone.ActiveCfg = Release|Any CPU
		{2C9FE086-21DD-433E-86A3-BC564273AE6A}.Ad-Hoc|iPhone.Build.0 = Release|Any CPU
		{2C9FE086-21DD-433E-86A3-BC564273AE6A}.Ad-Hoc|iPhoneSimulator.ActiveCfg = Release|Any CPU
		{2C9FE086-21DD-433E-86A3-BC564273AE6A}.Ad-Hoc|iPhoneSimulator.Build.0 = Release|Any CPU
		{2C9FE086-21DD-433E-86A3-BC564273AE6A}.Ad-Hoc|x64.ActiveCfg = Release|Any CPU
		{2C9FE086-21DD-433E-86A3-BC564273AE6A}.Ad-Hoc|x64.Build.0 = Release|Any CPU
		{2C9FE086-21DD-433E-86A3-BC564273AE6A}.Ad-Hoc|x86.ActiveCfg = Release|Any CPU
		{2C9FE086-21DD-433E-86A3-BC564273AE6A}.Ad-Hoc|x86.Build.0 = Release|Any CPU
		{2C9FE086-21DD-433E-86A3-BC564273AE6A}.AppStore|Any CPU.ActiveCfg = Release|Any CPU
		{2C9FE086-21DD-433E-86A3-BC564273AE6A}.AppStore|Any CPU.Build.0 = Release|Any CPU
		{2C9FE086-21DD-433E-86A3-BC564273AE6A}.AppStore|ARM.ActiveCfg = Release|Any CPU
		{2C9FE086-21DD-433E-86A3-BC564273AE6A}.AppStore|ARM.Build.0 = Release|Any CPU
		{2C9FE086-21DD-433E-86A3-BC564273AE6A}.AppStore|iPhone.ActiveCfg = Release|Any CPU
		{2C9FE086-21DD-433E-86A3-BC564273AE6A}.AppStore|iPhone.Build.0 = Release|Any CPU
		{2C9FE086-21DD-433E-86A3-BC564273AE6A}.AppStore|iPhoneSimulator.ActiveCfg = Release|Any CPU
		{2C9FE086-21DD-433E-86A3-BC564273AE6A}.AppStore|iPhoneSimulator.Build.0 = Release|Any CPU
		{2C9FE086-21DD-433E-86A3-BC564273AE6A}.AppStore|x64.ActiveCfg = Release|Any CPU
		{2C9FE086-21DD-433E-86A3-BC564273AE6A}.AppStore|x64.Build.0 = Release|Any CPU
		{2C9FE086-21DD-433E-86A3-BC564273AE6A}.AppStore|x86.ActiveCfg = Release|Any CPU
		{2C9FE086-21DD-433E-86A3-BC564273AE6A}.AppStore|x86.Build.0 = Release|Any CPU
		{2C9FE086-21DD-433E-86A3-BC564273AE6A}.Debug|Any CPU.ActiveCfg = Debug|Any CPU
		{2C9FE086-21DD-433E-86A3-BC564273AE6A}.Debug|Any CPU.Build.0 = Debug|Any CPU
		{2C9FE086-21DD-433E-86A3-BC564273AE6A}.Debug|ARM.ActiveCfg = Debug|Any CPU
		{2C9FE086-21DD-433E-86A3-BC564273AE6A}.Debug|ARM.Build.0 = Debug|Any CPU
		{2C9FE086-21DD-433E-86A3-BC564273AE6A}.Debug|iPhone.ActiveCfg = Debug|Any CPU
		{2C9FE086-21DD-433E-86A3-BC564273AE6A}.Debug|iPhone.Build.0 = Debug|Any CPU
		{2C9FE086-21DD-433E-86A3-BC564273AE6A}.Debug|iPhoneSimulator.ActiveCfg = Debug|Any CPU
		{2C9FE086-21DD-433E-86A3-BC564273AE6A}.Debug|iPhoneSimulator.Build.0 = Debug|Any CPU
		{2C9FE086-21DD-433E-86A3-BC564273AE6A}.Debug|x64.ActiveCfg = Debug|Any CPU
		{2C9FE086-21DD-433E-86A3-BC564273AE6A}.Debug|x64.Build.0 = Debug|Any CPU
		{2C9FE086-21DD-433E-86A3-BC564273AE6A}.Debug|x86.ActiveCfg = Debug|Any CPU
		{2C9FE086-21DD-433E-86A3-BC564273AE6A}.Debug|x86.Build.0 = Debug|Any CPU
		{2C9FE086-21DD-433E-86A3-BC564273AE6A}.Release|Any CPU.ActiveCfg = Release|Any CPU
		{2C9FE086-21DD-433E-86A3-BC564273AE6A}.Release|Any CPU.Build.0 = Release|Any CPU
		{2C9FE086-21DD-433E-86A3-BC564273AE6A}.Release|ARM.ActiveCfg = Release|Any CPU
		{2C9FE086-21DD-433E-86A3-BC564273AE6A}.Release|ARM.Build.0 = Release|Any CPU
		{2C9FE086-21DD-433E-86A3-BC564273AE6A}.Release|iPhone.ActiveCfg = Release|Any CPU
		{2C9FE086-21DD-433E-86A3-BC564273AE6A}.Release|iPhone.Build.0 = Release|Any CPU
		{2C9FE086-21DD-433E-86A3-BC564273AE6A}.Release|iPhoneSimulator.ActiveCfg = Release|Any CPU
		{2C9FE086-21DD-433E-86A3-BC564273AE6A}.Release|iPhoneSimulator.Build.0 = Release|Any CPU
		{2C9FE086-21DD-433E-86A3-BC564273AE6A}.Release|x64.ActiveCfg = Release|Any CPU
		{2C9FE086-21DD-433E-86A3-BC564273AE6A}.Release|x64.Build.0 = Release|Any CPU
		{2C9FE086-21DD-433E-86A3-BC564273AE6A}.Release|x86.ActiveCfg = Release|Any CPU
		{2C9FE086-21DD-433E-86A3-BC564273AE6A}.Release|x86.Build.0 = Release|Any CPU
		{7C690244-4849-48AB-B277-3FF72C3480D1}.Ad-Hoc|Any CPU.ActiveCfg = Release|Any CPU
		{7C690244-4849-48AB-B277-3FF72C3480D1}.Ad-Hoc|Any CPU.Build.0 = Release|Any CPU
		{7C690244-4849-48AB-B277-3FF72C3480D1}.Ad-Hoc|Any CPU.Deploy.0 = Release|Any CPU
		{7C690244-4849-48AB-B277-3FF72C3480D1}.Ad-Hoc|ARM.ActiveCfg = Release|Any CPU
		{7C690244-4849-48AB-B277-3FF72C3480D1}.Ad-Hoc|ARM.Build.0 = Release|Any CPU
		{7C690244-4849-48AB-B277-3FF72C3480D1}.Ad-Hoc|ARM.Deploy.0 = Release|Any CPU
		{7C690244-4849-48AB-B277-3FF72C3480D1}.Ad-Hoc|iPhone.ActiveCfg = Release|Any CPU
		{7C690244-4849-48AB-B277-3FF72C3480D1}.Ad-Hoc|iPhone.Build.0 = Release|Any CPU
		{7C690244-4849-48AB-B277-3FF72C3480D1}.Ad-Hoc|iPhone.Deploy.0 = Release|Any CPU
		{7C690244-4849-48AB-B277-3FF72C3480D1}.Ad-Hoc|iPhoneSimulator.ActiveCfg = Release|Any CPU
		{7C690244-4849-48AB-B277-3FF72C3480D1}.Ad-Hoc|iPhoneSimulator.Build.0 = Release|Any CPU
		{7C690244-4849-48AB-B277-3FF72C3480D1}.Ad-Hoc|iPhoneSimulator.Deploy.0 = Release|Any CPU
		{7C690244-4849-48AB-B277-3FF72C3480D1}.Ad-Hoc|x64.ActiveCfg = Release|Any CPU
		{7C690244-4849-48AB-B277-3FF72C3480D1}.Ad-Hoc|x64.Build.0 = Release|Any CPU
		{7C690244-4849-48AB-B277-3FF72C3480D1}.Ad-Hoc|x64.Deploy.0 = Release|Any CPU
		{7C690244-4849-48AB-B277-3FF72C3480D1}.Ad-Hoc|x86.ActiveCfg = Release|Any CPU
		{7C690244-4849-48AB-B277-3FF72C3480D1}.Ad-Hoc|x86.Build.0 = Release|Any CPU
		{7C690244-4849-48AB-B277-3FF72C3480D1}.Ad-Hoc|x86.Deploy.0 = Release|Any CPU
		{7C690244-4849-48AB-B277-3FF72C3480D1}.AppStore|Any CPU.ActiveCfg = Release|Any CPU
		{7C690244-4849-48AB-B277-3FF72C3480D1}.AppStore|Any CPU.Build.0 = Release|Any CPU
		{7C690244-4849-48AB-B277-3FF72C3480D1}.AppStore|Any CPU.Deploy.0 = Release|Any CPU
		{7C690244-4849-48AB-B277-3FF72C3480D1}.AppStore|ARM.ActiveCfg = Release|Any CPU
		{7C690244-4849-48AB-B277-3FF72C3480D1}.AppStore|ARM.Build.0 = Release|Any CPU
		{7C690244-4849-48AB-B277-3FF72C3480D1}.AppStore|ARM.Deploy.0 = Release|Any CPU
		{7C690244-4849-48AB-B277-3FF72C3480D1}.AppStore|iPhone.ActiveCfg = Release|Any CPU
		{7C690244-4849-48AB-B277-3FF72C3480D1}.AppStore|iPhone.Build.0 = Release|Any CPU
		{7C690244-4849-48AB-B277-3FF72C3480D1}.AppStore|iPhone.Deploy.0 = Release|Any CPU
		{7C690244-4849-48AB-B277-3FF72C3480D1}.AppStore|iPhoneSimulator.ActiveCfg = Release|Any CPU
		{7C690244-4849-48AB-B277-3FF72C3480D1}.AppStore|iPhoneSimulator.Build.0 = Release|Any CPU
		{7C690244-4849-48AB-B277-3FF72C3480D1}.AppStore|iPhoneSimulator.Deploy.0 = Release|Any CPU
		{7C690244-4849-48AB-B277-3FF72C3480D1}.AppStore|x64.ActiveCfg = Release|Any CPU
		{7C690244-4849-48AB-B277-3FF72C3480D1}.AppStore|x64.Build.0 = Release|Any CPU
		{7C690244-4849-48AB-B277-3FF72C3480D1}.AppStore|x64.Deploy.0 = Release|Any CPU
		{7C690244-4849-48AB-B277-3FF72C3480D1}.AppStore|x86.ActiveCfg = Release|Any CPU
		{7C690244-4849-48AB-B277-3FF72C3480D1}.AppStore|x86.Build.0 = Release|Any CPU
		{7C690244-4849-48AB-B277-3FF72C3480D1}.AppStore|x86.Deploy.0 = Release|Any CPU
		{7C690244-4849-48AB-B277-3FF72C3480D1}.Debug|Any CPU.ActiveCfg = Debug|Any CPU
		{7C690244-4849-48AB-B277-3FF72C3480D1}.Debug|ARM.ActiveCfg = Debug|Any CPU
		{7C690244-4849-48AB-B277-3FF72C3480D1}.Debug|ARM.Build.0 = Debug|Any CPU
		{7C690244-4849-48AB-B277-3FF72C3480D1}.Debug|ARM.Deploy.0 = Debug|Any CPU
		{7C690244-4849-48AB-B277-3FF72C3480D1}.Debug|iPhone.ActiveCfg = Debug|Any CPU
		{7C690244-4849-48AB-B277-3FF72C3480D1}.Debug|iPhone.Build.0 = Debug|Any CPU
		{7C690244-4849-48AB-B277-3FF72C3480D1}.Debug|iPhone.Deploy.0 = Debug|Any CPU
		{7C690244-4849-48AB-B277-3FF72C3480D1}.Debug|iPhoneSimulator.ActiveCfg = Debug|Any CPU
		{7C690244-4849-48AB-B277-3FF72C3480D1}.Debug|iPhoneSimulator.Build.0 = Debug|Any CPU
		{7C690244-4849-48AB-B277-3FF72C3480D1}.Debug|iPhoneSimulator.Deploy.0 = Debug|Any CPU
		{7C690244-4849-48AB-B277-3FF72C3480D1}.Debug|x64.ActiveCfg = Debug|Any CPU
		{7C690244-4849-48AB-B277-3FF72C3480D1}.Debug|x64.Build.0 = Debug|Any CPU
		{7C690244-4849-48AB-B277-3FF72C3480D1}.Debug|x64.Deploy.0 = Debug|Any CPU
		{7C690244-4849-48AB-B277-3FF72C3480D1}.Debug|x86.ActiveCfg = Debug|Any CPU
		{7C690244-4849-48AB-B277-3FF72C3480D1}.Debug|x86.Build.0 = Debug|Any CPU
		{7C690244-4849-48AB-B277-3FF72C3480D1}.Debug|x86.Deploy.0 = Debug|Any CPU
		{7C690244-4849-48AB-B277-3FF72C3480D1}.Release|Any CPU.ActiveCfg = Release|Any CPU
		{7C690244-4849-48AB-B277-3FF72C3480D1}.Release|Any CPU.Build.0 = Release|Any CPU
		{7C690244-4849-48AB-B277-3FF72C3480D1}.Release|Any CPU.Deploy.0 = Release|Any CPU
		{7C690244-4849-48AB-B277-3FF72C3480D1}.Release|ARM.ActiveCfg = Release|Any CPU
		{7C690244-4849-48AB-B277-3FF72C3480D1}.Release|ARM.Build.0 = Release|Any CPU
		{7C690244-4849-48AB-B277-3FF72C3480D1}.Release|ARM.Deploy.0 = Release|Any CPU
		{7C690244-4849-48AB-B277-3FF72C3480D1}.Release|iPhone.ActiveCfg = Release|Any CPU
		{7C690244-4849-48AB-B277-3FF72C3480D1}.Release|iPhone.Build.0 = Release|Any CPU
		{7C690244-4849-48AB-B277-3FF72C3480D1}.Release|iPhone.Deploy.0 = Release|Any CPU
		{7C690244-4849-48AB-B277-3FF72C3480D1}.Release|iPhoneSimulator.ActiveCfg = Release|Any CPU
		{7C690244-4849-48AB-B277-3FF72C3480D1}.Release|iPhoneSimulator.Build.0 = Release|Any CPU
		{7C690244-4849-48AB-B277-3FF72C3480D1}.Release|iPhoneSimulator.Deploy.0 = Release|Any CPU
		{7C690244-4849-48AB-B277-3FF72C3480D1}.Release|x64.ActiveCfg = Release|Any CPU
		{7C690244-4849-48AB-B277-3FF72C3480D1}.Release|x64.Build.0 = Release|Any CPU
		{7C690244-4849-48AB-B277-3FF72C3480D1}.Release|x64.Deploy.0 = Release|Any CPU
		{7C690244-4849-48AB-B277-3FF72C3480D1}.Release|x86.ActiveCfg = Release|Any CPU
		{7C690244-4849-48AB-B277-3FF72C3480D1}.Release|x86.Build.0 = Release|Any CPU
		{7C690244-4849-48AB-B277-3FF72C3480D1}.Release|x86.Deploy.0 = Release|Any CPU
		{7F0DAA6E-E0E7-46D8-8046-0E2EE4B73E6D}.Ad-Hoc|Any CPU.ActiveCfg = Ad-Hoc|iPhone
		{7F0DAA6E-E0E7-46D8-8046-0E2EE4B73E6D}.Ad-Hoc|ARM.ActiveCfg = Ad-Hoc|iPhone
		{7F0DAA6E-E0E7-46D8-8046-0E2EE4B73E6D}.Ad-Hoc|iPhone.ActiveCfg = Ad-Hoc|iPhone
		{7F0DAA6E-E0E7-46D8-8046-0E2EE4B73E6D}.Ad-Hoc|iPhone.Build.0 = Ad-Hoc|iPhone
		{7F0DAA6E-E0E7-46D8-8046-0E2EE4B73E6D}.Ad-Hoc|iPhoneSimulator.ActiveCfg = Ad-Hoc|iPhoneSimulator
		{7F0DAA6E-E0E7-46D8-8046-0E2EE4B73E6D}.Ad-Hoc|iPhoneSimulator.Build.0 = Ad-Hoc|iPhoneSimulator
		{7F0DAA6E-E0E7-46D8-8046-0E2EE4B73E6D}.Ad-Hoc|x64.ActiveCfg = Ad-Hoc|iPhone
		{7F0DAA6E-E0E7-46D8-8046-0E2EE4B73E6D}.Ad-Hoc|x86.ActiveCfg = Ad-Hoc|iPhone
		{7F0DAA6E-E0E7-46D8-8046-0E2EE4B73E6D}.AppStore|Any CPU.ActiveCfg = AppStore|iPhone
		{7F0DAA6E-E0E7-46D8-8046-0E2EE4B73E6D}.AppStore|ARM.ActiveCfg = AppStore|iPhone
		{7F0DAA6E-E0E7-46D8-8046-0E2EE4B73E6D}.AppStore|iPhone.ActiveCfg = AppStore|iPhone
		{7F0DAA6E-E0E7-46D8-8046-0E2EE4B73E6D}.AppStore|iPhone.Build.0 = AppStore|iPhone
		{7F0DAA6E-E0E7-46D8-8046-0E2EE4B73E6D}.AppStore|iPhoneSimulator.ActiveCfg = AppStore|iPhoneSimulator
		{7F0DAA6E-E0E7-46D8-8046-0E2EE4B73E6D}.AppStore|iPhoneSimulator.Build.0 = AppStore|iPhoneSimulator
		{7F0DAA6E-E0E7-46D8-8046-0E2EE4B73E6D}.AppStore|x64.ActiveCfg = AppStore|iPhone
		{7F0DAA6E-E0E7-46D8-8046-0E2EE4B73E6D}.AppStore|x86.ActiveCfg = AppStore|iPhone
		{7F0DAA6E-E0E7-46D8-8046-0E2EE4B73E6D}.Debug|Any CPU.ActiveCfg = Debug|iPhone
		{7F0DAA6E-E0E7-46D8-8046-0E2EE4B73E6D}.Debug|ARM.ActiveCfg = Debug|iPhone
		{7F0DAA6E-E0E7-46D8-8046-0E2EE4B73E6D}.Debug|iPhone.ActiveCfg = Debug|iPhone
		{7F0DAA6E-E0E7-46D8-8046-0E2EE4B73E6D}.Debug|iPhone.Build.0 = Debug|iPhone
		{7F0DAA6E-E0E7-46D8-8046-0E2EE4B73E6D}.Debug|iPhoneSimulator.ActiveCfg = Debug|iPhoneSimulator
		{7F0DAA6E-E0E7-46D8-8046-0E2EE4B73E6D}.Debug|iPhoneSimulator.Build.0 = Debug|iPhoneSimulator
		{7F0DAA6E-E0E7-46D8-8046-0E2EE4B73E6D}.Debug|x64.ActiveCfg = Debug|iPhone
		{7F0DAA6E-E0E7-46D8-8046-0E2EE4B73E6D}.Debug|x86.ActiveCfg = Debug|iPhone
		{7F0DAA6E-E0E7-46D8-8046-0E2EE4B73E6D}.Release|Any CPU.ActiveCfg = Release|iPhone
		{7F0DAA6E-E0E7-46D8-8046-0E2EE4B73E6D}.Release|ARM.ActiveCfg = Release|iPhone
		{7F0DAA6E-E0E7-46D8-8046-0E2EE4B73E6D}.Release|iPhone.ActiveCfg = Release|iPhone
		{7F0DAA6E-E0E7-46D8-8046-0E2EE4B73E6D}.Release|iPhone.Build.0 = Release|iPhone
		{7F0DAA6E-E0E7-46D8-8046-0E2EE4B73E6D}.Release|iPhoneSimulator.ActiveCfg = Release|iPhoneSimulator
		{7F0DAA6E-E0E7-46D8-8046-0E2EE4B73E6D}.Release|iPhoneSimulator.Build.0 = Release|iPhoneSimulator
		{7F0DAA6E-E0E7-46D8-8046-0E2EE4B73E6D}.Release|x64.ActiveCfg = Release|iPhone
		{7F0DAA6E-E0E7-46D8-8046-0E2EE4B73E6D}.Release|x86.ActiveCfg = Release|iPhone
		{31B90506-B097-466A-B78C-99F02C665964}.Ad-Hoc|Any CPU.ActiveCfg = Release|x86
		{31B90506-B097-466A-B78C-99F02C665964}.Ad-Hoc|Any CPU.Build.0 = Release|x86
		{31B90506-B097-466A-B78C-99F02C665964}.Ad-Hoc|Any CPU.Deploy.0 = Release|x86
		{31B90506-B097-466A-B78C-99F02C665964}.Ad-Hoc|ARM.ActiveCfg = Release|ARM
		{31B90506-B097-466A-B78C-99F02C665964}.Ad-Hoc|ARM.Build.0 = Release|ARM
		{31B90506-B097-466A-B78C-99F02C665964}.Ad-Hoc|ARM.Deploy.0 = Release|ARM
		{31B90506-B097-466A-B78C-99F02C665964}.Ad-Hoc|iPhone.ActiveCfg = Release|x86
		{31B90506-B097-466A-B78C-99F02C665964}.Ad-Hoc|iPhone.Build.0 = Release|x86
		{31B90506-B097-466A-B78C-99F02C665964}.Ad-Hoc|iPhone.Deploy.0 = Release|x86
		{31B90506-B097-466A-B78C-99F02C665964}.Ad-Hoc|iPhoneSimulator.ActiveCfg = Release|x86
		{31B90506-B097-466A-B78C-99F02C665964}.Ad-Hoc|iPhoneSimulator.Build.0 = Release|x86
		{31B90506-B097-466A-B78C-99F02C665964}.Ad-Hoc|iPhoneSimulator.Deploy.0 = Release|x86
		{31B90506-B097-466A-B78C-99F02C665964}.Ad-Hoc|x64.ActiveCfg = Release|x64
		{31B90506-B097-466A-B78C-99F02C665964}.Ad-Hoc|x64.Build.0 = Release|x64
		{31B90506-B097-466A-B78C-99F02C665964}.Ad-Hoc|x64.Deploy.0 = Release|x64
		{31B90506-B097-466A-B78C-99F02C665964}.Ad-Hoc|x86.ActiveCfg = Release|x86
		{31B90506-B097-466A-B78C-99F02C665964}.Ad-Hoc|x86.Build.0 = Release|x86
		{31B90506-B097-466A-B78C-99F02C665964}.Ad-Hoc|x86.Deploy.0 = Release|x86
		{31B90506-B097-466A-B78C-99F02C665964}.AppStore|Any CPU.ActiveCfg = Release|x86
		{31B90506-B097-466A-B78C-99F02C665964}.AppStore|Any CPU.Build.0 = Release|x86
		{31B90506-B097-466A-B78C-99F02C665964}.AppStore|Any CPU.Deploy.0 = Release|x86
		{31B90506-B097-466A-B78C-99F02C665964}.AppStore|ARM.ActiveCfg = Release|ARM
		{31B90506-B097-466A-B78C-99F02C665964}.AppStore|ARM.Build.0 = Release|ARM
		{31B90506-B097-466A-B78C-99F02C665964}.AppStore|ARM.Deploy.0 = Release|ARM
		{31B90506-B097-466A-B78C-99F02C665964}.AppStore|iPhone.ActiveCfg = Release|x86
		{31B90506-B097-466A-B78C-99F02C665964}.AppStore|iPhone.Build.0 = Release|x86
		{31B90506-B097-466A-B78C-99F02C665964}.AppStore|iPhone.Deploy.0 = Release|x86
		{31B90506-B097-466A-B78C-99F02C665964}.AppStore|iPhoneSimulator.ActiveCfg = Release|x86
		{31B90506-B097-466A-B78C-99F02C665964}.AppStore|iPhoneSimulator.Build.0 = Release|x86
		{31B90506-B097-466A-B78C-99F02C665964}.AppStore|iPhoneSimulator.Deploy.0 = Release|x86
		{31B90506-B097-466A-B78C-99F02C665964}.AppStore|x64.ActiveCfg = Release|x64
		{31B90506-B097-466A-B78C-99F02C665964}.AppStore|x64.Build.0 = Release|x64
		{31B90506-B097-466A-B78C-99F02C665964}.AppStore|x64.Deploy.0 = Release|x64
		{31B90506-B097-466A-B78C-99F02C665964}.AppStore|x86.ActiveCfg = Release|x86
		{31B90506-B097-466A-B78C-99F02C665964}.AppStore|x86.Build.0 = Release|x86
		{31B90506-B097-466A-B78C-99F02C665964}.AppStore|x86.Deploy.0 = Release|x86
		{31B90506-B097-466A-B78C-99F02C665964}.Debug|Any CPU.ActiveCfg = Debug|x86
		{31B90506-B097-466A-B78C-99F02C665964}.Debug|Any CPU.Build.0 = Debug|x86
		{31B90506-B097-466A-B78C-99F02C665964}.Debug|Any CPU.Deploy.0 = Debug|x86
		{31B90506-B097-466A-B78C-99F02C665964}.Debug|ARM.ActiveCfg = Debug|ARM
		{31B90506-B097-466A-B78C-99F02C665964}.Debug|ARM.Build.0 = Debug|ARM
		{31B90506-B097-466A-B78C-99F02C665964}.Debug|ARM.Deploy.0 = Debug|ARM
		{31B90506-B097-466A-B78C-99F02C665964}.Debug|iPhone.ActiveCfg = Debug|x86
		{31B90506-B097-466A-B78C-99F02C665964}.Debug|iPhoneSimulator.ActiveCfg = Debug|x86
		{31B90506-B097-466A-B78C-99F02C665964}.Debug|x64.ActiveCfg = Debug|x64
		{31B90506-B097-466A-B78C-99F02C665964}.Debug|x64.Build.0 = Debug|x64
		{31B90506-B097-466A-B78C-99F02C665964}.Debug|x64.Deploy.0 = Debug|x64
		{31B90506-B097-466A-B78C-99F02C665964}.Debug|x86.ActiveCfg = Debug|x86
		{31B90506-B097-466A-B78C-99F02C665964}.Debug|x86.Build.0 = Debug|x86
		{31B90506-B097-466A-B78C-99F02C665964}.Debug|x86.Deploy.0 = Debug|x86
		{31B90506-B097-466A-B78C-99F02C665964}.Release|Any CPU.ActiveCfg = Release|x86
		{31B90506-B097-466A-B78C-99F02C665964}.Release|ARM.ActiveCfg = Release|ARM
		{31B90506-B097-466A-B78C-99F02C665964}.Release|ARM.Build.0 = Release|ARM
		{31B90506-B097-466A-B78C-99F02C665964}.Release|ARM.Deploy.0 = Release|ARM
		{31B90506-B097-466A-B78C-99F02C665964}.Release|iPhone.ActiveCfg = Release|x86
		{31B90506-B097-466A-B78C-99F02C665964}.Release|iPhoneSimulator.ActiveCfg = Release|x86
		{31B90506-B097-466A-B78C-99F02C665964}.Release|x64.ActiveCfg = Release|x64
		{31B90506-B097-466A-B78C-99F02C665964}.Release|x64.Build.0 = Release|x64
		{31B90506-B097-466A-B78C-99F02C665964}.Release|x64.Deploy.0 = Release|x64
		{31B90506-B097-466A-B78C-99F02C665964}.Release|x86.ActiveCfg = Release|x86
		{31B90506-B097-466A-B78C-99F02C665964}.Release|x86.Build.0 = Release|x86
		{31B90506-B097-466A-B78C-99F02C665964}.Release|x86.Deploy.0 = Release|x86
	EndGlobalSection
	GlobalSection(SolutionProperties) = preSolution
		HideSolutionNode = FALSE
	EndGlobalSection
EndGlobal
