
Microsoft Visual Studio Solution File, Format Version 12.00
# Visual Studio 14
VisualStudioVersion = 14.0.25123.0
MinimumVisualStudioVersion = 10.0.40219.1
Project("{FAE04EC0-301F-11D3-BF4B-00C04F79EFBC}") = "XFStopwatch", "XFStopwatch\XFStopwatch\XFStopwatch.csproj", "{FED73DD0-74B5-43C1-8DB0-66F9EAEF5794}"
EndProject
Project("{FAE04EC0-301F-11D3-BF4B-00C04F79EFBC}") = "XFStopwatch.Droid", "XFStopwatch\XFStopwatch.Droid\XFStopwatch.Droid.csproj", "{75D20137-5B67-44D0-B629-EC802ACC0B2A}"
EndProject
Project("{FAE04EC0-301F-11D3-BF4B-00C04F79EFBC}") = "XFStopwatch.iOS", "XFStopwatch\XFStopwatch.iOS\XFStopwatch.iOS.csproj", "{DC26B30C-9DFB-493A-AA85-C477912DAA3D}"
EndProject
Project("{FAE04EC0-301F-11D3-BF4B-00C04F79EFBC}") = "XFStopwatch.UWP", "XFStopwatch\XFStopwatch.UWP\XFStopwatch.UWP.csproj", "{7F238AD2-A841-4500-8221-621508983BB8}"
EndProject
Project("{FAE04EC0-301F-11D3-BF4B-00C04F79EFBC}") = "XFStopwatch.Models", "XFStopwatch.Models\XFStopwatch.Models.csproj", "{E2870FFD-0B13-4B71-BCA9-C3151031C1AB}"
EndProject
Project("{FAE04EC0-301F-11D3-BF4B-00C04F79EFBC}") = "XFStopwatch.Models.Tests", "XFStopwatch.Models.Tests\XFStopwatch.Models.Tests.csproj", "{E6F97186-30E4-423E-97E0-1B7EBD72733F}"
EndProject
Project("{FAE04EC0-301F-11D3-BF4B-00C04F79EFBC}") = "XFStopwatch.Views", "XFStopwatch.Views\XFStopwatch.Views.csproj", "{0943ED9F-8461-4074-A622-5615F5E345CE}"
EndProject
Global
	GlobalSection(SolutionConfigurationPlatforms) = preSolution
		Ad-Hoc|Any CPU = Ad-Hoc|Any CPU
		Ad-Hoc|ARM = Ad-Hoc|ARM
		Ad-Hoc|iPhone = Ad-Hoc|iPhone
		Ad-Hoc|iPhoneSimulator = Ad-Hoc|iPhoneSimulator
		Ad-Hoc|x64 = Ad-Hoc|x64
		Ad-Hoc|x86 = Ad-Hoc|x86
		AppStore|Any CPU = AppStore|Any CPU
		AppStore|ARM = AppStore|ARM
		AppStore|iPhone = AppStore|iPhone
		AppStore|iPhoneSimulator = AppStore|iPhoneSimulator
		AppStore|x64 = AppStore|x64
		AppStore|x86 = AppStore|x86
		Debug|Any CPU = Debug|Any CPU
		Debug|ARM = Debug|ARM
		Debug|iPhone = Debug|iPhone
		Debug|iPhoneSimulator = Debug|iPhoneSimulator
		Debug|x64 = Debug|x64
		Debug|x86 = Debug|x86
		Release|Any CPU = Release|Any CPU
		Release|ARM = Release|ARM
		Release|iPhone = Release|iPhone
		Release|iPhoneSimulator = Release|iPhoneSimulator
		Release|x64 = Release|x64
		Release|x86 = Release|x86
	EndGlobalSection
	GlobalSection(ProjectConfigurationPlatforms) = postSolution
		{FED73DD0-74B5-43C1-8DB0-66F9EAEF5794}.Ad-Hoc|Any CPU.ActiveCfg = Release|Any CPU
		{FED73DD0-74B5-43C1-8DB0-66F9EAEF5794}.Ad-Hoc|Any CPU.Build.0 = Release|Any CPU
		{FED73DD0-74B5-43C1-8DB0-66F9EAEF5794}.Ad-Hoc|ARM.ActiveCfg = Release|Any CPU
		{FED73DD0-74B5-43C1-8DB0-66F9EAEF5794}.Ad-Hoc|ARM.Build.0 = Release|Any CPU
		{FED73DD0-74B5-43C1-8DB0-66F9EAEF5794}.Ad-Hoc|iPhone.ActiveCfg = Release|Any CPU
		{FED73DD0-74B5-43C1-8DB0-66F9EAEF5794}.Ad-Hoc|iPhone.Build.0 = Release|Any CPU
		{FED73DD0-74B5-43C1-8DB0-66F9EAEF5794}.Ad-Hoc|iPhoneSimulator.ActiveCfg = Release|Any CPU
		{FED73DD0-74B5-43C1-8DB0-66F9EAEF5794}.Ad-Hoc|iPhoneSimulator.Build.0 = Release|Any CPU
		{FED73DD0-74B5-43C1-8DB0-66F9EAEF5794}.Ad-Hoc|x64.ActiveCfg = Release|Any CPU
		{FED73DD0-74B5-43C1-8DB0-66F9EAEF5794}.Ad-Hoc|x64.Build.0 = Release|Any CPU
		{FED73DD0-74B5-43C1-8DB0-66F9EAEF5794}.Ad-Hoc|x86.ActiveCfg = Release|Any CPU
		{FED73DD0-74B5-43C1-8DB0-66F9EAEF5794}.Ad-Hoc|x86.Build.0 = Release|Any CPU
		{FED73DD0-74B5-43C1-8DB0-66F9EAEF5794}.AppStore|Any CPU.ActiveCfg = Release|Any CPU
		{FED73DD0-74B5-43C1-8DB0-66F9EAEF5794}.AppStore|Any CPU.Build.0 = Release|Any CPU
		{FED73DD0-74B5-43C1-8DB0-66F9EAEF5794}.AppStore|ARM.ActiveCfg = Release|Any CPU
		{FED73DD0-74B5-43C1-8DB0-66F9EAEF5794}.AppStore|ARM.Build.0 = Release|Any CPU
		{FED73DD0-74B5-43C1-8DB0-66F9EAEF5794}.AppStore|iPhone.ActiveCfg = Release|Any CPU
		{FED73DD0-74B5-43C1-8DB0-66F9EAEF5794}.AppStore|iPhone.Build.0 = Release|Any CPU
		{FED73DD0-74B5-43C1-8DB0-66F9EAEF5794}.AppStore|iPhoneSimulator.ActiveCfg = Release|Any CPU
		{FED73DD0-74B5-43C1-8DB0-66F9EAEF5794}.AppStore|iPhoneSimulator.Build.0 = Release|Any CPU
		{FED73DD0-74B5-43C1-8DB0-66F9EAEF5794}.AppStore|x64.ActiveCfg = Release|Any CPU
		{FED73DD0-74B5-43C1-8DB0-66F9EAEF5794}.AppStore|x64.Build.0 = Release|Any CPU
		{FED73DD0-74B5-43C1-8DB0-66F9EAEF5794}.AppStore|x86.ActiveCfg = Release|Any CPU
		{FED73DD0-74B5-43C1-8DB0-66F9EAEF5794}.AppStore|x86.Build.0 = Release|Any CPU
		{FED73DD0-74B5-43C1-8DB0-66F9EAEF5794}.Debug|Any CPU.ActiveCfg = Debug|Any CPU
		{FED73DD0-74B5-43C1-8DB0-66F9EAEF5794}.Debug|Any CPU.Build.0 = Debug|Any CPU
		{FED73DD0-74B5-43C1-8DB0-66F9EAEF5794}.Debug|ARM.ActiveCfg = Debug|Any CPU
		{FED73DD0-74B5-43C1-8DB0-66F9EAEF5794}.Debug|ARM.Build.0 = Debug|Any CPU
		{FED73DD0-74B5-43C1-8DB0-66F9EAEF5794}.Debug|iPhone.ActiveCfg = Debug|Any CPU
		{FED73DD0-74B5-43C1-8DB0-66F9EAEF5794}.Debug|iPhone.Build.0 = Debug|Any CPU
		{FED73DD0-74B5-43C1-8DB0-66F9EAEF5794}.Debug|iPhoneSimulator.ActiveCfg = Debug|Any CPU
		{FED73DD0-74B5-43C1-8DB0-66F9EAEF5794}.Debug|iPhoneSimulator.Build.0 = Debug|Any CPU
		{FED73DD0-74B5-43C1-8DB0-66F9EAEF5794}.Debug|x64.ActiveCfg = Debug|Any CPU
		{FED73DD0-74B5-43C1-8DB0-66F9EAEF5794}.Debug|x64.Build.0 = Debug|Any CPU
		{FED73DD0-74B5-43C1-8DB0-66F9EAEF5794}.Debug|x86.ActiveCfg = Debug|Any CPU
		{FED73DD0-74B5-43C1-8DB0-66F9EAEF5794}.Debug|x86.Build.0 = Debug|Any CPU
		{FED73DD0-74B5-43C1-8DB0-66F9EAEF5794}.Release|Any CPU.ActiveCfg = Release|Any CPU
		{FED73DD0-74B5-43C1-8DB0-66F9EAEF5794}.Release|Any CPU.Build.0 = Release|Any CPU
		{FED73DD0-74B5-43C1-8DB0-66F9EAEF5794}.Release|ARM.ActiveCfg = Release|Any CPU
		{FED73DD0-74B5-43C1-8DB0-66F9EAEF5794}.Release|ARM.Build.0 = Release|Any CPU
		{FED73DD0-74B5-43C1-8DB0-66F9EAEF5794}.Release|iPhone.ActiveCfg = Release|Any CPU
		{FED73DD0-74B5-43C1-8DB0-66F9EAEF5794}.Release|iPhone.Build.0 = Release|Any CPU
		{FED73DD0-74B5-43C1-8DB0-66F9EAEF5794}.Release|iPhoneSimulator.ActiveCfg = Release|Any CPU
		{FED73DD0-74B5-43C1-8DB0-66F9EAEF5794}.Release|iPhoneSimulator.Build.0 = Release|Any CPU
		{FED73DD0-74B5-43C1-8DB0-66F9EAEF5794}.Release|x64.ActiveCfg = Release|Any CPU
		{FED73DD0-74B5-43C1-8DB0-66F9EAEF5794}.Release|x64.Build.0 = Release|Any CPU
		{FED73DD0-74B5-43C1-8DB0-66F9EAEF5794}.Release|x86.ActiveCfg = Release|Any CPU
		{FED73DD0-74B5-43C1-8DB0-66F9EAEF5794}.Release|x86.Build.0 = Release|Any CPU
		{75D20137-5B67-44D0-B629-EC802ACC0B2A}.Ad-Hoc|Any CPU.ActiveCfg = Release|Any CPU
		{75D20137-5B67-44D0-B629-EC802ACC0B2A}.Ad-Hoc|Any CPU.Build.0 = Release|Any CPU
		{75D20137-5B67-44D0-B629-EC802ACC0B2A}.Ad-Hoc|Any CPU.Deploy.0 = Release|Any CPU
		{75D20137-5B67-44D0-B629-EC802ACC0B2A}.Ad-Hoc|ARM.ActiveCfg = Release|Any CPU
		{75D20137-5B67-44D0-B629-EC802ACC0B2A}.Ad-Hoc|ARM.Build.0 = Release|Any CPU
		{75D20137-5B67-44D0-B629-EC802ACC0B2A}.Ad-Hoc|ARM.Deploy.0 = Release|Any CPU
		{75D20137-5B67-44D0-B629-EC802ACC0B2A}.Ad-Hoc|iPhone.ActiveCfg = Release|Any CPU
		{75D20137-5B67-44D0-B629-EC802ACC0B2A}.Ad-Hoc|iPhone.Build.0 = Release|Any CPU
		{75D20137-5B67-44D0-B629-EC802ACC0B2A}.Ad-Hoc|iPhone.Deploy.0 = Release|Any CPU
		{75D20137-5B67-44D0-B629-EC802ACC0B2A}.Ad-Hoc|iPhoneSimulator.ActiveCfg = Release|Any CPU
		{75D20137-5B67-44D0-B629-EC802ACC0B2A}.Ad-Hoc|iPhoneSimulator.Build.0 = Release|Any CPU
		{75D20137-5B67-44D0-B629-EC802ACC0B2A}.Ad-Hoc|iPhoneSimulator.Deploy.0 = Release|Any CPU
		{75D20137-5B67-44D0-B629-EC802ACC0B2A}.Ad-Hoc|x64.ActiveCfg = Release|Any CPU
		{75D20137-5B67-44D0-B629-EC802ACC0B2A}.Ad-Hoc|x64.Build.0 = Release|Any CPU
		{75D20137-5B67-44D0-B629-EC802ACC0B2A}.Ad-Hoc|x64.Deploy.0 = Release|Any CPU
		{75D20137-5B67-44D0-B629-EC802ACC0B2A}.Ad-Hoc|x86.ActiveCfg = Release|Any CPU
		{75D20137-5B67-44D0-B629-EC802ACC0B2A}.Ad-Hoc|x86.Build.0 = Release|Any CPU
		{75D20137-5B67-44D0-B629-EC802ACC0B2A}.Ad-Hoc|x86.Deploy.0 = Release|Any CPU
		{75D20137-5B67-44D0-B629-EC802ACC0B2A}.AppStore|Any CPU.ActiveCfg = Release|Any CPU
		{75D20137-5B67-44D0-B629-EC802ACC0B2A}.AppStore|Any CPU.Build.0 = Release|Any CPU
		{75D20137-5B67-44D0-B629-EC802ACC0B2A}.AppStore|Any CPU.Deploy.0 = Release|Any CPU
		{75D20137-5B67-44D0-B629-EC802ACC0B2A}.AppStore|ARM.ActiveCfg = Release|Any CPU
		{75D20137-5B67-44D0-B629-EC802ACC0B2A}.AppStore|ARM.Build.0 = Release|Any CPU
		{75D20137-5B67-44D0-B629-EC802ACC0B2A}.AppStore|ARM.Deploy.0 = Release|Any CPU
		{75D20137-5B67-44D0-B629-EC802ACC0B2A}.AppStore|iPhone.ActiveCfg = Release|Any CPU
		{75D20137-5B67-44D0-B629-EC802ACC0B2A}.AppStore|iPhone.Build.0 = Release|Any CPU
		{75D20137-5B67-44D0-B629-EC802ACC0B2A}.AppStore|iPhone.Deploy.0 = Release|Any CPU
		{75D20137-5B67-44D0-B629-EC802ACC0B2A}.AppStore|iPhoneSimulator.ActiveCfg = Release|Any CPU
		{75D20137-5B67-44D0-B629-EC802ACC0B2A}.AppStore|iPhoneSimulator.Build.0 = Release|Any CPU
		{75D20137-5B67-44D0-B629-EC802ACC0B2A}.AppStore|iPhoneSimulator.Deploy.0 = Release|Any CPU
		{75D20137-5B67-44D0-B629-EC802ACC0B2A}.AppStore|x64.ActiveCfg = Release|Any CPU
		{75D20137-5B67-44D0-B629-EC802ACC0B2A}.AppStore|x64.Build.0 = Release|Any CPU
		{75D20137-5B67-44D0-B629-EC802ACC0B2A}.AppStore|x64.Deploy.0 = Release|Any CPU
		{75D20137-5B67-44D0-B629-EC802ACC0B2A}.AppStore|x86.ActiveCfg = Release|Any CPU
		{75D20137-5B67-44D0-B629-EC802ACC0B2A}.AppStore|x86.Build.0 = Release|Any CPU
		{75D20137-5B67-44D0-B629-EC802ACC0B2A}.AppStore|x86.Deploy.0 = Release|Any CPU
		{75D20137-5B67-44D0-B629-EC802ACC0B2A}.Debug|Any CPU.ActiveCfg = Debug|Any CPU
		{75D20137-5B67-44D0-B629-EC802ACC0B2A}.Debug|Any CPU.Build.0 = Debug|Any CPU
		{75D20137-5B67-44D0-B629-EC802ACC0B2A}.Debug|Any CPU.Deploy.0 = Debug|Any CPU
		{75D20137-5B67-44D0-B629-EC802ACC0B2A}.Debug|ARM.ActiveCfg = Debug|Any CPU
		{75D20137-5B67-44D0-B629-EC802ACC0B2A}.Debug|ARM.Build.0 = Debug|Any CPU
		{75D20137-5B67-44D0-B629-EC802ACC0B2A}.Debug|ARM.Deploy.0 = Debug|Any CPU
		{75D20137-5B67-44D0-B629-EC802ACC0B2A}.Debug|iPhone.ActiveCfg = Debug|Any CPU
		{75D20137-5B67-44D0-B629-EC802ACC0B2A}.Debug|iPhone.Build.0 = Debug|Any CPU
		{75D20137-5B67-44D0-B629-EC802ACC0B2A}.Debug|iPhone.Deploy.0 = Debug|Any CPU
		{75D20137-5B67-44D0-B629-EC802ACC0B2A}.Debug|iPhoneSimulator.ActiveCfg = Debug|Any CPU
		{75D20137-5B67-44D0-B629-EC802ACC0B2A}.Debug|iPhoneSimulator.Build.0 = Debug|Any CPU
		{75D20137-5B67-44D0-B629-EC802ACC0B2A}.Debug|iPhoneSimulator.Deploy.0 = Debug|Any CPU
		{75D20137-5B67-44D0-B629-EC802ACC0B2A}.Debug|x64.ActiveCfg = Debug|Any CPU
		{75D20137-5B67-44D0-B629-EC802ACC0B2A}.Debug|x64.Build.0 = Debug|Any CPU
		{75D20137-5B67-44D0-B629-EC802ACC0B2A}.Debug|x64.Deploy.0 = Debug|Any CPU
		{75D20137-5B67-44D0-B629-EC802ACC0B2A}.Debug|x86.ActiveCfg = Debug|Any CPU
		{75D20137-5B67-44D0-B629-EC802ACC0B2A}.Debug|x86.Build.0 = Debug|Any CPU
		{75D20137-5B67-44D0-B629-EC802ACC0B2A}.Debug|x86.Deploy.0 = Debug|Any CPU
		{75D20137-5B67-44D0-B629-EC802ACC0B2A}.Release|Any CPU.ActiveCfg = Release|Any CPU
		{75D20137-5B67-44D0-B629-EC802ACC0B2A}.Release|Any CPU.Build.0 = Release|Any CPU
		{75D20137-5B67-44D0-B629-EC802ACC0B2A}.Release|Any CPU.Deploy.0 = Release|Any CPU
		{75D20137-5B67-44D0-B629-EC802ACC0B2A}.Release|ARM.ActiveCfg = Release|Any CPU
		{75D20137-5B67-44D0-B629-EC802ACC0B2A}.Release|ARM.Build.0 = Release|Any CPU
		{75D20137-5B67-44D0-B629-EC802ACC0B2A}.Release|ARM.Deploy.0 = Release|Any CPU
		{75D20137-5B67-44D0-B629-EC802ACC0B2A}.Release|iPhone.ActiveCfg = Release|Any CPU
		{75D20137-5B67-44D0-B629-EC802ACC0B2A}.Release|iPhone.Build.0 = Release|Any CPU
		{75D20137-5B67-44D0-B629-EC802ACC0B2A}.Release|iPhone.Deploy.0 = Release|Any CPU
		{75D20137-5B67-44D0-B629-EC802ACC0B2A}.Release|iPhoneSimulator.ActiveCfg = Release|Any CPU
		{75D20137-5B67-44D0-B629-EC802ACC0B2A}.Release|iPhoneSimulator.Build.0 = Release|Any CPU
		{75D20137-5B67-44D0-B629-EC802ACC0B2A}.Release|iPhoneSimulator.Deploy.0 = Release|Any CPU
		{75D20137-5B67-44D0-B629-EC802ACC0B2A}.Release|x64.ActiveCfg = Release|Any CPU
		{75D20137-5B67-44D0-B629-EC802ACC0B2A}.Release|x64.Build.0 = Release|Any CPU
		{75D20137-5B67-44D0-B629-EC802ACC0B2A}.Release|x64.Deploy.0 = Release|Any CPU
		{75D20137-5B67-44D0-B629-EC802ACC0B2A}.Release|x86.ActiveCfg = Release|Any CPU
		{75D20137-5B67-44D0-B629-EC802ACC0B2A}.Release|x86.Build.0 = Release|Any CPU
		{75D20137-5B67-44D0-B629-EC802ACC0B2A}.Release|x86.Deploy.0 = Release|Any CPU
		{DC26B30C-9DFB-493A-AA85-C477912DAA3D}.Ad-Hoc|Any CPU.ActiveCfg = Ad-Hoc|iPhone
		{DC26B30C-9DFB-493A-AA85-C477912DAA3D}.Ad-Hoc|ARM.ActiveCfg = Ad-Hoc|iPhone
		{DC26B30C-9DFB-493A-AA85-C477912DAA3D}.Ad-Hoc|iPhone.ActiveCfg = Ad-Hoc|iPhone
		{DC26B30C-9DFB-493A-AA85-C477912DAA3D}.Ad-Hoc|iPhone.Build.0 = Ad-Hoc|iPhone
		{DC26B30C-9DFB-493A-AA85-C477912DAA3D}.Ad-Hoc|iPhoneSimulator.ActiveCfg = Ad-Hoc|iPhoneSimulator
		{DC26B30C-9DFB-493A-AA85-C477912DAA3D}.Ad-Hoc|iPhoneSimulator.Build.0 = Ad-Hoc|iPhoneSimulator
		{DC26B30C-9DFB-493A-AA85-C477912DAA3D}.Ad-Hoc|x64.ActiveCfg = Ad-Hoc|iPhone
		{DC26B30C-9DFB-493A-AA85-C477912DAA3D}.Ad-Hoc|x86.ActiveCfg = Ad-Hoc|iPhone
		{DC26B30C-9DFB-493A-AA85-C477912DAA3D}.AppStore|Any CPU.ActiveCfg = AppStore|iPhone
		{DC26B30C-9DFB-493A-AA85-C477912DAA3D}.AppStore|ARM.ActiveCfg = AppStore|iPhone
		{DC26B30C-9DFB-493A-AA85-C477912DAA3D}.AppStore|iPhone.ActiveCfg = AppStore|iPhone
		{DC26B30C-9DFB-493A-AA85-C477912DAA3D}.AppStore|iPhone.Build.0 = AppStore|iPhone
		{DC26B30C-9DFB-493A-AA85-C477912DAA3D}.AppStore|iPhoneSimulator.ActiveCfg = AppStore|iPhoneSimulator
		{DC26B30C-9DFB-493A-AA85-C477912DAA3D}.AppStore|iPhoneSimulator.Build.0 = AppStore|iPhoneSimulator
		{DC26B30C-9DFB-493A-AA85-C477912DAA3D}.AppStore|x64.ActiveCfg = AppStore|iPhone
		{DC26B30C-9DFB-493A-AA85-C477912DAA3D}.AppStore|x86.ActiveCfg = AppStore|iPhone
		{DC26B30C-9DFB-493A-AA85-C477912DAA3D}.Debug|Any CPU.ActiveCfg = Debug|iPhone
		{DC26B30C-9DFB-493A-AA85-C477912DAA3D}.Debug|ARM.ActiveCfg = Debug|iPhone
		{DC26B30C-9DFB-493A-AA85-C477912DAA3D}.Debug|iPhone.ActiveCfg = Debug|iPhone
		{DC26B30C-9DFB-493A-AA85-C477912DAA3D}.Debug|iPhone.Build.0 = Debug|iPhone
		{DC26B30C-9DFB-493A-AA85-C477912DAA3D}.Debug|iPhoneSimulator.ActiveCfg = Debug|iPhoneSimulator
		{DC26B30C-9DFB-493A-AA85-C477912DAA3D}.Debug|iPhoneSimulator.Build.0 = Debug|iPhoneSimulator
		{DC26B30C-9DFB-493A-AA85-C477912DAA3D}.Debug|x64.ActiveCfg = Debug|iPhone
		{DC26B30C-9DFB-493A-AA85-C477912DAA3D}.Debug|x86.ActiveCfg = Debug|iPhone
		{DC26B30C-9DFB-493A-AA85-C477912DAA3D}.Release|Any CPU.ActiveCfg = Release|iPhone
		{DC26B30C-9DFB-493A-AA85-C477912DAA3D}.Release|ARM.ActiveCfg = Release|iPhone
		{DC26B30C-9DFB-493A-AA85-C477912DAA3D}.Release|iPhone.ActiveCfg = Release|iPhone
		{DC26B30C-9DFB-493A-AA85-C477912DAA3D}.Release|iPhone.Build.0 = Release|iPhone
		{DC26B30C-9DFB-493A-AA85-C477912DAA3D}.Release|iPhoneSimulator.ActiveCfg = Release|iPhoneSimulator
		{DC26B30C-9DFB-493A-AA85-C477912DAA3D}.Release|iPhoneSimulator.Build.0 = Release|iPhoneSimulator
		{DC26B30C-9DFB-493A-AA85-C477912DAA3D}.Release|x64.ActiveCfg = Release|iPhone
		{DC26B30C-9DFB-493A-AA85-C477912DAA3D}.Release|x86.ActiveCfg = Release|iPhone
		{7F238AD2-A841-4500-8221-621508983BB8}.Ad-Hoc|Any CPU.ActiveCfg = Release|x86
		{7F238AD2-A841-4500-8221-621508983BB8}.Ad-Hoc|Any CPU.Build.0 = Release|x86
		{7F238AD2-A841-4500-8221-621508983BB8}.Ad-Hoc|Any CPU.Deploy.0 = Release|x86
		{7F238AD2-A841-4500-8221-621508983BB8}.Ad-Hoc|ARM.ActiveCfg = Release|ARM
		{7F238AD2-A841-4500-8221-621508983BB8}.Ad-Hoc|ARM.Build.0 = Release|ARM
		{7F238AD2-A841-4500-8221-621508983BB8}.Ad-Hoc|ARM.Deploy.0 = Release|ARM
		{7F238AD2-A841-4500-8221-621508983BB8}.Ad-Hoc|iPhone.ActiveCfg = Release|x86
		{7F238AD2-A841-4500-8221-621508983BB8}.Ad-Hoc|iPhone.Build.0 = Release|x86
		{7F238AD2-A841-4500-8221-621508983BB8}.Ad-Hoc|iPhone.Deploy.0 = Release|x86
		{7F238AD2-A841-4500-8221-621508983BB8}.Ad-Hoc|iPhoneSimulator.ActiveCfg = Release|x86
		{7F238AD2-A841-4500-8221-621508983BB8}.Ad-Hoc|iPhoneSimulator.Build.0 = Release|x86
		{7F238AD2-A841-4500-8221-621508983BB8}.Ad-Hoc|iPhoneSimulator.Deploy.0 = Release|x86
		{7F238AD2-A841-4500-8221-621508983BB8}.Ad-Hoc|x64.ActiveCfg = Release|x64
		{7F238AD2-A841-4500-8221-621508983BB8}.Ad-Hoc|x64.Build.0 = Release|x64
		{7F238AD2-A841-4500-8221-621508983BB8}.Ad-Hoc|x64.Deploy.0 = Release|x64
		{7F238AD2-A841-4500-8221-621508983BB8}.Ad-Hoc|x86.ActiveCfg = Release|x86
		{7F238AD2-A841-4500-8221-621508983BB8}.Ad-Hoc|x86.Build.0 = Release|x86
		{7F238AD2-A841-4500-8221-621508983BB8}.Ad-Hoc|x86.Deploy.0 = Release|x86
		{7F238AD2-A841-4500-8221-621508983BB8}.AppStore|Any CPU.ActiveCfg = Release|x86
		{7F238AD2-A841-4500-8221-621508983BB8}.AppStore|Any CPU.Build.0 = Release|x86
		{7F238AD2-A841-4500-8221-621508983BB8}.AppStore|Any CPU.Deploy.0 = Release|x86
		{7F238AD2-A841-4500-8221-621508983BB8}.AppStore|ARM.ActiveCfg = Release|ARM
		{7F238AD2-A841-4500-8221-621508983BB8}.AppStore|ARM.Build.0 = Release|ARM
		{7F238AD2-A841-4500-8221-621508983BB8}.AppStore|ARM.Deploy.0 = Release|ARM
		{7F238AD2-A841-4500-8221-621508983BB8}.AppStore|iPhone.ActiveCfg = Release|x86
		{7F238AD2-A841-4500-8221-621508983BB8}.AppStore|iPhone.Build.0 = Release|x86
		{7F238AD2-A841-4500-8221-621508983BB8}.AppStore|iPhone.Deploy.0 = Release|x86
		{7F238AD2-A841-4500-8221-621508983BB8}.AppStore|iPhoneSimulator.ActiveCfg = Release|x86
		{7F238AD2-A841-4500-8221-621508983BB8}.AppStore|iPhoneSimulator.Build.0 = Release|x86
		{7F238AD2-A841-4500-8221-621508983BB8}.AppStore|iPhoneSimulator.Deploy.0 = Release|x86
		{7F238AD2-A841-4500-8221-621508983BB8}.AppStore|x64.ActiveCfg = Release|x64
		{7F238AD2-A841-4500-8221-621508983BB8}.AppStore|x64.Build.0 = Release|x64
		{7F238AD2-A841-4500-8221-621508983BB8}.AppStore|x64.Deploy.0 = Release|x64
		{7F238AD2-A841-4500-8221-621508983BB8}.AppStore|x86.ActiveCfg = Release|x86
		{7F238AD2-A841-4500-8221-621508983BB8}.AppStore|x86.Build.0 = Release|x86
		{7F238AD2-A841-4500-8221-621508983BB8}.AppStore|x86.Deploy.0 = Release|x86
		{7F238AD2-A841-4500-8221-621508983BB8}.Debug|Any CPU.ActiveCfg = Debug|x86
		{7F238AD2-A841-4500-8221-621508983BB8}.Debug|Any CPU.Build.0 = Debug|x86
		{7F238AD2-A841-4500-8221-621508983BB8}.Debug|Any CPU.Deploy.0 = Debug|x86
		{7F238AD2-A841-4500-8221-621508983BB8}.Debug|ARM.ActiveCfg = Debug|ARM
		{7F238AD2-A841-4500-8221-621508983BB8}.Debug|ARM.Build.0 = Debug|ARM
		{7F238AD2-A841-4500-8221-621508983BB8}.Debug|ARM.Deploy.0 = Debug|ARM
		{7F238AD2-A841-4500-8221-621508983BB8}.Debug|iPhone.ActiveCfg = Debug|x86
		{7F238AD2-A841-4500-8221-621508983BB8}.Debug|iPhoneSimulator.ActiveCfg = Debug|x86
		{7F238AD2-A841-4500-8221-621508983BB8}.Debug|x64.ActiveCfg = Debug|x64
		{7F238AD2-A841-4500-8221-621508983BB8}.Debug|x64.Build.0 = Debug|x64
		{7F238AD2-A841-4500-8221-621508983BB8}.Debug|x64.Deploy.0 = Debug|x64
		{7F238AD2-A841-4500-8221-621508983BB8}.Debug|x86.ActiveCfg = Debug|x86
		{7F238AD2-A841-4500-8221-621508983BB8}.Debug|x86.Build.0 = Debug|x86
		{7F238AD2-A841-4500-8221-621508983BB8}.Debug|x86.Deploy.0 = Debug|x86
		{7F238AD2-A841-4500-8221-621508983BB8}.Release|Any CPU.ActiveCfg = Release|x86
		{7F238AD2-A841-4500-8221-621508983BB8}.Release|ARM.ActiveCfg = Release|ARM
		{7F238AD2-A841-4500-8221-621508983BB8}.Release|ARM.Build.0 = Release|ARM
		{7F238AD2-A841-4500-8221-621508983BB8}.Release|ARM.Deploy.0 = Release|ARM
		{7F238AD2-A841-4500-8221-621508983BB8}.Release|iPhone.ActiveCfg = Release|x86
		{7F238AD2-A841-4500-8221-621508983BB8}.Release|iPhoneSimulator.ActiveCfg = Release|x86
		{7F238AD2-A841-4500-8221-621508983BB8}.Release|x64.ActiveCfg = Release|x64
		{7F238AD2-A841-4500-8221-621508983BB8}.Release|x64.Build.0 = Release|x64
		{7F238AD2-A841-4500-8221-621508983BB8}.Release|x64.Deploy.0 = Release|x64
		{7F238AD2-A841-4500-8221-621508983BB8}.Release|x86.ActiveCfg = Release|x86
		{7F238AD2-A841-4500-8221-621508983BB8}.Release|x86.Build.0 = Release|x86
		{7F238AD2-A841-4500-8221-621508983BB8}.Release|x86.Deploy.0 = Release|x86
		{E2870FFD-0B13-4B71-BCA9-C3151031C1AB}.Ad-Hoc|Any CPU.ActiveCfg = Release|Any CPU
		{E2870FFD-0B13-4B71-BCA9-C3151031C1AB}.Ad-Hoc|Any CPU.Build.0 = Release|Any CPU
		{E2870FFD-0B13-4B71-BCA9-C3151031C1AB}.Ad-Hoc|ARM.ActiveCfg = Release|Any CPU
		{E2870FFD-0B13-4B71-BCA9-C3151031C1AB}.Ad-Hoc|ARM.Build.0 = Release|Any CPU
		{E2870FFD-0B13-4B71-BCA9-C3151031C1AB}.Ad-Hoc|iPhone.ActiveCfg = Release|Any CPU
		{E2870FFD-0B13-4B71-BCA9-C3151031C1AB}.Ad-Hoc|iPhone.Build.0 = Release|Any CPU
		{E2870FFD-0B13-4B71-BCA9-C3151031C1AB}.Ad-Hoc|iPhoneSimulator.ActiveCfg = Release|Any CPU
		{E2870FFD-0B13-4B71-BCA9-C3151031C1AB}.Ad-Hoc|iPhoneSimulator.Build.0 = Release|Any CPU
		{E2870FFD-0B13-4B71-BCA9-C3151031C1AB}.Ad-Hoc|x64.ActiveCfg = Release|Any CPU
		{E2870FFD-0B13-4B71-BCA9-C3151031C1AB}.Ad-Hoc|x64.Build.0 = Release|Any CPU
		{E2870FFD-0B13-4B71-BCA9-C3151031C1AB}.Ad-Hoc|x86.ActiveCfg = Release|Any CPU
		{E2870FFD-0B13-4B71-BCA9-C3151031C1AB}.Ad-Hoc|x86.Build.0 = Release|Any CPU
		{E2870FFD-0B13-4B71-BCA9-C3151031C1AB}.AppStore|Any CPU.ActiveCfg = Release|Any CPU
		{E2870FFD-0B13-4B71-BCA9-C3151031C1AB}.AppStore|Any CPU.Build.0 = Release|Any CPU
		{E2870FFD-0B13-4B71-BCA9-C3151031C1AB}.AppStore|ARM.ActiveCfg = Release|Any CPU
		{E2870FFD-0B13-4B71-BCA9-C3151031C1AB}.AppStore|ARM.Build.0 = Release|Any CPU
		{E2870FFD-0B13-4B71-BCA9-C3151031C1AB}.AppStore|iPhone.ActiveCfg = Release|Any CPU
		{E2870FFD-0B13-4B71-BCA9-C3151031C1AB}.AppStore|iPhone.Build.0 = Release|Any CPU
		{E2870FFD-0B13-4B71-BCA9-C3151031C1AB}.AppStore|iPhoneSimulator.ActiveCfg = Release|Any CPU
		{E2870FFD-0B13-4B71-BCA9-C3151031C1AB}.AppStore|iPhoneSimulator.Build.0 = Release|Any CPU
		{E2870FFD-0B13-4B71-BCA9-C3151031C1AB}.AppStore|x64.ActiveCfg = Release|Any CPU
		{E2870FFD-0B13-4B71-BCA9-C3151031C1AB}.AppStore|x64.Build.0 = Release|Any CPU
		{E2870FFD-0B13-4B71-BCA9-C3151031C1AB}.AppStore|x86.ActiveCfg = Release|Any CPU
		{E2870FFD-0B13-4B71-BCA9-C3151031C1AB}.AppStore|x86.Build.0 = Release|Any CPU
		{E2870FFD-0B13-4B71-BCA9-C3151031C1AB}.Debug|Any CPU.ActiveCfg = Debug|Any CPU
		{E2870FFD-0B13-4B71-BCA9-C3151031C1AB}.Debug|Any CPU.Build.0 = Debug|Any CPU
		{E2870FFD-0B13-4B71-BCA9-C3151031C1AB}.Debug|ARM.ActiveCfg = Debug|Any CPU
		{E2870FFD-0B13-4B71-BCA9-C3151031C1AB}.Debug|ARM.Build.0 = Debug|Any CPU
		{E2870FFD-0B13-4B71-BCA9-C3151031C1AB}.Debug|iPhone.ActiveCfg = Debug|Any CPU
		{E2870FFD-0B13-4B71-BCA9-C3151031C1AB}.Debug|iPhone.Build.0 = Debug|Any CPU
		{E2870FFD-0B13-4B71-BCA9-C3151031C1AB}.Debug|iPhoneSimulator.ActiveCfg = Debug|Any CPU
		{E2870FFD-0B13-4B71-BCA9-C3151031C1AB}.Debug|iPhoneSimulator.Build.0 = Debug|Any CPU
		{E2870FFD-0B13-4B71-BCA9-C3151031C1AB}.Debug|x64.ActiveCfg = Debug|Any CPU
		{E2870FFD-0B13-4B71-BCA9-C3151031C1AB}.Debug|x64.Build.0 = Debug|Any CPU
		{E2870FFD-0B13-4B71-BCA9-C3151031C1AB}.Debug|x86.ActiveCfg = Debug|Any CPU
		{E2870FFD-0B13-4B71-BCA9-C3151031C1AB}.Debug|x86.Build.0 = Debug|Any CPU
		{E2870FFD-0B13-4B71-BCA9-C3151031C1AB}.Release|Any CPU.ActiveCfg = Release|Any CPU
		{E2870FFD-0B13-4B71-BCA9-C3151031C1AB}.Release|Any CPU.Build.0 = Release|Any CPU
		{E2870FFD-0B13-4B71-BCA9-C3151031C1AB}.Release|ARM.ActiveCfg = Release|Any CPU
		{E2870FFD-0B13-4B71-BCA9-C3151031C1AB}.Release|ARM.Build.0 = Release|Any CPU
		{E2870FFD-0B13-4B71-BCA9-C3151031C1AB}.Release|iPhone.ActiveCfg = Release|Any CPU
		{E2870FFD-0B13-4B71-BCA9-C3151031C1AB}.Release|iPhone.Build.0 = Release|Any CPU
		{E2870FFD-0B13-4B71-BCA9-C3151031C1AB}.Release|iPhoneSimulator.ActiveCfg = Release|Any CPU
		{E2870FFD-0B13-4B71-BCA9-C3151031C1AB}.Release|iPhoneSimulator.Build.0 = Release|Any CPU
		{E2870FFD-0B13-4B71-BCA9-C3151031C1AB}.Release|x64.ActiveCfg = Release|Any CPU
		{E2870FFD-0B13-4B71-BCA9-C3151031C1AB}.Release|x64.Build.0 = Release|Any CPU
		{E2870FFD-0B13-4B71-BCA9-C3151031C1AB}.Release|x86.ActiveCfg = Release|Any CPU
		{E2870FFD-0B13-4B71-BCA9-C3151031C1AB}.Release|x86.Build.0 = Release|Any CPU
		{E6F97186-30E4-423E-97E0-1B7EBD72733F}.Ad-Hoc|Any CPU.ActiveCfg = Release|Any CPU
		{E6F97186-30E4-423E-97E0-1B7EBD72733F}.Ad-Hoc|Any CPU.Build.0 = Release|Any CPU
		{E6F97186-30E4-423E-97E0-1B7EBD72733F}.Ad-Hoc|ARM.ActiveCfg = Release|Any CPU
		{E6F97186-30E4-423E-97E0-1B7EBD72733F}.Ad-Hoc|ARM.Build.0 = Release|Any CPU
		{E6F97186-30E4-423E-97E0-1B7EBD72733F}.Ad-Hoc|iPhone.ActiveCfg = Release|Any CPU
		{E6F97186-30E4-423E-97E0-1B7EBD72733F}.Ad-Hoc|iPhone.Build.0 = Release|Any CPU
		{E6F97186-30E4-423E-97E0-1B7EBD72733F}.Ad-Hoc|iPhoneSimulator.ActiveCfg = Release|Any CPU
		{E6F97186-30E4-423E-97E0-1B7EBD72733F}.Ad-Hoc|iPhoneSimulator.Build.0 = Release|Any CPU
		{E6F97186-30E4-423E-97E0-1B7EBD72733F}.Ad-Hoc|x64.ActiveCfg = Release|Any CPU
		{E6F97186-30E4-423E-97E0-1B7EBD72733F}.Ad-Hoc|x64.Build.0 = Release|Any CPU
		{E6F97186-30E4-423E-97E0-1B7EBD72733F}.Ad-Hoc|x86.ActiveCfg = Release|Any CPU
		{E6F97186-30E4-423E-97E0-1B7EBD72733F}.Ad-Hoc|x86.Build.0 = Release|Any CPU
		{E6F97186-30E4-423E-97E0-1B7EBD72733F}.AppStore|Any CPU.ActiveCfg = Release|Any CPU
		{E6F97186-30E4-423E-97E0-1B7EBD72733F}.AppStore|Any CPU.Build.0 = Release|Any CPU
		{E6F97186-30E4-423E-97E0-1B7EBD72733F}.AppStore|ARM.ActiveCfg = Release|Any CPU
		{E6F97186-30E4-423E-97E0-1B7EBD72733F}.AppStore|ARM.Build.0 = Release|Any CPU
		{E6F97186-30E4-423E-97E0-1B7EBD72733F}.AppStore|iPhone.ActiveCfg = Release|Any CPU
		{E6F97186-30E4-423E-97E0-1B7EBD72733F}.AppStore|iPhone.Build.0 = Release|Any CPU
		{E6F97186-30E4-423E-97E0-1B7EBD72733F}.AppStore|iPhoneSimulator.ActiveCfg = Release|Any CPU
		{E6F97186-30E4-423E-97E0-1B7EBD72733F}.AppStore|iPhoneSimulator.Build.0 = Release|Any CPU
		{E6F97186-30E4-423E-97E0-1B7EBD72733F}.AppStore|x64.ActiveCfg = Release|Any CPU
		{E6F97186-30E4-423E-97E0-1B7EBD72733F}.AppStore|x64.Build.0 = Release|Any CPU
		{E6F97186-30E4-423E-97E0-1B7EBD72733F}.AppStore|x86.ActiveCfg = Release|Any CPU
		{E6F97186-30E4-423E-97E0-1B7EBD72733F}.AppStore|x86.Build.0 = Release|Any CPU
		{E6F97186-30E4-423E-97E0-1B7EBD72733F}.Debug|Any CPU.ActiveCfg = Debug|Any CPU
		{E6F97186-30E4-423E-97E0-1B7EBD72733F}.Debug|Any CPU.Build.0 = Debug|Any CPU
		{E6F97186-30E4-423E-97E0-1B7EBD72733F}.Debug|ARM.ActiveCfg = Debug|Any CPU
		{E6F97186-30E4-423E-97E0-1B7EBD72733F}.Debug|ARM.Build.0 = Debug|Any CPU
		{E6F97186-30E4-423E-97E0-1B7EBD72733F}.Debug|iPhone.ActiveCfg = Debug|Any CPU
		{E6F97186-30E4-423E-97E0-1B7EBD72733F}.Debug|iPhone.Build.0 = Debug|Any CPU
		{E6F97186-30E4-423E-97E0-1B7EBD72733F}.Debug|iPhoneSimulator.ActiveCfg = Debug|Any CPU
		{E6F97186-30E4-423E-97E0-1B7EBD72733F}.Debug|iPhoneSimulator.Build.0 = Debug|Any CPU
		{E6F97186-30E4-423E-97E0-1B7EBD72733F}.Debug|x64.ActiveCfg = Debug|Any CPU
		{E6F97186-30E4-423E-97E0-1B7EBD72733F}.Debug|x64.Build.0 = Debug|Any CPU
		{E6F97186-30E4-423E-97E0-1B7EBD72733F}.Debug|x86.ActiveCfg = Debug|Any CPU
		{E6F97186-30E4-423E-97E0-1B7EBD72733F}.Debug|x86.Build.0 = Debug|Any CPU
		{E6F97186-30E4-423E-97E0-1B7EBD72733F}.Release|Any CPU.ActiveCfg = Release|Any CPU
		{E6F97186-30E4-423E-97E0-1B7EBD72733F}.Release|Any CPU.Build.0 = Release|Any CPU
		{E6F97186-30E4-423E-97E0-1B7EBD72733F}.Release|ARM.ActiveCfg = Release|Any CPU
		{E6F97186-30E4-423E-97E0-1B7EBD72733F}.Release|ARM.Build.0 = Release|Any CPU
		{E6F97186-30E4-423E-97E0-1B7EBD72733F}.Release|iPhone.ActiveCfg = Release|Any CPU
		{E6F97186-30E4-423E-97E0-1B7EBD72733F}.Release|iPhone.Build.0 = Release|Any CPU
		{E6F97186-30E4-423E-97E0-1B7EBD72733F}.Release|iPhoneSimulator.ActiveCfg = Release|Any CPU
		{E6F97186-30E4-423E-97E0-1B7EBD72733F}.Release|iPhoneSimulator.Build.0 = Release|Any CPU
		{E6F97186-30E4-423E-97E0-1B7EBD72733F}.Release|x64.ActiveCfg = Release|Any CPU
		{E6F97186-30E4-423E-97E0-1B7EBD72733F}.Release|x64.Build.0 = Release|Any CPU
		{E6F97186-30E4-423E-97E0-1B7EBD72733F}.Release|x86.ActiveCfg = Release|Any CPU
		{E6F97186-30E4-423E-97E0-1B7EBD72733F}.Release|x86.Build.0 = Release|Any CPU
		{0943ED9F-8461-4074-A622-5615F5E345CE}.Ad-Hoc|Any CPU.ActiveCfg = Release|Any CPU
		{0943ED9F-8461-4074-A622-5615F5E345CE}.Ad-Hoc|Any CPU.Build.0 = Release|Any CPU
		{0943ED9F-8461-4074-A622-5615F5E345CE}.Ad-Hoc|ARM.ActiveCfg = Release|Any CPU
		{0943ED9F-8461-4074-A622-5615F5E345CE}.Ad-Hoc|ARM.Build.0 = Release|Any CPU
		{0943ED9F-8461-4074-A622-5615F5E345CE}.Ad-Hoc|iPhone.ActiveCfg = Release|Any CPU
		{0943ED9F-8461-4074-A622-5615F5E345CE}.Ad-Hoc|iPhone.Build.0 = Release|Any CPU
		{0943ED9F-8461-4074-A622-5615F5E345CE}.Ad-Hoc|iPhoneSimulator.ActiveCfg = Release|Any CPU
		{0943ED9F-8461-4074-A622-5615F5E345CE}.Ad-Hoc|iPhoneSimulator.Build.0 = Release|Any CPU
		{0943ED9F-8461-4074-A622-5615F5E345CE}.Ad-Hoc|x64.ActiveCfg = Release|Any CPU
		{0943ED9F-8461-4074-A622-5615F5E345CE}.Ad-Hoc|x64.Build.0 = Release|Any CPU
		{0943ED9F-8461-4074-A622-5615F5E345CE}.Ad-Hoc|x86.ActiveCfg = Release|Any CPU
		{0943ED9F-8461-4074-A622-5615F5E345CE}.Ad-Hoc|x86.Build.0 = Release|Any CPU
		{0943ED9F-8461-4074-A622-5615F5E345CE}.AppStore|Any CPU.ActiveCfg = Release|Any CPU
		{0943ED9F-8461-4074-A622-5615F5E345CE}.AppStore|Any CPU.Build.0 = Release|Any CPU
		{0943ED9F-8461-4074-A622-5615F5E345CE}.AppStore|ARM.ActiveCfg = Release|Any CPU
		{0943ED9F-8461-4074-A622-5615F5E345CE}.AppStore|ARM.Build.0 = Release|Any CPU
		{0943ED9F-8461-4074-A622-5615F5E345CE}.AppStore|iPhone.ActiveCfg = Release|Any CPU
		{0943ED9F-8461-4074-A622-5615F5E345CE}.AppStore|iPhone.Build.0 = Release|Any CPU
		{0943ED9F-8461-4074-A622-5615F5E345CE}.AppStore|iPhoneSimulator.ActiveCfg = Release|Any CPU
		{0943ED9F-8461-4074-A622-5615F5E345CE}.AppStore|iPhoneSimulator.Build.0 = Release|Any CPU
		{0943ED9F-8461-4074-A622-5615F5E345CE}.AppStore|x64.ActiveCfg = Release|Any CPU
		{0943ED9F-8461-4074-A622-5615F5E345CE}.AppStore|x64.Build.0 = Release|Any CPU
		{0943ED9F-8461-4074-A622-5615F5E345CE}.AppStore|x86.ActiveCfg = Release|Any CPU
		{0943ED9F-8461-4074-A622-5615F5E345CE}.AppStore|x86.Build.0 = Release|Any CPU
		{0943ED9F-8461-4074-A622-5615F5E345CE}.Debug|Any CPU.ActiveCfg = Debug|Any CPU
		{0943ED9F-8461-4074-A622-5615F5E345CE}.Debug|Any CPU.Build.0 = Debug|Any CPU
		{0943ED9F-8461-4074-A622-5615F5E345CE}.Debug|ARM.ActiveCfg = Debug|Any CPU
		{0943ED9F-8461-4074-A622-5615F5E345CE}.Debug|ARM.Build.0 = Debug|Any CPU
		{0943ED9F-8461-4074-A622-5615F5E345CE}.Debug|iPhone.ActiveCfg = Debug|Any CPU
		{0943ED9F-8461-4074-A622-5615F5E345CE}.Debug|iPhone.Build.0 = Debug|Any CPU
		{0943ED9F-8461-4074-A622-5615F5E345CE}.Debug|iPhoneSimulator.ActiveCfg = Debug|Any CPU
		{0943ED9F-8461-4074-A622-5615F5E345CE}.Debug|iPhoneSimulator.Build.0 = Debug|Any CPU
		{0943ED9F-8461-4074-A622-5615F5E345CE}.Debug|x64.ActiveCfg = Debug|Any CPU
		{0943ED9F-8461-4074-A622-5615F5E345CE}.Debug|x64.Build.0 = Debug|Any CPU
		{0943ED9F-8461-4074-A622-5615F5E345CE}.Debug|x86.ActiveCfg = Debug|Any CPU
		{0943ED9F-8461-4074-A622-5615F5E345CE}.Debug|x86.Build.0 = Debug|Any CPU
		{0943ED9F-8461-4074-A622-5615F5E345CE}.Release|Any CPU.ActiveCfg = Release|Any CPU
		{0943ED9F-8461-4074-A622-5615F5E345CE}.Release|Any CPU.Build.0 = Release|Any CPU
		{0943ED9F-8461-4074-A622-5615F5E345CE}.Release|ARM.ActiveCfg = Release|Any CPU
		{0943ED9F-8461-4074-A622-5615F5E345CE}.Release|ARM.Build.0 = Release|Any CPU
		{0943ED9F-8461-4074-A622-5615F5E345CE}.Release|iPhone.ActiveCfg = Release|Any CPU
		{0943ED9F-8461-4074-A622-5615F5E345CE}.Release|iPhone.Build.0 = Release|Any CPU
		{0943ED9F-8461-4074-A622-5615F5E345CE}.Release|iPhoneSimulator.ActiveCfg = Release|Any CPU
		{0943ED9F-8461-4074-A622-5615F5E345CE}.Release|iPhoneSimulator.Build.0 = Release|Any CPU
		{0943ED9F-8461-4074-A622-5615F5E345CE}.Release|x64.ActiveCfg = Release|Any CPU
		{0943ED9F-8461-4074-A622-5615F5E345CE}.Release|x64.Build.0 = Release|Any CPU
		{0943ED9F-8461-4074-A622-5615F5E345CE}.Release|x86.ActiveCfg = Release|Any CPU
		{0943ED9F-8461-4074-A622-5615F5E345CE}.Release|x86.Build.0 = Release|Any CPU
	EndGlobalSection
	GlobalSection(SolutionProperties) = preSolution
		HideSolutionNode = FALSE
	EndGlobalSection
EndGlobal
