
Microsoft Visual Studio Solution File, Format Version 12.00
# Visual Studio 14
VisualStudioVersion = 14.0.25420.1
MinimumVisualStudioVersion = 10.0.40219.1
Project("{FAE04EC0-301F-11D3-BF4B-00C04F79EFBC}") = "ListViewSample.Droid", "ListViewSample\ListViewSample.Droid\ListViewSample.Droid.csproj", "{097CC006-E864-4DEE-825F-3C94A3EE91AD}"
EndProject
Project("{FAE04EC0-301F-11D3-BF4B-00C04F79EFBC}") = "ListViewSample.iOS", "ListViewSample\ListViewSample.iOS\ListViewSample.iOS.csproj", "{9843E54A-BBC3-42A2-9006-1236B963BC65}"
EndProject
Project("{FAE04EC0-301F-11D3-BF4B-00C04F79EFBC}") = "ListViewSample.WinPhone", "ListViewSample\ListViewSample.WinPhone\ListViewSample.WinPhone.csproj", "{F1E5D54B-FB86-4E76-8B4B-C2F5FBC0D6BF}"
EndProject
Project("{FAE04EC0-301F-11D3-BF4B-00C04F79EFBC}") = "ListViewSample.UWP", "ListViewSample\ListViewSample.UWP\ListViewSample.UWP.csproj", "{67FD3FC9-6F5B-47AC-94A6-E93535A41429}"
EndProject
Project("{FAE04EC0-301F-11D3-BF4B-00C04F79EFBC}") = "ListViewSample.Windows", "ListViewSample\ListViewSample.Windows\ListViewSample.Windows.csproj", "{8528F8AE-F43B-4CA4-8F3F-8BCF5A5C413D}"
EndProject
Project("{FAE04EC0-301F-11D3-BF4B-00C04F79EFBC}") = "ListViewSample", "ListViewSample\ListViewSample\ListViewSample.csproj", "{18F9CDA0-BD47-4512-BC41-9016A4BC9DE6}"
EndProject
Global
	GlobalSection(SolutionConfigurationPlatforms) = preSolution
		Ad-Hoc|Any CPU = Ad-Hoc|Any CPU
		Ad-Hoc|ARM = Ad-Hoc|ARM
		Ad-Hoc|iPhone = Ad-Hoc|iPhone
		Ad-Hoc|iPhoneSimulator = Ad-Hoc|iPhoneSimulator
		Ad-Hoc|x64 = Ad-Hoc|x64
		Ad-Hoc|x86 = Ad-Hoc|x86
		AppStore|Any CPU = AppStore|Any CPU
		AppStore|ARM = AppStore|ARM
		AppStore|iPhone = AppStore|iPhone
		AppStore|iPhoneSimulator = AppStore|iPhoneSimulator
		AppStore|x64 = AppStore|x64
		AppStore|x86 = AppStore|x86
		Debug|Any CPU = Debug|Any CPU
		Debug|ARM = Debug|ARM
		Debug|iPhone = Debug|iPhone
		Debug|iPhoneSimulator = Debug|iPhoneSimulator
		Debug|x64 = Debug|x64
		Debug|x86 = Debug|x86
		Release|Any CPU = Release|Any CPU
		Release|ARM = Release|ARM
		Release|iPhone = Release|iPhone
		Release|iPhoneSimulator = Release|iPhoneSimulator
		Release|x64 = Release|x64
		Release|x86 = Release|x86
	EndGlobalSection
	GlobalSection(ProjectConfigurationPlatforms) = postSolution
		{097CC006-E864-4DEE-825F-3C94A3EE91AD}.Ad-Hoc|Any CPU.ActiveCfg = Release|Any CPU
		{097CC006-E864-4DEE-825F-3C94A3EE91AD}.Ad-Hoc|Any CPU.Build.0 = Release|Any CPU
		{097CC006-E864-4DEE-825F-3C94A3EE91AD}.Ad-Hoc|Any CPU.Deploy.0 = Release|Any CPU
		{097CC006-E864-4DEE-825F-3C94A3EE91AD}.Ad-Hoc|ARM.ActiveCfg = Release|Any CPU
		{097CC006-E864-4DEE-825F-3C94A3EE91AD}.Ad-Hoc|ARM.Build.0 = Release|Any CPU
		{097CC006-E864-4DEE-825F-3C94A3EE91AD}.Ad-Hoc|ARM.Deploy.0 = Release|Any CPU
		{097CC006-E864-4DEE-825F-3C94A3EE91AD}.Ad-Hoc|iPhone.ActiveCfg = Release|Any CPU
		{097CC006-E864-4DEE-825F-3C94A3EE91AD}.Ad-Hoc|iPhone.Build.0 = Release|Any CPU
		{097CC006-E864-4DEE-825F-3C94A3EE91AD}.Ad-Hoc|iPhone.Deploy.0 = Release|Any CPU
		{097CC006-E864-4DEE-825F-3C94A3EE91AD}.Ad-Hoc|iPhoneSimulator.ActiveCfg = Release|Any CPU
		{097CC006-E864-4DEE-825F-3C94A3EE91AD}.Ad-Hoc|iPhoneSimulator.Build.0 = Release|Any CPU
		{097CC006-E864-4DEE-825F-3C94A3EE91AD}.Ad-Hoc|iPhoneSimulator.Deploy.0 = Release|Any CPU
		{097CC006-E864-4DEE-825F-3C94A3EE91AD}.Ad-Hoc|x64.ActiveCfg = Release|Any CPU
		{097CC006-E864-4DEE-825F-3C94A3EE91AD}.Ad-Hoc|x64.Build.0 = Release|Any CPU
		{097CC006-E864-4DEE-825F-3C94A3EE91AD}.Ad-Hoc|x64.Deploy.0 = Release|Any CPU
		{097CC006-E864-4DEE-825F-3C94A3EE91AD}.Ad-Hoc|x86.ActiveCfg = Release|Any CPU
		{097CC006-E864-4DEE-825F-3C94A3EE91AD}.Ad-Hoc|x86.Build.0 = Release|Any CPU
		{097CC006-E864-4DEE-825F-3C94A3EE91AD}.Ad-Hoc|x86.Deploy.0 = Release|Any CPU
		{097CC006-E864-4DEE-825F-3C94A3EE91AD}.AppStore|Any CPU.ActiveCfg = Release|Any CPU
		{097CC006-E864-4DEE-825F-3C94A3EE91AD}.AppStore|Any CPU.Build.0 = Release|Any CPU
		{097CC006-E864-4DEE-825F-3C94A3EE91AD}.AppStore|Any CPU.Deploy.0 = Release|Any CPU
		{097CC006-E864-4DEE-825F-3C94A3EE91AD}.AppStore|ARM.ActiveCfg = Release|Any CPU
		{097CC006-E864-4DEE-825F-3C94A3EE91AD}.AppStore|ARM.Build.0 = Release|Any CPU
		{097CC006-E864-4DEE-825F-3C94A3EE91AD}.AppStore|ARM.Deploy.0 = Release|Any CPU
		{097CC006-E864-4DEE-825F-3C94A3EE91AD}.AppStore|iPhone.ActiveCfg = Release|Any CPU
		{097CC006-E864-4DEE-825F-3C94A3EE91AD}.AppStore|iPhone.Build.0 = Release|Any CPU
		{097CC006-E864-4DEE-825F-3C94A3EE91AD}.AppStore|iPhone.Deploy.0 = Release|Any CPU
		{097CC006-E864-4DEE-825F-3C94A3EE91AD}.AppStore|iPhoneSimulator.ActiveCfg = Release|Any CPU
		{097CC006-E864-4DEE-825F-3C94A3EE91AD}.AppStore|iPhoneSimulator.Build.0 = Release|Any CPU
		{097CC006-E864-4DEE-825F-3C94A3EE91AD}.AppStore|iPhoneSimulator.Deploy.0 = Release|Any CPU
		{097CC006-E864-4DEE-825F-3C94A3EE91AD}.AppStore|x64.ActiveCfg = Release|Any CPU
		{097CC006-E864-4DEE-825F-3C94A3EE91AD}.AppStore|x64.Build.0 = Release|Any CPU
		{097CC006-E864-4DEE-825F-3C94A3EE91AD}.AppStore|x64.Deploy.0 = Release|Any CPU
		{097CC006-E864-4DEE-825F-3C94A3EE91AD}.AppStore|x86.ActiveCfg = Release|Any CPU
		{097CC006-E864-4DEE-825F-3C94A3EE91AD}.AppStore|x86.Build.0 = Release|Any CPU
		{097CC006-E864-4DEE-825F-3C94A3EE91AD}.AppStore|x86.Deploy.0 = Release|Any CPU
		{097CC006-E864-4DEE-825F-3C94A3EE91AD}.Debug|Any CPU.ActiveCfg = Debug|Any CPU
		{097CC006-E864-4DEE-825F-3C94A3EE91AD}.Debug|Any CPU.Build.0 = Debug|Any CPU
		{097CC006-E864-4DEE-825F-3C94A3EE91AD}.Debug|Any CPU.Deploy.0 = Debug|Any CPU
		{097CC006-E864-4DEE-825F-3C94A3EE91AD}.Debug|ARM.ActiveCfg = Debug|Any CPU
		{097CC006-E864-4DEE-825F-3C94A3EE91AD}.Debug|ARM.Build.0 = Debug|Any CPU
		{097CC006-E864-4DEE-825F-3C94A3EE91AD}.Debug|ARM.Deploy.0 = Debug|Any CPU
		{097CC006-E864-4DEE-825F-3C94A3EE91AD}.Debug|iPhone.ActiveCfg = Debug|Any CPU
		{097CC006-E864-4DEE-825F-3C94A3EE91AD}.Debug|iPhone.Build.0 = Debug|Any CPU
		{097CC006-E864-4DEE-825F-3C94A3EE91AD}.Debug|iPhone.Deploy.0 = Debug|Any CPU
		{097CC006-E864-4DEE-825F-3C94A3EE91AD}.Debug|iPhoneSimulator.ActiveCfg = Debug|Any CPU
		{097CC006-E864-4DEE-825F-3C94A3EE91AD}.Debug|x64.ActiveCfg = Debug|Any CPU
		{097CC006-E864-4DEE-825F-3C94A3EE91AD}.Debug|x64.Build.0 = Debug|Any CPU
		{097CC006-E864-4DEE-825F-3C94A3EE91AD}.Debug|x64.Deploy.0 = Debug|Any CPU
		{097CC006-E864-4DEE-825F-3C94A3EE91AD}.Debug|x86.ActiveCfg = Debug|Any CPU
		{097CC006-E864-4DEE-825F-3C94A3EE91AD}.Debug|x86.Build.0 = Debug|Any CPU
		{097CC006-E864-4DEE-825F-3C94A3EE91AD}.Debug|x86.Deploy.0 = Debug|Any CPU
		{097CC006-E864-4DEE-825F-3C94A3EE91AD}.Release|Any CPU.ActiveCfg = Release|Any CPU
		{097CC006-E864-4DEE-825F-3C94A3EE91AD}.Release|Any CPU.Build.0 = Release|Any CPU
		{097CC006-E864-4DEE-825F-3C94A3EE91AD}.Release|Any CPU.Deploy.0 = Release|Any CPU
		{097CC006-E864-4DEE-825F-3C94A3EE91AD}.Release|ARM.ActiveCfg = Release|Any CPU
		{097CC006-E864-4DEE-825F-3C94A3EE91AD}.Release|ARM.Build.0 = Release|Any CPU
		{097CC006-E864-4DEE-825F-3C94A3EE91AD}.Release|ARM.Deploy.0 = Release|Any CPU
		{097CC006-E864-4DEE-825F-3C94A3EE91AD}.Release|iPhone.ActiveCfg = Release|Any CPU
		{097CC006-E864-4DEE-825F-3C94A3EE91AD}.Release|iPhone.Build.0 = Release|Any CPU
		{097CC006-E864-4DEE-825F-3C94A3EE91AD}.Release|iPhone.Deploy.0 = Release|Any CPU
		{097CC006-E864-4DEE-825F-3C94A3EE91AD}.Release|iPhoneSimulator.ActiveCfg = Release|Any CPU
		{097CC006-E864-4DEE-825F-3C94A3EE91AD}.Release|iPhoneSimulator.Build.0 = Release|Any CPU
		{097CC006-E864-4DEE-825F-3C94A3EE91AD}.Release|iPhoneSimulator.Deploy.0 = Release|Any CPU
		{097CC006-E864-4DEE-825F-3C94A3EE91AD}.Release|x64.ActiveCfg = Release|Any CPU
		{097CC006-E864-4DEE-825F-3C94A3EE91AD}.Release|x64.Build.0 = Release|Any CPU
		{097CC006-E864-4DEE-825F-3C94A3EE91AD}.Release|x64.Deploy.0 = Release|Any CPU
		{097CC006-E864-4DEE-825F-3C94A3EE91AD}.Release|x86.ActiveCfg = Release|Any CPU
		{097CC006-E864-4DEE-825F-3C94A3EE91AD}.Release|x86.Build.0 = Release|Any CPU
		{097CC006-E864-4DEE-825F-3C94A3EE91AD}.Release|x86.Deploy.0 = Release|Any CPU
		{9843E54A-BBC3-42A2-9006-1236B963BC65}.Ad-Hoc|Any CPU.ActiveCfg = Ad-Hoc|iPhone
		{9843E54A-BBC3-42A2-9006-1236B963BC65}.Ad-Hoc|ARM.ActiveCfg = Ad-Hoc|iPhone
		{9843E54A-BBC3-42A2-9006-1236B963BC65}.Ad-Hoc|iPhone.ActiveCfg = Ad-Hoc|iPhone
		{9843E54A-BBC3-42A2-9006-1236B963BC65}.Ad-Hoc|iPhone.Build.0 = Ad-Hoc|iPhone
		{9843E54A-BBC3-42A2-9006-1236B963BC65}.Ad-Hoc|iPhoneSimulator.ActiveCfg = Ad-Hoc|iPhoneSimulator
		{9843E54A-BBC3-42A2-9006-1236B963BC65}.Ad-Hoc|iPhoneSimulator.Build.0 = Ad-Hoc|iPhoneSimulator
		{9843E54A-BBC3-42A2-9006-1236B963BC65}.Ad-Hoc|x64.ActiveCfg = Ad-Hoc|iPhone
		{9843E54A-BBC3-42A2-9006-1236B963BC65}.Ad-Hoc|x86.ActiveCfg = Ad-Hoc|iPhone
		{9843E54A-BBC3-42A2-9006-1236B963BC65}.AppStore|Any CPU.ActiveCfg = AppStore|iPhone
		{9843E54A-BBC3-42A2-9006-1236B963BC65}.AppStore|ARM.ActiveCfg = AppStore|iPhone
		{9843E54A-BBC3-42A2-9006-1236B963BC65}.AppStore|iPhone.ActiveCfg = AppStore|iPhone
		{9843E54A-BBC3-42A2-9006-1236B963BC65}.AppStore|iPhone.Build.0 = AppStore|iPhone
		{9843E54A-BBC3-42A2-9006-1236B963BC65}.AppStore|iPhoneSimulator.ActiveCfg = AppStore|iPhoneSimulator
		{9843E54A-BBC3-42A2-9006-1236B963BC65}.AppStore|iPhoneSimulator.Build.0 = AppStore|iPhoneSimulator
		{9843E54A-BBC3-42A2-9006-1236B963BC65}.AppStore|x64.ActiveCfg = AppStore|iPhone
		{9843E54A-BBC3-42A2-9006-1236B963BC65}.AppStore|x86.ActiveCfg = AppStore|iPhone
		{9843E54A-BBC3-42A2-9006-1236B963BC65}.Debug|Any CPU.ActiveCfg = Debug|iPhone
		{9843E54A-BBC3-42A2-9006-1236B963BC65}.Debug|ARM.ActiveCfg = Debug|iPhone
		{9843E54A-BBC3-42A2-9006-1236B963BC65}.Debug|iPhone.ActiveCfg = Debug|iPhone
		{9843E54A-BBC3-42A2-9006-1236B963BC65}.Debug|iPhone.Build.0 = Debug|iPhone
		{9843E54A-BBC3-42A2-9006-1236B963BC65}.Debug|iPhoneSimulator.ActiveCfg = Debug|iPhoneSimulator
		{9843E54A-BBC3-42A2-9006-1236B963BC65}.Debug|iPhoneSimulator.Build.0 = Debug|iPhoneSimulator
		{9843E54A-BBC3-42A2-9006-1236B963BC65}.Debug|x64.ActiveCfg = Debug|iPhone
		{9843E54A-BBC3-42A2-9006-1236B963BC65}.Debug|x86.ActiveCfg = Debug|iPhone
		{9843E54A-BBC3-42A2-9006-1236B963BC65}.Release|Any CPU.ActiveCfg = Release|iPhone
		{9843E54A-BBC3-42A2-9006-1236B963BC65}.Release|ARM.ActiveCfg = Release|iPhone
		{9843E54A-BBC3-42A2-9006-1236B963BC65}.Release|iPhone.ActiveCfg = Release|iPhone
		{9843E54A-BBC3-42A2-9006-1236B963BC65}.Release|iPhone.Build.0 = Release|iPhone
		{9843E54A-BBC3-42A2-9006-1236B963BC65}.Release|iPhoneSimulator.ActiveCfg = Release|iPhoneSimulator
		{9843E54A-BBC3-42A2-9006-1236B963BC65}.Release|iPhoneSimulator.Build.0 = Release|iPhoneSimulator
		{9843E54A-BBC3-42A2-9006-1236B963BC65}.Release|x64.ActiveCfg = Release|iPhone
		{9843E54A-BBC3-42A2-9006-1236B963BC65}.Release|x86.ActiveCfg = Release|iPhone
		{F1E5D54B-FB86-4E76-8B4B-C2F5FBC0D6BF}.Ad-Hoc|Any CPU.ActiveCfg = Release|Any CPU
		{F1E5D54B-FB86-4E76-8B4B-C2F5FBC0D6BF}.Ad-Hoc|Any CPU.Build.0 = Release|Any CPU
		{F1E5D54B-FB86-4E76-8B4B-C2F5FBC0D6BF}.Ad-Hoc|Any CPU.Deploy.0 = Release|Any CPU
		{F1E5D54B-FB86-4E76-8B4B-C2F5FBC0D6BF}.Ad-Hoc|ARM.ActiveCfg = Release|ARM
		{F1E5D54B-FB86-4E76-8B4B-C2F5FBC0D6BF}.Ad-Hoc|ARM.Build.0 = Release|ARM
		{F1E5D54B-FB86-4E76-8B4B-C2F5FBC0D6BF}.Ad-Hoc|ARM.Deploy.0 = Release|ARM
		{F1E5D54B-FB86-4E76-8B4B-C2F5FBC0D6BF}.Ad-Hoc|iPhone.ActiveCfg = Release|Any CPU
		{F1E5D54B-FB86-4E76-8B4B-C2F5FBC0D6BF}.Ad-Hoc|iPhone.Build.0 = Release|Any CPU
		{F1E5D54B-FB86-4E76-8B4B-C2F5FBC0D6BF}.Ad-Hoc|iPhone.Deploy.0 = Release|Any CPU
		{F1E5D54B-FB86-4E76-8B4B-C2F5FBC0D6BF}.Ad-Hoc|iPhoneSimulator.ActiveCfg = Release|Any CPU
		{F1E5D54B-FB86-4E76-8B4B-C2F5FBC0D6BF}.Ad-Hoc|iPhoneSimulator.Build.0 = Release|Any CPU
		{F1E5D54B-FB86-4E76-8B4B-C2F5FBC0D6BF}.Ad-Hoc|iPhoneSimulator.Deploy.0 = Release|Any CPU
		{F1E5D54B-FB86-4E76-8B4B-C2F5FBC0D6BF}.Ad-Hoc|x64.ActiveCfg = Release|Any CPU
		{F1E5D54B-FB86-4E76-8B4B-C2F5FBC0D6BF}.Ad-Hoc|x64.Build.0 = Release|Any CPU
		{F1E5D54B-FB86-4E76-8B4B-C2F5FBC0D6BF}.Ad-Hoc|x64.Deploy.0 = Release|Any CPU
		{F1E5D54B-FB86-4E76-8B4B-C2F5FBC0D6BF}.Ad-Hoc|x86.ActiveCfg = Release|x86
		{F1E5D54B-FB86-4E76-8B4B-C2F5FBC0D6BF}.Ad-Hoc|x86.Build.0 = Release|x86
		{F1E5D54B-FB86-4E76-8B4B-C2F5FBC0D6BF}.Ad-Hoc|x86.Deploy.0 = Release|x86
		{F1E5D54B-FB86-4E76-8B4B-C2F5FBC0D6BF}.AppStore|Any CPU.ActiveCfg = Release|Any CPU
		{F1E5D54B-FB86-4E76-8B4B-C2F5FBC0D6BF}.AppStore|Any CPU.Build.0 = Release|Any CPU
		{F1E5D54B-FB86-4E76-8B4B-C2F5FBC0D6BF}.AppStore|Any CPU.Deploy.0 = Release|Any CPU
		{F1E5D54B-FB86-4E76-8B4B-C2F5FBC0D6BF}.AppStore|ARM.ActiveCfg = Release|ARM
		{F1E5D54B-FB86-4E76-8B4B-C2F5FBC0D6BF}.AppStore|ARM.Build.0 = Release|ARM
		{F1E5D54B-FB86-4E76-8B4B-C2F5FBC0D6BF}.AppStore|ARM.Deploy.0 = Release|ARM
		{F1E5D54B-FB86-4E76-8B4B-C2F5FBC0D6BF}.AppStore|iPhone.ActiveCfg = Release|Any CPU
		{F1E5D54B-FB86-4E76-8B4B-C2F5FBC0D6BF}.AppStore|iPhone.Build.0 = Release|Any CPU
		{F1E5D54B-FB86-4E76-8B4B-C2F5FBC0D6BF}.AppStore|iPhone.Deploy.0 = Release|Any CPU
		{F1E5D54B-FB86-4E76-8B4B-C2F5FBC0D6BF}.AppStore|iPhoneSimulator.ActiveCfg = Release|Any CPU
		{F1E5D54B-FB86-4E76-8B4B-C2F5FBC0D6BF}.AppStore|iPhoneSimulator.Build.0 = Release|Any CPU
		{F1E5D54B-FB86-4E76-8B4B-C2F5FBC0D6BF}.AppStore|iPhoneSimulator.Deploy.0 = Release|Any CPU
		{F1E5D54B-FB86-4E76-8B4B-C2F5FBC0D6BF}.AppStore|x64.ActiveCfg = Release|Any CPU
		{F1E5D54B-FB86-4E76-8B4B-C2F5FBC0D6BF}.AppStore|x64.Build.0 = Release|Any CPU
		{F1E5D54B-FB86-4E76-8B4B-C2F5FBC0D6BF}.AppStore|x64.Deploy.0 = Release|Any CPU
		{F1E5D54B-FB86-4E76-8B4B-C2F5FBC0D6BF}.AppStore|x86.ActiveCfg = Release|x86
		{F1E5D54B-FB86-4E76-8B4B-C2F5FBC0D6BF}.AppStore|x86.Build.0 = Release|x86
		{F1E5D54B-FB86-4E76-8B4B-C2F5FBC0D6BF}.AppStore|x86.Deploy.0 = Release|x86
		{F1E5D54B-FB86-4E76-8B4B-C2F5FBC0D6BF}.Debug|Any CPU.ActiveCfg = Debug|Any CPU
		{F1E5D54B-FB86-4E76-8B4B-C2F5FBC0D6BF}.Debug|Any CPU.Build.0 = Debug|Any CPU
		{F1E5D54B-FB86-4E76-8B4B-C2F5FBC0D6BF}.Debug|Any CPU.Deploy.0 = Debug|Any CPU
		{F1E5D54B-FB86-4E76-8B4B-C2F5FBC0D6BF}.Debug|ARM.ActiveCfg = Debug|ARM
		{F1E5D54B-FB86-4E76-8B4B-C2F5FBC0D6BF}.Debug|ARM.Build.0 = Debug|ARM
		{F1E5D54B-FB86-4E76-8B4B-C2F5FBC0D6BF}.Debug|ARM.Deploy.0 = Debug|ARM
		{F1E5D54B-FB86-4E76-8B4B-C2F5FBC0D6BF}.Debug|iPhone.ActiveCfg = Debug|Any CPU
		{F1E5D54B-FB86-4E76-8B4B-C2F5FBC0D6BF}.Debug|iPhone.Build.0 = Debug|Any CPU
		{F1E5D54B-FB86-4E76-8B4B-C2F5FBC0D6BF}.Debug|iPhone.Deploy.0 = Debug|Any CPU
		{F1E5D54B-FB86-4E76-8B4B-C2F5FBC0D6BF}.Debug|iPhoneSimulator.ActiveCfg = Debug|Any CPU
		{F1E5D54B-FB86-4E76-8B4B-C2F5FBC0D6BF}.Debug|x64.ActiveCfg = Debug|Any CPU
		{F1E5D54B-FB86-4E76-8B4B-C2F5FBC0D6BF}.Debug|x64.Build.0 = Debug|Any CPU
		{F1E5D54B-FB86-4E76-8B4B-C2F5FBC0D6BF}.Debug|x64.Deploy.0 = Debug|Any CPU
		{F1E5D54B-FB86-4E76-8B4B-C2F5FBC0D6BF}.Debug|x86.ActiveCfg = Debug|x86
		{F1E5D54B-FB86-4E76-8B4B-C2F5FBC0D6BF}.Debug|x86.Build.0 = Debug|x86
		{F1E5D54B-FB86-4E76-8B4B-C2F5FBC0D6BF}.Debug|x86.Deploy.0 = Debug|x86
		{F1E5D54B-FB86-4E76-8B4B-C2F5FBC0D6BF}.Release|Any CPU.ActiveCfg = Release|Any CPU
		{F1E5D54B-FB86-4E76-8B4B-C2F5FBC0D6BF}.Release|Any CPU.Build.0 = Release|Any CPU
		{F1E5D54B-FB86-4E76-8B4B-C2F5FBC0D6BF}.Release|Any CPU.Deploy.0 = Release|Any CPU
		{F1E5D54B-FB86-4E76-8B4B-C2F5FBC0D6BF}.Release|ARM.ActiveCfg = Release|ARM
		{F1E5D54B-FB86-4E76-8B4B-C2F5FBC0D6BF}.Release|ARM.Build.0 = Release|ARM
		{F1E5D54B-FB86-4E76-8B4B-C2F5FBC0D6BF}.Release|ARM.Deploy.0 = Release|ARM
		{F1E5D54B-FB86-4E76-8B4B-C2F5FBC0D6BF}.Release|iPhone.ActiveCfg = Release|Any CPU
		{F1E5D54B-FB86-4E76-8B4B-C2F5FBC0D6BF}.Release|iPhone.Build.0 = Release|Any CPU
		{F1E5D54B-FB86-4E76-8B4B-C2F5FBC0D6BF}.Release|iPhone.Deploy.0 = Release|Any CPU
		{F1E5D54B-FB86-4E76-8B4B-C2F5FBC0D6BF}.Release|iPhoneSimulator.ActiveCfg = Release|Any CPU
		{F1E5D54B-FB86-4E76-8B4B-C2F5FBC0D6BF}.Release|iPhoneSimulator.Build.0 = Release|Any CPU
		{F1E5D54B-FB86-4E76-8B4B-C2F5FBC0D6BF}.Release|iPhoneSimulator.Deploy.0 = Release|Any CPU
		{F1E5D54B-FB86-4E76-8B4B-C2F5FBC0D6BF}.Release|x64.ActiveCfg = Release|Any CPU
		{F1E5D54B-FB86-4E76-8B4B-C2F5FBC0D6BF}.Release|x64.Build.0 = Release|Any CPU
		{F1E5D54B-FB86-4E76-8B4B-C2F5FBC0D6BF}.Release|x64.Deploy.0 = Release|Any CPU
		{F1E5D54B-FB86-4E76-8B4B-C2F5FBC0D6BF}.Release|x86.ActiveCfg = Release|x86
		{F1E5D54B-FB86-4E76-8B4B-C2F5FBC0D6BF}.Release|x86.Build.0 = Release|x86
		{F1E5D54B-FB86-4E76-8B4B-C2F5FBC0D6BF}.Release|x86.Deploy.0 = Release|x86
		{67FD3FC9-6F5B-47AC-94A6-E93535A41429}.Ad-Hoc|Any CPU.ActiveCfg = Release|x86
		{67FD3FC9-6F5B-47AC-94A6-E93535A41429}.Ad-Hoc|Any CPU.Build.0 = Release|x86
		{67FD3FC9-6F5B-47AC-94A6-E93535A41429}.Ad-Hoc|Any CPU.Deploy.0 = Release|x86
		{67FD3FC9-6F5B-47AC-94A6-E93535A41429}.Ad-Hoc|ARM.ActiveCfg = Release|ARM
		{67FD3FC9-6F5B-47AC-94A6-E93535A41429}.Ad-Hoc|ARM.Build.0 = Release|ARM
		{67FD3FC9-6F5B-47AC-94A6-E93535A41429}.Ad-Hoc|ARM.Deploy.0 = Release|ARM
		{67FD3FC9-6F5B-47AC-94A6-E93535A41429}.Ad-Hoc|iPhone.ActiveCfg = Release|x86
		{67FD3FC9-6F5B-47AC-94A6-E93535A41429}.Ad-Hoc|iPhone.Build.0 = Release|x86
		{67FD3FC9-6F5B-47AC-94A6-E93535A41429}.Ad-Hoc|iPhone.Deploy.0 = Release|x86
		{67FD3FC9-6F5B-47AC-94A6-E93535A41429}.Ad-Hoc|iPhoneSimulator.ActiveCfg = Release|x86
		{67FD3FC9-6F5B-47AC-94A6-E93535A41429}.Ad-Hoc|iPhoneSimulator.Build.0 = Release|x86
		{67FD3FC9-6F5B-47AC-94A6-E93535A41429}.Ad-Hoc|iPhoneSimulator.Deploy.0 = Release|x86
		{67FD3FC9-6F5B-47AC-94A6-E93535A41429}.Ad-Hoc|x64.ActiveCfg = Release|x64
		{67FD3FC9-6F5B-47AC-94A6-E93535A41429}.Ad-Hoc|x64.Build.0 = Release|x64
		{67FD3FC9-6F5B-47AC-94A6-E93535A41429}.Ad-Hoc|x64.Deploy.0 = Release|x64
		{67FD3FC9-6F5B-47AC-94A6-E93535A41429}.Ad-Hoc|x86.ActiveCfg = Release|x86
		{67FD3FC9-6F5B-47AC-94A6-E93535A41429}.Ad-Hoc|x86.Build.0 = Release|x86
		{67FD3FC9-6F5B-47AC-94A6-E93535A41429}.Ad-Hoc|x86.Deploy.0 = Release|x86
		{67FD3FC9-6F5B-47AC-94A6-E93535A41429}.AppStore|Any CPU.ActiveCfg = Release|x86
		{67FD3FC9-6F5B-47AC-94A6-E93535A41429}.AppStore|Any CPU.Build.0 = Release|x86
		{67FD3FC9-6F5B-47AC-94A6-E93535A41429}.AppStore|Any CPU.Deploy.0 = Release|x86
		{67FD3FC9-6F5B-47AC-94A6-E93535A41429}.AppStore|ARM.ActiveCfg = Release|ARM
		{67FD3FC9-6F5B-47AC-94A6-E93535A41429}.AppStore|ARM.Build.0 = Release|ARM
		{67FD3FC9-6F5B-47AC-94A6-E93535A41429}.AppStore|ARM.Deploy.0 = Release|ARM
		{67FD3FC9-6F5B-47AC-94A6-E93535A41429}.AppStore|iPhone.ActiveCfg = Release|x86
		{67FD3FC9-6F5B-47AC-94A6-E93535A41429}.AppStore|iPhone.Build.0 = Release|x86
		{67FD3FC9-6F5B-47AC-94A6-E93535A41429}.AppStore|iPhone.Deploy.0 = Release|x86
		{67FD3FC9-6F5B-47AC-94A6-E93535A41429}.AppStore|iPhoneSimulator.ActiveCfg = Release|x86
		{67FD3FC9-6F5B-47AC-94A6-E93535A41429}.AppStore|iPhoneSimulator.Build.0 = Release|x86
		{67FD3FC9-6F5B-47AC-94A6-E93535A41429}.AppStore|iPhoneSimulator.Deploy.0 = Release|x86
		{67FD3FC9-6F5B-47AC-94A6-E93535A41429}.AppStore|x64.ActiveCfg = Release|x64
		{67FD3FC9-6F5B-47AC-94A6-E93535A41429}.AppStore|x64.Build.0 = Release|x64
		{67FD3FC9-6F5B-47AC-94A6-E93535A41429}.AppStore|x64.Deploy.0 = Release|x64
		{67FD3FC9-6F5B-47AC-94A6-E93535A41429}.AppStore|x86.ActiveCfg = Release|x86
		{67FD3FC9-6F5B-47AC-94A6-E93535A41429}.AppStore|x86.Build.0 = Release|x86
		{67FD3FC9-6F5B-47AC-94A6-E93535A41429}.AppStore|x86.Deploy.0 = Release|x86
		{67FD3FC9-6F5B-47AC-94A6-E93535A41429}.Debug|Any CPU.ActiveCfg = Debug|x86
		{67FD3FC9-6F5B-47AC-94A6-E93535A41429}.Debug|ARM.ActiveCfg = Debug|ARM
		{67FD3FC9-6F5B-47AC-94A6-E93535A41429}.Debug|ARM.Build.0 = Debug|ARM
		{67FD3FC9-6F5B-47AC-94A6-E93535A41429}.Debug|ARM.Deploy.0 = Debug|ARM
		{67FD3FC9-6F5B-47AC-94A6-E93535A41429}.Debug|iPhone.ActiveCfg = Debug|x86
		{67FD3FC9-6F5B-47AC-94A6-E93535A41429}.Debug|iPhoneSimulator.ActiveCfg = Debug|x86
		{67FD3FC9-6F5B-47AC-94A6-E93535A41429}.Debug|x64.ActiveCfg = Debug|x64
		{67FD3FC9-6F5B-47AC-94A6-E93535A41429}.Debug|x64.Build.0 = Debug|x64
		{67FD3FC9-6F5B-47AC-94A6-E93535A41429}.Debug|x64.Deploy.0 = Debug|x64
		{67FD3FC9-6F5B-47AC-94A6-E93535A41429}.Debug|x86.ActiveCfg = Debug|x86
		{67FD3FC9-6F5B-47AC-94A6-E93535A41429}.Debug|x86.Build.0 = Debug|x86
		{67FD3FC9-6F5B-47AC-94A6-E93535A41429}.Debug|x86.Deploy.0 = Debug|x86
		{67FD3FC9-6F5B-47AC-94A6-E93535A41429}.Release|Any CPU.ActiveCfg = Release|x86
		{67FD3FC9-6F5B-47AC-94A6-E93535A41429}.Release|ARM.ActiveCfg = Release|ARM
		{67FD3FC9-6F5B-47AC-94A6-E93535A41429}.Release|ARM.Build.0 = Release|ARM
		{67FD3FC9-6F5B-47AC-94A6-E93535A41429}.Release|ARM.Deploy.0 = Release|ARM
		{67FD3FC9-6F5B-47AC-94A6-E93535A41429}.Release|iPhone.ActiveCfg = Release|x86
		{67FD3FC9-6F5B-47AC-94A6-E93535A41429}.Release|iPhoneSimulator.ActiveCfg = Release|x86
		{67FD3FC9-6F5B-47AC-94A6-E93535A41429}.Release|x64.ActiveCfg = Release|x64
		{67FD3FC9-6F5B-47AC-94A6-E93535A41429}.Release|x64.Build.0 = Release|x64
		{67FD3FC9-6F5B-47AC-94A6-E93535A41429}.Release|x64.Deploy.0 = Release|x64
		{67FD3FC9-6F5B-47AC-94A6-E93535A41429}.Release|x86.ActiveCfg = Release|x86
		{67FD3FC9-6F5B-47AC-94A6-E93535A41429}.Release|x86.Build.0 = Release|x86
		{67FD3FC9-6F5B-47AC-94A6-E93535A41429}.Release|x86.Deploy.0 = Release|x86
		{8528F8AE-F43B-4CA4-8F3F-8BCF5A5C413D}.Ad-Hoc|Any CPU.ActiveCfg = Release|Any CPU
		{8528F8AE-F43B-4CA4-8F3F-8BCF5A5C413D}.Ad-Hoc|Any CPU.Build.0 = Release|Any CPU
		{8528F8AE-F43B-4CA4-8F3F-8BCF5A5C413D}.Ad-Hoc|Any CPU.Deploy.0 = Release|Any CPU
		{8528F8AE-F43B-4CA4-8F3F-8BCF5A5C413D}.Ad-Hoc|ARM.ActiveCfg = Release|ARM
		{8528F8AE-F43B-4CA4-8F3F-8BCF5A5C413D}.Ad-Hoc|ARM.Build.0 = Release|ARM
		{8528F8AE-F43B-4CA4-8F3F-8BCF5A5C413D}.Ad-Hoc|ARM.Deploy.0 = Release|ARM
		{8528F8AE-F43B-4CA4-8F3F-8BCF5A5C413D}.Ad-Hoc|iPhone.ActiveCfg = Release|Any CPU
		{8528F8AE-F43B-4CA4-8F3F-8BCF5A5C413D}.Ad-Hoc|iPhone.Build.0 = Release|Any CPU
		{8528F8AE-F43B-4CA4-8F3F-8BCF5A5C413D}.Ad-Hoc|iPhone.Deploy.0 = Release|Any CPU
		{8528F8AE-F43B-4CA4-8F3F-8BCF5A5C413D}.Ad-Hoc|iPhoneSimulator.ActiveCfg = Release|Any CPU
		{8528F8AE-F43B-4CA4-8F3F-8BCF5A5C413D}.Ad-Hoc|iPhoneSimulator.Build.0 = Release|Any CPU
		{8528F8AE-F43B-4CA4-8F3F-8BCF5A5C413D}.Ad-Hoc|iPhoneSimulator.Deploy.0 = Release|Any CPU
		{8528F8AE-F43B-4CA4-8F3F-8BCF5A5C413D}.Ad-Hoc|x64.ActiveCfg = Release|x64
		{8528F8AE-F43B-4CA4-8F3F-8BCF5A5C413D}.Ad-Hoc|x64.Build.0 = Release|x64
		{8528F8AE-F43B-4CA4-8F3F-8BCF5A5C413D}.Ad-Hoc|x64.Deploy.0 = Release|x64
		{8528F8AE-F43B-4CA4-8F3F-8BCF5A5C413D}.Ad-Hoc|x86.ActiveCfg = Release|x86
		{8528F8AE-F43B-4CA4-8F3F-8BCF5A5C413D}.Ad-Hoc|x86.Build.0 = Release|x86
		{8528F8AE-F43B-4CA4-8F3F-8BCF5A5C413D}.Ad-Hoc|x86.Deploy.0 = Release|x86
		{8528F8AE-F43B-4CA4-8F3F-8BCF5A5C413D}.AppStore|Any CPU.ActiveCfg = Release|Any CPU
		{8528F8AE-F43B-4CA4-8F3F-8BCF5A5C413D}.AppStore|Any CPU.Build.0 = Release|Any CPU
		{8528F8AE-F43B-4CA4-8F3F-8BCF5A5C413D}.AppStore|Any CPU.Deploy.0 = Release|Any CPU
		{8528F8AE-F43B-4CA4-8F3F-8BCF5A5C413D}.AppStore|ARM.ActiveCfg = Release|ARM
		{8528F8AE-F43B-4CA4-8F3F-8BCF5A5C413D}.AppStore|ARM.Build.0 = Release|ARM
		{8528F8AE-F43B-4CA4-8F3F-8BCF5A5C413D}.AppStore|ARM.Deploy.0 = Release|ARM
		{8528F8AE-F43B-4CA4-8F3F-8BCF5A5C413D}.AppStore|iPhone.ActiveCfg = Release|Any CPU
		{8528F8AE-F43B-4CA4-8F3F-8BCF5A5C413D}.AppStore|iPhone.Build.0 = Release|Any CPU
		{8528F8AE-F43B-4CA4-8F3F-8BCF5A5C413D}.AppStore|iPhone.Deploy.0 = Release|Any CPU
		{8528F8AE-F43B-4CA4-8F3F-8BCF5A5C413D}.AppStore|iPhoneSimulator.ActiveCfg = Release|Any CPU
		{8528F8AE-F43B-4CA4-8F3F-8BCF5A5C413D}.AppStore|iPhoneSimulator.Build.0 = Release|Any CPU
		{8528F8AE-F43B-4CA4-8F3F-8BCF5A5C413D}.AppStore|iPhoneSimulator.Deploy.0 = Release|Any CPU
		{8528F8AE-F43B-4CA4-8F3F-8BCF5A5C413D}.AppStore|x64.ActiveCfg = Release|x64
		{8528F8AE-F43B-4CA4-8F3F-8BCF5A5C413D}.AppStore|x64.Build.0 = Release|x64
		{8528F8AE-F43B-4CA4-8F3F-8BCF5A5C413D}.AppStore|x64.Deploy.0 = Release|x64
		{8528F8AE-F43B-4CA4-8F3F-8BCF5A5C413D}.AppStore|x86.ActiveCfg = Release|x86
		{8528F8AE-F43B-4CA4-8F3F-8BCF5A5C413D}.AppStore|x86.Build.0 = Release|x86
		{8528F8AE-F43B-4CA4-8F3F-8BCF5A5C413D}.AppStore|x86.Deploy.0 = Release|x86
		{8528F8AE-F43B-4CA4-8F3F-8BCF5A5C413D}.Debug|Any CPU.ActiveCfg = Debug|Any CPU
		{8528F8AE-F43B-4CA4-8F3F-8BCF5A5C413D}.Debug|Any CPU.Build.0 = Debug|Any CPU
		{8528F8AE-F43B-4CA4-8F3F-8BCF5A5C413D}.Debug|Any CPU.Deploy.0 = Debug|Any CPU
		{8528F8AE-F43B-4CA4-8F3F-8BCF5A5C413D}.Debug|ARM.ActiveCfg = Debug|ARM
		{8528F8AE-F43B-4CA4-8F3F-8BCF5A5C413D}.Debug|ARM.Build.0 = Debug|ARM
		{8528F8AE-F43B-4CA4-8F3F-8BCF5A5C413D}.Debug|ARM.Deploy.0 = Debug|ARM
		{8528F8AE-F43B-4CA4-8F3F-8BCF5A5C413D}.Debug|iPhone.ActiveCfg = Debug|Any CPU
		{8528F8AE-F43B-4CA4-8F3F-8BCF5A5C413D}.Debug|iPhone.Build.0 = Debug|Any CPU
		{8528F8AE-F43B-4CA4-8F3F-8BCF5A5C413D}.Debug|iPhone.Deploy.0 = Debug|Any CPU
		{8528F8AE-F43B-4CA4-8F3F-8BCF5A5C413D}.Debug|iPhoneSimulator.ActiveCfg = Debug|Any CPU
		{8528F8AE-F43B-4CA4-8F3F-8BCF5A5C413D}.Debug|x64.ActiveCfg = Debug|x64
		{8528F8AE-F43B-4CA4-8F3F-8BCF5A5C413D}.Debug|x64.Build.0 = Debug|x64
		{8528F8AE-F43B-4CA4-8F3F-8BCF5A5C413D}.Debug|x64.Deploy.0 = Debug|x64
		{8528F8AE-F43B-4CA4-8F3F-8BCF5A5C413D}.Debug|x86.ActiveCfg = Debug|x86
		{8528F8AE-F43B-4CA4-8F3F-8BCF5A5C413D}.Debug|x86.Build.0 = Debug|x86
		{8528F8AE-F43B-4CA4-8F3F-8BCF5A5C413D}.Debug|x86.Deploy.0 = Debug|x86
		{8528F8AE-F43B-4CA4-8F3F-8BCF5A5C413D}.Release|Any CPU.ActiveCfg = Release|Any CPU
		{8528F8AE-F43B-4CA4-8F3F-8BCF5A5C413D}.Release|Any CPU.Build.0 = Release|Any CPU
		{8528F8AE-F43B-4CA4-8F3F-8BCF5A5C413D}.Release|Any CPU.Deploy.0 = Release|Any CPU
		{8528F8AE-F43B-4CA4-8F3F-8BCF5A5C413D}.Release|ARM.ActiveCfg = Release|ARM
		{8528F8AE-F43B-4CA4-8F3F-8BCF5A5C413D}.Release|ARM.Build.0 = Release|ARM
		{8528F8AE-F43B-4CA4-8F3F-8BCF5A5C413D}.Release|ARM.Deploy.0 = Release|ARM
		{8528F8AE-F43B-4CA4-8F3F-8BCF5A5C413D}.Release|iPhone.ActiveCfg = Release|Any CPU
		{8528F8AE-F43B-4CA4-8F3F-8BCF5A5C413D}.Release|iPhone.Build.0 = Release|Any CPU
		{8528F8AE-F43B-4CA4-8F3F-8BCF5A5C413D}.Release|iPhone.Deploy.0 = Release|Any CPU
		{8528F8AE-F43B-4CA4-8F3F-8BCF5A5C413D}.Release|iPhoneSimulator.ActiveCfg = Release|Any CPU
		{8528F8AE-F43B-4CA4-8F3F-8BCF5A5C413D}.Release|iPhoneSimulator.Build.0 = Release|Any CPU
		{8528F8AE-F43B-4CA4-8F3F-8BCF5A5C413D}.Release|iPhoneSimulator.Deploy.0 = Release|Any CPU
		{8528F8AE-F43B-4CA4-8F3F-8BCF5A5C413D}.Release|x64.ActiveCfg = Release|x64
		{8528F8AE-F43B-4CA4-8F3F-8BCF5A5C413D}.Release|x64.Build.0 = Release|x64
		{8528F8AE-F43B-4CA4-8F3F-8BCF5A5C413D}.Release|x64.Deploy.0 = Release|x64
		{8528F8AE-F43B-4CA4-8F3F-8BCF5A5C413D}.Release|x86.ActiveCfg = Release|x86
		{8528F8AE-F43B-4CA4-8F3F-8BCF5A5C413D}.Release|x86.Build.0 = Release|x86
		{8528F8AE-F43B-4CA4-8F3F-8BCF5A5C413D}.Release|x86.Deploy.0 = Release|x86
		{18F9CDA0-BD47-4512-BC41-9016A4BC9DE6}.Ad-Hoc|Any CPU.ActiveCfg = Release|Any CPU
		{18F9CDA0-BD47-4512-BC41-9016A4BC9DE6}.Ad-Hoc|Any CPU.Build.0 = Release|Any CPU
		{18F9CDA0-BD47-4512-BC41-9016A4BC9DE6}.Ad-Hoc|ARM.ActiveCfg = Release|Any CPU
		{18F9CDA0-BD47-4512-BC41-9016A4BC9DE6}.Ad-Hoc|ARM.Build.0 = Release|Any CPU
		{18F9CDA0-BD47-4512-BC41-9016A4BC9DE6}.Ad-Hoc|iPhone.ActiveCfg = Release|Any CPU
		{18F9CDA0-BD47-4512-BC41-9016A4BC9DE6}.Ad-Hoc|iPhone.Build.0 = Release|Any CPU
		{18F9CDA0-BD47-4512-BC41-9016A4BC9DE6}.Ad-Hoc|iPhoneSimulator.ActiveCfg = Release|Any CPU
		{18F9CDA0-BD47-4512-BC41-9016A4BC9DE6}.Ad-Hoc|iPhoneSimulator.Build.0 = Release|Any CPU
		{18F9CDA0-BD47-4512-BC41-9016A4BC9DE6}.Ad-Hoc|x64.ActiveCfg = Release|Any CPU
		{18F9CDA0-BD47-4512-BC41-9016A4BC9DE6}.Ad-Hoc|x64.Build.0 = Release|Any CPU
		{18F9CDA0-BD47-4512-BC41-9016A4BC9DE6}.Ad-Hoc|x86.ActiveCfg = Release|Any CPU
		{18F9CDA0-BD47-4512-BC41-9016A4BC9DE6}.Ad-Hoc|x86.Build.0 = Release|Any CPU
		{18F9CDA0-BD47-4512-BC41-9016A4BC9DE6}.AppStore|Any CPU.ActiveCfg = Release|Any CPU
		{18F9CDA0-BD47-4512-BC41-9016A4BC9DE6}.AppStore|Any CPU.Build.0 = Release|Any CPU
		{18F9CDA0-BD47-4512-BC41-9016A4BC9DE6}.AppStore|ARM.ActiveCfg = Release|Any CPU
		{18F9CDA0-BD47-4512-BC41-9016A4BC9DE6}.AppStore|ARM.Build.0 = Release|Any CPU
		{18F9CDA0-BD47-4512-BC41-9016A4BC9DE6}.AppStore|iPhone.ActiveCfg = Release|Any CPU
		{18F9CDA0-BD47-4512-BC41-9016A4BC9DE6}.AppStore|iPhone.Build.0 = Release|Any CPU
		{18F9CDA0-BD47-4512-BC41-9016A4BC9DE6}.AppStore|iPhoneSimulator.ActiveCfg = Release|Any CPU
		{18F9CDA0-BD47-4512-BC41-9016A4BC9DE6}.AppStore|iPhoneSimulator.Build.0 = Release|Any CPU
		{18F9CDA0-BD47-4512-BC41-9016A4BC9DE6}.AppStore|x64.ActiveCfg = Release|Any CPU
		{18F9CDA0-BD47-4512-BC41-9016A4BC9DE6}.AppStore|x64.Build.0 = Release|Any CPU
		{18F9CDA0-BD47-4512-BC41-9016A4BC9DE6}.AppStore|x86.ActiveCfg = Release|Any CPU
		{18F9CDA0-BD47-4512-BC41-9016A4BC9DE6}.AppStore|x86.Build.0 = Release|Any CPU
		{18F9CDA0-BD47-4512-BC41-9016A4BC9DE6}.Debug|Any CPU.ActiveCfg = Debug|Any CPU
		{18F9CDA0-BD47-4512-BC41-9016A4BC9DE6}.Debug|Any CPU.Build.0 = Debug|Any CPU
		{18F9CDA0-BD47-4512-BC41-9016A4BC9DE6}.Debug|ARM.ActiveCfg = Debug|Any CPU
		{18F9CDA0-BD47-4512-BC41-9016A4BC9DE6}.Debug|ARM.Build.0 = Debug|Any CPU
		{18F9CDA0-BD47-4512-BC41-9016A4BC9DE6}.Debug|iPhone.ActiveCfg = Debug|Any CPU
		{18F9CDA0-BD47-4512-BC41-9016A4BC9DE6}.Debug|iPhone.Build.0 = Debug|Any CPU
		{18F9CDA0-BD47-4512-BC41-9016A4BC9DE6}.Debug|iPhoneSimulator.ActiveCfg = Debug|Any CPU
		{18F9CDA0-BD47-4512-BC41-9016A4BC9DE6}.Debug|iPhoneSimulator.Build.0 = Debug|Any CPU
		{18F9CDA0-BD47-4512-BC41-9016A4BC9DE6}.Debug|x64.ActiveCfg = Debug|Any CPU
		{18F9CDA0-BD47-4512-BC41-9016A4BC9DE6}.Debug|x64.Build.0 = Debug|Any CPU
		{18F9CDA0-BD47-4512-BC41-9016A4BC9DE6}.Debug|x86.ActiveCfg = Debug|Any CPU
		{18F9CDA0-BD47-4512-BC41-9016A4BC9DE6}.Debug|x86.Build.0 = Debug|Any CPU
		{18F9CDA0-BD47-4512-BC41-9016A4BC9DE6}.Release|Any CPU.ActiveCfg = Release|Any CPU
		{18F9CDA0-BD47-4512-BC41-9016A4BC9DE6}.Release|Any CPU.Build.0 = Release|Any CPU
		{18F9CDA0-BD47-4512-BC41-9016A4BC9DE6}.Release|ARM.ActiveCfg = Release|Any CPU
		{18F9CDA0-BD47-4512-BC41-9016A4BC9DE6}.Release|ARM.Build.0 = Release|Any CPU
		{18F9CDA0-BD47-4512-BC41-9016A4BC9DE6}.Release|iPhone.ActiveCfg = Release|Any CPU
		{18F9CDA0-BD47-4512-BC41-9016A4BC9DE6}.Release|iPhone.Build.0 = Release|Any CPU
		{18F9CDA0-BD47-4512-BC41-9016A4BC9DE6}.Release|iPhoneSimulator.ActiveCfg = Release|Any CPU
		{18F9CDA0-BD47-4512-BC41-9016A4BC9DE6}.Release|iPhoneSimulator.Build.0 = Release|Any CPU
		{18F9CDA0-BD47-4512-BC41-9016A4BC9DE6}.Release|x64.ActiveCfg = Release|Any CPU
		{18F9CDA0-BD47-4512-BC41-9016A4BC9DE6}.Release|x64.Build.0 = Release|Any CPU
		{18F9CDA0-BD47-4512-BC41-9016A4BC9DE6}.Release|x86.ActiveCfg = Release|Any CPU
		{18F9CDA0-BD47-4512-BC41-9016A4BC9DE6}.Release|x86.Build.0 = Release|Any CPU
	EndGlobalSection
	GlobalSection(SolutionProperties) = preSolution
		HideSolutionNode = FALSE
	EndGlobalSection
EndGlobal
