
Microsoft Visual Studio Solution File, Format Version 12.00
# Visual Studio 15
VisualStudioVersion = 15.0.26228.12
MinimumVisualStudioVersion = 10.0.40219.1
Project("{FAE04EC0-301F-11D3-BF4B-00C04F79EFBC}") = "CoolBreeze.Android", "CoolBreeze\CoolBreeze.Android\CoolBreeze.Android.csproj", "{9DE18C70-9CE5-4492-ADE5-9C0D5676BF59}"
EndProject
Project("{FAE04EC0-301F-11D3-BF4B-00C04F79EFBC}") = "CoolBreeze", "CoolBreeze\CoolBreeze\CoolBreeze.csproj", "{A0A21435-79F0-4B18-9C32-7E88AB2C615A}"
EndProject
Project("{FAE04EC0-301F-11D3-BF4B-00C04F79EFBC}") = "CoolBreeze.UWP", "CoolBreeze\CoolBreeze.UWP\CoolBreeze.UWP.csproj", "{8BFBBDDC-631E-4CFF-B872-A5DE6AAB67FB}"
EndProject
Project("{FAE04EC0-301F-11D3-BF4B-00C04F79EFBC}") = "CoolBreeze.iOS", "CoolBreeze\CoolBreeze.iOS\CoolBreeze.iOS.csproj", "{5381BB73-BC5B-4011-AF1E-5D40D9254F27}"
EndProject
Global
	GlobalSection(SolutionConfigurationPlatforms) = preSolution
		Ad-Hoc|Any CPU = Ad-Hoc|Any CPU
		Ad-Hoc|ARM = Ad-Hoc|ARM
		Ad-Hoc|iPhone = Ad-Hoc|iPhone
		Ad-Hoc|iPhoneSimulator = Ad-Hoc|iPhoneSimulator
		Ad-Hoc|x64 = Ad-Hoc|x64
		Ad-Hoc|x86 = Ad-Hoc|x86
		AppStore|Any CPU = AppStore|Any CPU
		AppStore|ARM = AppStore|ARM
		AppStore|iPhone = AppStore|iPhone
		AppStore|iPhoneSimulator = AppStore|iPhoneSimulator
		AppStore|x64 = AppStore|x64
		AppStore|x86 = AppStore|x86
		Debug|Any CPU = Debug|Any CPU
		Debug|ARM = Debug|ARM
		Debug|iPhone = Debug|iPhone
		Debug|iPhoneSimulator = Debug|iPhoneSimulator
		Debug|x64 = Debug|x64
		Debug|x86 = Debug|x86
		Release|Any CPU = Release|Any CPU
		Release|ARM = Release|ARM
		Release|iPhone = Release|iPhone
		Release|iPhoneSimulator = Release|iPhoneSimulator
		Release|x64 = Release|x64
		Release|x86 = Release|x86
	EndGlobalSection
	GlobalSection(ProjectConfigurationPlatforms) = postSolution
		{9DE18C70-9CE5-4492-ADE5-9C0D5676BF59}.Ad-Hoc|Any CPU.ActiveCfg = Release|Any CPU
		{9DE18C70-9CE5-4492-ADE5-9C0D5676BF59}.Ad-Hoc|Any CPU.Build.0 = Release|Any CPU
		{9DE18C70-9CE5-4492-ADE5-9C0D5676BF59}.Ad-Hoc|Any CPU.Deploy.0 = Release|Any CPU
		{9DE18C70-9CE5-4492-ADE5-9C0D5676BF59}.Ad-Hoc|ARM.ActiveCfg = Release|Any CPU
		{9DE18C70-9CE5-4492-ADE5-9C0D5676BF59}.Ad-Hoc|ARM.Build.0 = Release|Any CPU
		{9DE18C70-9CE5-4492-ADE5-9C0D5676BF59}.Ad-Hoc|ARM.Deploy.0 = Release|Any CPU
		{9DE18C70-9CE5-4492-ADE5-9C0D5676BF59}.Ad-Hoc|iPhone.ActiveCfg = Release|Any CPU
		{9DE18C70-9CE5-4492-ADE5-9C0D5676BF59}.Ad-Hoc|iPhone.Build.0 = Release|Any CPU
		{9DE18C70-9CE5-4492-ADE5-9C0D5676BF59}.Ad-Hoc|iPhone.Deploy.0 = Release|Any CPU
		{9DE18C70-9CE5-4492-ADE5-9C0D5676BF59}.Ad-Hoc|iPhoneSimulator.ActiveCfg = Release|Any CPU
		{9DE18C70-9CE5-4492-ADE5-9C0D5676BF59}.Ad-Hoc|iPhoneSimulator.Build.0 = Release|Any CPU
		{9DE18C70-9CE5-4492-ADE5-9C0D5676BF59}.Ad-Hoc|iPhoneSimulator.Deploy.0 = Release|Any CPU
		{9DE18C70-9CE5-4492-ADE5-9C0D5676BF59}.Ad-Hoc|x64.ActiveCfg = Release|Any CPU
		{9DE18C70-9CE5-4492-ADE5-9C0D5676BF59}.Ad-Hoc|x64.Build.0 = Release|Any CPU
		{9DE18C70-9CE5-4492-ADE5-9C0D5676BF59}.Ad-Hoc|x64.Deploy.0 = Release|Any CPU
		{9DE18C70-9CE5-4492-ADE5-9C0D5676BF59}.Ad-Hoc|x86.ActiveCfg = Release|Any CPU
		{9DE18C70-9CE5-4492-ADE5-9C0D5676BF59}.Ad-Hoc|x86.Build.0 = Release|Any CPU
		{9DE18C70-9CE5-4492-ADE5-9C0D5676BF59}.Ad-Hoc|x86.Deploy.0 = Release|Any CPU
		{9DE18C70-9CE5-4492-ADE5-9C0D5676BF59}.AppStore|Any CPU.ActiveCfg = Release|Any CPU
		{9DE18C70-9CE5-4492-ADE5-9C0D5676BF59}.AppStore|Any CPU.Build.0 = Release|Any CPU
		{9DE18C70-9CE5-4492-ADE5-9C0D5676BF59}.AppStore|Any CPU.Deploy.0 = Release|Any CPU
		{9DE18C70-9CE5-4492-ADE5-9C0D5676BF59}.AppStore|ARM.ActiveCfg = Release|Any CPU
		{9DE18C70-9CE5-4492-ADE5-9C0D5676BF59}.AppStore|ARM.Build.0 = Release|Any CPU
		{9DE18C70-9CE5-4492-ADE5-9C0D5676BF59}.AppStore|ARM.Deploy.0 = Release|Any CPU
		{9DE18C70-9CE5-4492-ADE5-9C0D5676BF59}.AppStore|iPhone.ActiveCfg = Release|Any CPU
		{9DE18C70-9CE5-4492-ADE5-9C0D5676BF59}.AppStore|iPhone.Build.0 = Release|Any CPU
		{9DE18C70-9CE5-4492-ADE5-9C0D5676BF59}.AppStore|iPhone.Deploy.0 = Release|Any CPU
		{9DE18C70-9CE5-4492-ADE5-9C0D5676BF59}.AppStore|iPhoneSimulator.ActiveCfg = Release|Any CPU
		{9DE18C70-9CE5-4492-ADE5-9C0D5676BF59}.AppStore|iPhoneSimulator.Build.0 = Release|Any CPU
		{9DE18C70-9CE5-4492-ADE5-9C0D5676BF59}.AppStore|iPhoneSimulator.Deploy.0 = Release|Any CPU
		{9DE18C70-9CE5-4492-ADE5-9C0D5676BF59}.AppStore|x64.ActiveCfg = Release|Any CPU
		{9DE18C70-9CE5-4492-ADE5-9C0D5676BF59}.AppStore|x64.Build.0 = Release|Any CPU
		{9DE18C70-9CE5-4492-ADE5-9C0D5676BF59}.AppStore|x64.Deploy.0 = Release|Any CPU
		{9DE18C70-9CE5-4492-ADE5-9C0D5676BF59}.AppStore|x86.ActiveCfg = Release|Any CPU
		{9DE18C70-9CE5-4492-ADE5-9C0D5676BF59}.AppStore|x86.Build.0 = Release|Any CPU
		{9DE18C70-9CE5-4492-ADE5-9C0D5676BF59}.AppStore|x86.Deploy.0 = Release|Any CPU
		{9DE18C70-9CE5-4492-ADE5-9C0D5676BF59}.Debug|Any CPU.ActiveCfg = Debug|Any CPU
		{9DE18C70-9CE5-4492-ADE5-9C0D5676BF59}.Debug|Any CPU.Build.0 = Debug|Any CPU
		{9DE18C70-9CE5-4492-ADE5-9C0D5676BF59}.Debug|Any CPU.Deploy.0 = Debug|Any CPU
		{9DE18C70-9CE5-4492-ADE5-9C0D5676BF59}.Debug|ARM.ActiveCfg = Debug|Any CPU
		{9DE18C70-9CE5-4492-ADE5-9C0D5676BF59}.Debug|ARM.Build.0 = Debug|Any CPU
		{9DE18C70-9CE5-4492-ADE5-9C0D5676BF59}.Debug|ARM.Deploy.0 = Debug|Any CPU
		{9DE18C70-9CE5-4492-ADE5-9C0D5676BF59}.Debug|iPhone.ActiveCfg = Debug|Any CPU
		{9DE18C70-9CE5-4492-ADE5-9C0D5676BF59}.Debug|iPhone.Build.0 = Debug|Any CPU
		{9DE18C70-9CE5-4492-ADE5-9C0D5676BF59}.Debug|iPhone.Deploy.0 = Debug|Any CPU
		{9DE18C70-9CE5-4492-ADE5-9C0D5676BF59}.Debug|iPhoneSimulator.ActiveCfg = Debug|Any CPU
		{9DE18C70-9CE5-4492-ADE5-9C0D5676BF59}.Debug|iPhoneSimulator.Build.0 = Debug|Any CPU
		{9DE18C70-9CE5-4492-ADE5-9C0D5676BF59}.Debug|iPhoneSimulator.Deploy.0 = Debug|Any CPU
		{9DE18C70-9CE5-4492-ADE5-9C0D5676BF59}.Debug|x64.ActiveCfg = Debug|Any CPU
		{9DE18C70-9CE5-4492-ADE5-9C0D5676BF59}.Debug|x64.Build.0 = Debug|Any CPU
		{9DE18C70-9CE5-4492-ADE5-9C0D5676BF59}.Debug|x64.Deploy.0 = Debug|Any CPU
		{9DE18C70-9CE5-4492-ADE5-9C0D5676BF59}.Debug|x86.ActiveCfg = Debug|Any CPU
		{9DE18C70-9CE5-4492-ADE5-9C0D5676BF59}.Debug|x86.Build.0 = Debug|Any CPU
		{9DE18C70-9CE5-4492-ADE5-9C0D5676BF59}.Debug|x86.Deploy.0 = Debug|Any CPU
		{9DE18C70-9CE5-4492-ADE5-9C0D5676BF59}.Release|Any CPU.ActiveCfg = Release|Any CPU
		{9DE18C70-9CE5-4492-ADE5-9C0D5676BF59}.Release|Any CPU.Build.0 = Release|Any CPU
		{9DE18C70-9CE5-4492-ADE5-9C0D5676BF59}.Release|Any CPU.Deploy.0 = Release|Any CPU
		{9DE18C70-9CE5-4492-ADE5-9C0D5676BF59}.Release|ARM.ActiveCfg = Release|Any CPU
		{9DE18C70-9CE5-4492-ADE5-9C0D5676BF59}.Release|ARM.Build.0 = Release|Any CPU
		{9DE18C70-9CE5-4492-ADE5-9C0D5676BF59}.Release|ARM.Deploy.0 = Release|Any CPU
		{9DE18C70-9CE5-4492-ADE5-9C0D5676BF59}.Release|iPhone.ActiveCfg = Release|Any CPU
		{9DE18C70-9CE5-4492-ADE5-9C0D5676BF59}.Release|iPhone.Build.0 = Release|Any CPU
		{9DE18C70-9CE5-4492-ADE5-9C0D5676BF59}.Release|iPhone.Deploy.0 = Release|Any CPU
		{9DE18C70-9CE5-4492-ADE5-9C0D5676BF59}.Release|iPhoneSimulator.ActiveCfg = Release|Any CPU
		{9DE18C70-9CE5-4492-ADE5-9C0D5676BF59}.Release|iPhoneSimulator.Build.0 = Release|Any CPU
		{9DE18C70-9CE5-4492-ADE5-9C0D5676BF59}.Release|iPhoneSimulator.Deploy.0 = Release|Any CPU
		{9DE18C70-9CE5-4492-ADE5-9C0D5676BF59}.Release|x64.ActiveCfg = Release|Any CPU
		{9DE18C70-9CE5-4492-ADE5-9C0D5676BF59}.Release|x64.Build.0 = Release|Any CPU
		{9DE18C70-9CE5-4492-ADE5-9C0D5676BF59}.Release|x64.Deploy.0 = Release|Any CPU
		{9DE18C70-9CE5-4492-ADE5-9C0D5676BF59}.Release|x86.ActiveCfg = Release|Any CPU
		{9DE18C70-9CE5-4492-ADE5-9C0D5676BF59}.Release|x86.Build.0 = Release|Any CPU
		{9DE18C70-9CE5-4492-ADE5-9C0D5676BF59}.Release|x86.Deploy.0 = Release|Any CPU
		{A0A21435-79F0-4B18-9C32-7E88AB2C615A}.Ad-Hoc|Any CPU.ActiveCfg = Release|Any CPU
		{A0A21435-79F0-4B18-9C32-7E88AB2C615A}.Ad-Hoc|Any CPU.Build.0 = Release|Any CPU
		{A0A21435-79F0-4B18-9C32-7E88AB2C615A}.Ad-Hoc|ARM.ActiveCfg = Release|Any CPU
		{A0A21435-79F0-4B18-9C32-7E88AB2C615A}.Ad-Hoc|ARM.Build.0 = Release|Any CPU
		{A0A21435-79F0-4B18-9C32-7E88AB2C615A}.Ad-Hoc|iPhone.ActiveCfg = Release|Any CPU
		{A0A21435-79F0-4B18-9C32-7E88AB2C615A}.Ad-Hoc|iPhone.Build.0 = Release|Any CPU
		{A0A21435-79F0-4B18-9C32-7E88AB2C615A}.Ad-Hoc|iPhoneSimulator.ActiveCfg = Release|Any CPU
		{A0A21435-79F0-4B18-9C32-7E88AB2C615A}.Ad-Hoc|iPhoneSimulator.Build.0 = Release|Any CPU
		{A0A21435-79F0-4B18-9C32-7E88AB2C615A}.Ad-Hoc|x64.ActiveCfg = Release|Any CPU
		{A0A21435-79F0-4B18-9C32-7E88AB2C615A}.Ad-Hoc|x64.Build.0 = Release|Any CPU
		{A0A21435-79F0-4B18-9C32-7E88AB2C615A}.Ad-Hoc|x86.ActiveCfg = Release|Any CPU
		{A0A21435-79F0-4B18-9C32-7E88AB2C615A}.Ad-Hoc|x86.Build.0 = Release|Any CPU
		{A0A21435-79F0-4B18-9C32-7E88AB2C615A}.AppStore|Any CPU.ActiveCfg = Release|Any CPU
		{A0A21435-79F0-4B18-9C32-7E88AB2C615A}.AppStore|Any CPU.Build.0 = Release|Any CPU
		{A0A21435-79F0-4B18-9C32-7E88AB2C615A}.AppStore|ARM.ActiveCfg = Release|Any CPU
		{A0A21435-79F0-4B18-9C32-7E88AB2C615A}.AppStore|ARM.Build.0 = Release|Any CPU
		{A0A21435-79F0-4B18-9C32-7E88AB2C615A}.AppStore|iPhone.ActiveCfg = Release|Any CPU
		{A0A21435-79F0-4B18-9C32-7E88AB2C615A}.AppStore|iPhone.Build.0 = Release|Any CPU
		{A0A21435-79F0-4B18-9C32-7E88AB2C615A}.AppStore|iPhoneSimulator.ActiveCfg = Release|Any CPU
		{A0A21435-79F0-4B18-9C32-7E88AB2C615A}.AppStore|iPhoneSimulator.Build.0 = Release|Any CPU
		{A0A21435-79F0-4B18-9C32-7E88AB2C615A}.AppStore|x64.ActiveCfg = Release|Any CPU
		{A0A21435-79F0-4B18-9C32-7E88AB2C615A}.AppStore|x64.Build.0 = Release|Any CPU
		{A0A21435-79F0-4B18-9C32-7E88AB2C615A}.AppStore|x86.ActiveCfg = Release|Any CPU
		{A0A21435-79F0-4B18-9C32-7E88AB2C615A}.AppStore|x86.Build.0 = Release|Any CPU
		{A0A21435-79F0-4B18-9C32-7E88AB2C615A}.Debug|Any CPU.ActiveCfg = Debug|Any CPU
		{A0A21435-79F0-4B18-9C32-7E88AB2C615A}.Debug|Any CPU.Build.0 = Debug|Any CPU
		{A0A21435-79F0-4B18-9C32-7E88AB2C615A}.Debug|ARM.ActiveCfg = Debug|Any CPU
		{A0A21435-79F0-4B18-9C32-7E88AB2C615A}.Debug|ARM.Build.0 = Debug|Any CPU
		{A0A21435-79F0-4B18-9C32-7E88AB2C615A}.Debug|iPhone.ActiveCfg = Debug|Any CPU
		{A0A21435-79F0-4B18-9C32-7E88AB2C615A}.Debug|iPhone.Build.0 = Debug|Any CPU
		{A0A21435-79F0-4B18-9C32-7E88AB2C615A}.Debug|iPhoneSimulator.ActiveCfg = Debug|Any CPU
		{A0A21435-79F0-4B18-9C32-7E88AB2C615A}.Debug|iPhoneSimulator.Build.0 = Debug|Any CPU
		{A0A21435-79F0-4B18-9C32-7E88AB2C615A}.Debug|x64.ActiveCfg = Debug|Any CPU
		{A0A21435-79F0-4B18-9C32-7E88AB2C615A}.Debug|x64.Build.0 = Debug|Any CPU
		{A0A21435-79F0-4B18-9C32-7E88AB2C615A}.Debug|x86.ActiveCfg = Debug|Any CPU
		{A0A21435-79F0-4B18-9C32-7E88AB2C615A}.Debug|x86.Build.0 = Debug|Any CPU
		{A0A21435-79F0-4B18-9C32-7E88AB2C615A}.Release|Any CPU.ActiveCfg = Release|Any CPU
		{A0A21435-79F0-4B18-9C32-7E88AB2C615A}.Release|Any CPU.Build.0 = Release|Any CPU
		{A0A21435-79F0-4B18-9C32-7E88AB2C615A}.Release|ARM.ActiveCfg = Release|Any CPU
		{A0A21435-79F0-4B18-9C32-7E88AB2C615A}.Release|ARM.Build.0 = Release|Any CPU
		{A0A21435-79F0-4B18-9C32-7E88AB2C615A}.Release|iPhone.ActiveCfg = Release|Any CPU
		{A0A21435-79F0-4B18-9C32-7E88AB2C615A}.Release|iPhone.Build.0 = Release|Any CPU
		{A0A21435-79F0-4B18-9C32-7E88AB2C615A}.Release|iPhoneSimulator.ActiveCfg = Release|Any CPU
		{A0A21435-79F0-4B18-9C32-7E88AB2C615A}.Release|iPhoneSimulator.Build.0 = Release|Any CPU
		{A0A21435-79F0-4B18-9C32-7E88AB2C615A}.Release|x64.ActiveCfg = Release|Any CPU
		{A0A21435-79F0-4B18-9C32-7E88AB2C615A}.Release|x64.Build.0 = Release|Any CPU
		{A0A21435-79F0-4B18-9C32-7E88AB2C615A}.Release|x86.ActiveCfg = Release|Any CPU
		{A0A21435-79F0-4B18-9C32-7E88AB2C615A}.Release|x86.Build.0 = Release|Any CPU
		{8BFBBDDC-631E-4CFF-B872-A5DE6AAB67FB}.Ad-Hoc|Any CPU.ActiveCfg = Release|x86
		{8BFBBDDC-631E-4CFF-B872-A5DE6AAB67FB}.Ad-Hoc|Any CPU.Build.0 = Release|x86
		{8BFBBDDC-631E-4CFF-B872-A5DE6AAB67FB}.Ad-Hoc|Any CPU.Deploy.0 = Release|x86
		{8BFBBDDC-631E-4CFF-B872-A5DE6AAB67FB}.Ad-Hoc|ARM.ActiveCfg = Release|ARM
		{8BFBBDDC-631E-4CFF-B872-A5DE6AAB67FB}.Ad-Hoc|ARM.Build.0 = Release|ARM
		{8BFBBDDC-631E-4CFF-B872-A5DE6AAB67FB}.Ad-Hoc|ARM.Deploy.0 = Release|ARM
		{8BFBBDDC-631E-4CFF-B872-A5DE6AAB67FB}.Ad-Hoc|iPhone.ActiveCfg = Release|x86
		{8BFBBDDC-631E-4CFF-B872-A5DE6AAB67FB}.Ad-Hoc|iPhone.Build.0 = Release|x86
		{8BFBBDDC-631E-4CFF-B872-A5DE6AAB67FB}.Ad-Hoc|iPhone.Deploy.0 = Release|x86
		{8BFBBDDC-631E-4CFF-B872-A5DE6AAB67FB}.Ad-Hoc|iPhoneSimulator.ActiveCfg = Release|x86
		{8BFBBDDC-631E-4CFF-B872-A5DE6AAB67FB}.Ad-Hoc|iPhoneSimulator.Build.0 = Release|x86
		{8BFBBDDC-631E-4CFF-B872-A5DE6AAB67FB}.Ad-Hoc|iPhoneSimulator.Deploy.0 = Release|x86
		{8BFBBDDC-631E-4CFF-B872-A5DE6AAB67FB}.Ad-Hoc|x64.ActiveCfg = Release|x64
		{8BFBBDDC-631E-4CFF-B872-A5DE6AAB67FB}.Ad-Hoc|x64.Build.0 = Release|x64
		{8BFBBDDC-631E-4CFF-B872-A5DE6AAB67FB}.Ad-Hoc|x64.Deploy.0 = Release|x64
		{8BFBBDDC-631E-4CFF-B872-A5DE6AAB67FB}.Ad-Hoc|x86.ActiveCfg = Release|x86
		{8BFBBDDC-631E-4CFF-B872-A5DE6AAB67FB}.Ad-Hoc|x86.Build.0 = Release|x86
		{8BFBBDDC-631E-4CFF-B872-A5DE6AAB67FB}.Ad-Hoc|x86.Deploy.0 = Release|x86
		{8BFBBDDC-631E-4CFF-B872-A5DE6AAB67FB}.AppStore|Any CPU.ActiveCfg = Release|x86
		{8BFBBDDC-631E-4CFF-B872-A5DE6AAB67FB}.AppStore|Any CPU.Build.0 = Release|x86
		{8BFBBDDC-631E-4CFF-B872-A5DE6AAB67FB}.AppStore|Any CPU.Deploy.0 = Release|x86
		{8BFBBDDC-631E-4CFF-B872-A5DE6AAB67FB}.AppStore|ARM.ActiveCfg = Release|ARM
		{8BFBBDDC-631E-4CFF-B872-A5DE6AAB67FB}.AppStore|ARM.Build.0 = Release|ARM
		{8BFBBDDC-631E-4CFF-B872-A5DE6AAB67FB}.AppStore|ARM.Deploy.0 = Release|ARM
		{8BFBBDDC-631E-4CFF-B872-A5DE6AAB67FB}.AppStore|iPhone.ActiveCfg = Release|x86
		{8BFBBDDC-631E-4CFF-B872-A5DE6AAB67FB}.AppStore|iPhone.Build.0 = Release|x86
		{8BFBBDDC-631E-4CFF-B872-A5DE6AAB67FB}.AppStore|iPhone.Deploy.0 = Release|x86
		{8BFBBDDC-631E-4CFF-B872-A5DE6AAB67FB}.AppStore|iPhoneSimulator.ActiveCfg = Release|x86
		{8BFBBDDC-631E-4CFF-B872-A5DE6AAB67FB}.AppStore|iPhoneSimulator.Build.0 = Release|x86
		{8BFBBDDC-631E-4CFF-B872-A5DE6AAB67FB}.AppStore|iPhoneSimulator.Deploy.0 = Release|x86
		{8BFBBDDC-631E-4CFF-B872-A5DE6AAB67FB}.AppStore|x64.ActiveCfg = Release|x64
		{8BFBBDDC-631E-4CFF-B872-A5DE6AAB67FB}.AppStore|x64.Build.0 = Release|x64
		{8BFBBDDC-631E-4CFF-B872-A5DE6AAB67FB}.AppStore|x64.Deploy.0 = Release|x64
		{8BFBBDDC-631E-4CFF-B872-A5DE6AAB67FB}.AppStore|x86.ActiveCfg = Release|x86
		{8BFBBDDC-631E-4CFF-B872-A5DE6AAB67FB}.AppStore|x86.Build.0 = Release|x86
		{8BFBBDDC-631E-4CFF-B872-A5DE6AAB67FB}.AppStore|x86.Deploy.0 = Release|x86
		{8BFBBDDC-631E-4CFF-B872-A5DE6AAB67FB}.Debug|Any CPU.ActiveCfg = Debug|x86
		{8BFBBDDC-631E-4CFF-B872-A5DE6AAB67FB}.Debug|Any CPU.Build.0 = Debug|x86
		{8BFBBDDC-631E-4CFF-B872-A5DE6AAB67FB}.Debug|Any CPU.Deploy.0 = Debug|x86
		{8BFBBDDC-631E-4CFF-B872-A5DE6AAB67FB}.Debug|ARM.ActiveCfg = Debug|ARM
		{8BFBBDDC-631E-4CFF-B872-A5DE6AAB67FB}.Debug|ARM.Build.0 = Debug|ARM
		{8BFBBDDC-631E-4CFF-B872-A5DE6AAB67FB}.Debug|ARM.Deploy.0 = Debug|ARM
		{8BFBBDDC-631E-4CFF-B872-A5DE6AAB67FB}.Debug|iPhone.ActiveCfg = Debug|x86
		{8BFBBDDC-631E-4CFF-B872-A5DE6AAB67FB}.Debug|iPhoneSimulator.ActiveCfg = Debug|x86
		{8BFBBDDC-631E-4CFF-B872-A5DE6AAB67FB}.Debug|x64.ActiveCfg = Debug|x64
		{8BFBBDDC-631E-4CFF-B872-A5DE6AAB67FB}.Debug|x64.Build.0 = Debug|x64
		{8BFBBDDC-631E-4CFF-B872-A5DE6AAB67FB}.Debug|x64.Deploy.0 = Debug|x64
		{8BFBBDDC-631E-4CFF-B872-A5DE6AAB67FB}.Debug|x86.ActiveCfg = Debug|x86
		{8BFBBDDC-631E-4CFF-B872-A5DE6AAB67FB}.Debug|x86.Build.0 = Debug|x86
		{8BFBBDDC-631E-4CFF-B872-A5DE6AAB67FB}.Debug|x86.Deploy.0 = Debug|x86
		{8BFBBDDC-631E-4CFF-B872-A5DE6AAB67FB}.Release|Any CPU.ActiveCfg = Release|x86
		{8BFBBDDC-631E-4CFF-B872-A5DE6AAB67FB}.Release|ARM.ActiveCfg = Release|ARM
		{8BFBBDDC-631E-4CFF-B872-A5DE6AAB67FB}.Release|ARM.Build.0 = Release|ARM
		{8BFBBDDC-631E-4CFF-B872-A5DE6AAB67FB}.Release|ARM.Deploy.0 = Release|ARM
		{8BFBBDDC-631E-4CFF-B872-A5DE6AAB67FB}.Release|iPhone.ActiveCfg = Release|x86
		{8BFBBDDC-631E-4CFF-B872-A5DE6AAB67FB}.Release|iPhoneSimulator.ActiveCfg = Release|x86
		{8BFBBDDC-631E-4CFF-B872-A5DE6AAB67FB}.Release|x64.ActiveCfg = Release|x64
		{8BFBBDDC-631E-4CFF-B872-A5DE6AAB67FB}.Release|x64.Build.0 = Release|x64
		{8BFBBDDC-631E-4CFF-B872-A5DE6AAB67FB}.Release|x64.Deploy.0 = Release|x64
		{8BFBBDDC-631E-4CFF-B872-A5DE6AAB67FB}.Release|x86.ActiveCfg = Release|x86
		{8BFBBDDC-631E-4CFF-B872-A5DE6AAB67FB}.Release|x86.Build.0 = Release|x86
		{8BFBBDDC-631E-4CFF-B872-A5DE6AAB67FB}.Release|x86.Deploy.0 = Release|x86
		{5381BB73-BC5B-4011-AF1E-5D40D9254F27}.Ad-Hoc|Any CPU.ActiveCfg = Ad-Hoc|iPhone
		{5381BB73-BC5B-4011-AF1E-5D40D9254F27}.Ad-Hoc|ARM.ActiveCfg = Ad-Hoc|iPhone
		{5381BB73-BC5B-4011-AF1E-5D40D9254F27}.Ad-Hoc|iPhone.ActiveCfg = Ad-Hoc|iPhone
		{5381BB73-BC5B-4011-AF1E-5D40D9254F27}.Ad-Hoc|iPhone.Build.0 = Ad-Hoc|iPhone
		{5381BB73-BC5B-4011-AF1E-5D40D9254F27}.Ad-Hoc|iPhoneSimulator.ActiveCfg = Ad-Hoc|iPhoneSimulator
		{5381BB73-BC5B-4011-AF1E-5D40D9254F27}.Ad-Hoc|iPhoneSimulator.Build.0 = Ad-Hoc|iPhoneSimulator
		{5381BB73-BC5B-4011-AF1E-5D40D9254F27}.Ad-Hoc|x64.ActiveCfg = Ad-Hoc|iPhone
		{5381BB73-BC5B-4011-AF1E-5D40D9254F27}.Ad-Hoc|x86.ActiveCfg = Ad-Hoc|iPhone
		{5381BB73-BC5B-4011-AF1E-5D40D9254F27}.AppStore|Any CPU.ActiveCfg = AppStore|iPhone
		{5381BB73-BC5B-4011-AF1E-5D40D9254F27}.AppStore|ARM.ActiveCfg = AppStore|iPhone
		{5381BB73-BC5B-4011-AF1E-5D40D9254F27}.AppStore|iPhone.ActiveCfg = AppStore|iPhone
		{5381BB73-BC5B-4011-AF1E-5D40D9254F27}.AppStore|iPhone.Build.0 = AppStore|iPhone
		{5381BB73-BC5B-4011-AF1E-5D40D9254F27}.AppStore|iPhoneSimulator.ActiveCfg = AppStore|iPhoneSimulator
		{5381BB73-BC5B-4011-AF1E-5D40D9254F27}.AppStore|iPhoneSimulator.Build.0 = AppStore|iPhoneSimulator
		{5381BB73-BC5B-4011-AF1E-5D40D9254F27}.AppStore|x64.ActiveCfg = AppStore|iPhone
		{5381BB73-BC5B-4011-AF1E-5D40D9254F27}.AppStore|x86.ActiveCfg = AppStore|iPhone
		{5381BB73-BC5B-4011-AF1E-5D40D9254F27}.Debug|Any CPU.ActiveCfg = Debug|iPhoneSimulator
		{5381BB73-BC5B-4011-AF1E-5D40D9254F27}.Debug|Any CPU.Build.0 = Debug|iPhoneSimulator
		{5381BB73-BC5B-4011-AF1E-5D40D9254F27}.Debug|ARM.ActiveCfg = Debug|iPhone
		{5381BB73-BC5B-4011-AF1E-5D40D9254F27}.Debug|iPhone.ActiveCfg = Debug|iPhone
		{5381BB73-BC5B-4011-AF1E-5D40D9254F27}.Debug|iPhone.Build.0 = Debug|iPhone
		{5381BB73-BC5B-4011-AF1E-5D40D9254F27}.Debug|iPhoneSimulator.ActiveCfg = Debug|iPhoneSimulator
		{5381BB73-BC5B-4011-AF1E-5D40D9254F27}.Debug|iPhoneSimulator.Build.0 = Debug|iPhoneSimulator
		{5381BB73-BC5B-4011-AF1E-5D40D9254F27}.Debug|x64.ActiveCfg = Debug|iPhone
		{5381BB73-BC5B-4011-AF1E-5D40D9254F27}.Debug|x86.ActiveCfg = Debug|iPhone
		{5381BB73-BC5B-4011-AF1E-5D40D9254F27}.Release|Any CPU.ActiveCfg = Release|iPhone
		{5381BB73-BC5B-4011-AF1E-5D40D9254F27}.Release|ARM.ActiveCfg = Release|iPhone
		{5381BB73-BC5B-4011-AF1E-5D40D9254F27}.Release|iPhone.ActiveCfg = Release|iPhone
		{5381BB73-BC5B-4011-AF1E-5D40D9254F27}.Release|iPhone.Build.0 = Release|iPhone
		{5381BB73-BC5B-4011-AF1E-5D40D9254F27}.Release|iPhoneSimulator.ActiveCfg = Release|iPhoneSimulator
		{5381BB73-BC5B-4011-AF1E-5D40D9254F27}.Release|iPhoneSimulator.Build.0 = Release|iPhoneSimulator
		{5381BB73-BC5B-4011-AF1E-5D40D9254F27}.Release|x64.ActiveCfg = Release|iPhone
		{5381BB73-BC5B-4011-AF1E-5D40D9254F27}.Release|x86.ActiveCfg = Release|iPhone
	EndGlobalSection
	GlobalSection(SolutionProperties) = preSolution
		HideSolutionNode = FALSE
	EndGlobalSection
EndGlobal
